// !$*UTF8*$!
{
	archiveVersion = 1;
	classes = {
	};
	objectVersion = 53;
	objects = {

/* Begin PBXBuildFile section */
		4E0D8B01248D27C800023637 /* LaunchRouter.swift in Sources */ = {isa = PBXBuildFile; fileRef = 4E0D8B00248D27C800023637 /* LaunchRouter.swift */; };
		4E0D8B03248D27FB00023637 /* UIWindowExtension.swift in Sources */ = {isa = PBXBuildFile; fileRef = 4E0D8B02248D27FB00023637 /* UIWindowExtension.swift */; };
		4E15AC8E24B22F4E00E962FE /* DatabaseInserter.swift in Sources */ = {isa = PBXBuildFile; fileRef = 4E15AC8D24B22F4E00E962FE /* DatabaseInserter.swift */; };
		4E15ACA524B24B8300E962FE /* MobileNet.mlmodel in Sources */ = {isa = PBXBuildFile; fileRef = 4E15ACA124B24B8300E962FE /* MobileNet.mlmodel */; };
		4E15ACA724B24B8300E962FE /* fructose.json in Resources */ = {isa = PBXBuildFile; fileRef = 4E15ACA324B24B8300E962FE /* fructose.json */; };
		4E15ACA824B24B8300E962FE /* Resnet50.mlmodel in Sources */ = {isa = PBXBuildFile; fileRef = 4E15ACA424B24B8300E962FE /* Resnet50.mlmodel */; };
		4E15ACAA24B24C1D00E962FE /* ObjectDetector.mlmodel in Sources */ = {isa = PBXBuildFile; fileRef = 4E15ACA924B24C1D00E962FE /* ObjectDetector.mlmodel */; };
		4E2510AD248D286E009EFE52 /* NotificationNames.swift in Sources */ = {isa = PBXBuildFile; fileRef = 4E2510AC248D286E009EFE52 /* NotificationNames.swift */; };
		4E2510AF248D2908009EFE52 /* LaunchViewController.swift in Sources */ = {isa = PBXBuildFile; fileRef = 4E2510AE248D2908009EFE52 /* LaunchViewController.swift */; };
		4E2510B1248D2941009EFE52 /* Config.swift in Sources */ = {isa = PBXBuildFile; fileRef = 4E2510B0248D2941009EFE52 /* Config.swift */; };
		4E2510B3248D2C27009EFE52 /* TabBarController.swift in Sources */ = {isa = PBXBuildFile; fileRef = 4E2510B2248D2C27009EFE52 /* TabBarController.swift */; };
		4E2510B7248D2CC1009EFE52 /* Interactor.swift in Sources */ = {isa = PBXBuildFile; fileRef = 4E2510B6248D2CC1009EFE52 /* Interactor.swift */; };
		4E2510B9248D2CD5009EFE52 /* PresentMenuAnimator.swift in Sources */ = {isa = PBXBuildFile; fileRef = 4E2510B8248D2CD5009EFE52 /* PresentMenuAnimator.swift */; };
		4E2510BB248D2CE2009EFE52 /* DismissMenuAnimator.swift in Sources */ = {isa = PBXBuildFile; fileRef = 4E2510BA248D2CE2009EFE52 /* DismissMenuAnimator.swift */; };
		4E2510BD248D2D0A009EFE52 /* PopupHelper.swift in Sources */ = {isa = PBXBuildFile; fileRef = 4E2510BC248D2D0A009EFE52 /* PopupHelper.swift */; };
		4E2510BF248D2D4A009EFE52 /* UIViewExtension.swift in Sources */ = {isa = PBXBuildFile; fileRef = 4E2510BE248D2D4A009EFE52 /* UIViewExtension.swift */; };
		4E2510C1248D2E8A009EFE52 /* LoginController.swift in Sources */ = {isa = PBXBuildFile; fileRef = 4E2510C0248D2E8A009EFE52 /* LoginController.swift */; };
		4E2510C3248D369F009EFE52 /* ProfileController.swift in Sources */ = {isa = PBXBuildFile; fileRef = 4E2510C2248D369F009EFE52 /* ProfileController.swift */; };
		4E2510C5248D3BD5009EFE52 /* CustomTableView.swift in Sources */ = {isa = PBXBuildFile; fileRef = 4E2510C4248D3BD5009EFE52 /* CustomTableView.swift */; };
		4E2510C8248D3D91009EFE52 /* ProfileCell.swift in Sources */ = {isa = PBXBuildFile; fileRef = 4E2510C7248D3D91009EFE52 /* ProfileCell.swift */; };
		4E2510CA248D3E4F009EFE52 /* SettingsCell.swift in Sources */ = {isa = PBXBuildFile; fileRef = 4E2510C9248D3E4F009EFE52 /* SettingsCell.swift */; };
		4E2510CC248D4A29009EFE52 /* ProgressCell.swift in Sources */ = {isa = PBXBuildFile; fileRef = 4E2510CB248D4A29009EFE52 /* ProgressCell.swift */; };
		4E2510CE248D4A68009EFE52 /* CustomProgressView.swift in Sources */ = {isa = PBXBuildFile; fileRef = 4E2510CD248D4A68009EFE52 /* CustomProgressView.swift */; };
		4E2510D1248D5F61009EFE52 /* RegisterController.swift in Sources */ = {isa = PBXBuildFile; fileRef = 4E2510D0248D5F61009EFE52 /* RegisterController.swift */; };
		4E2510D3248D6356009EFE52 /* GoogleService-Info.plist in Resources */ = {isa = PBXBuildFile; fileRef = 4E2510D2248D6356009EFE52 /* GoogleService-Info.plist */; };
		4E2510D5248D6456009EFE52 /* SignInController.swift in Sources */ = {isa = PBXBuildFile; fileRef = 4E2510D4248D6456009EFE52 /* SignInController.swift */; };
		4E2510D7248D7DEE009EFE52 /* Database.swift in Sources */ = {isa = PBXBuildFile; fileRef = 4E2510D6248D7DEE009EFE52 /* Database.swift */; };
		4E2510DA248D8669009EFE52 /* Food.swift in Sources */ = {isa = PBXBuildFile; fileRef = 4E2510D9248D8669009EFE52 /* Food.swift */; };
		4E2510F9248D8A8E009EFE52 /* DateExtension.swift in Sources */ = {isa = PBXBuildFile; fileRef = 4E2510F8248D8A8E009EFE52 /* DateExtension.swift */; };
		8416A37924A0A804006BB7F9 /* LaunchScreen.storyboard in Resources */ = {isa = PBXBuildFile; fileRef = 8416A35D24A0A804006BB7F9 /* LaunchScreen.storyboard */; };
		8434E51C24B27ED900783AB8 /* SplitViewController.swift in Sources */ = {isa = PBXBuildFile; fileRef = 8434E51B24B27ED900783AB8 /* SplitViewController.swift */; };
		8446EBF72493CBB300A65C67 /* JournalEntry.swift in Sources */ = {isa = PBXBuildFile; fileRef = 8446EBF62493CBB300A65C67 /* JournalEntry.swift */; };
		844FC1772472C23600D32668 /* AppDelegate.swift in Sources */ = {isa = PBXBuildFile; fileRef = 844FC1762472C23600D32668 /* AppDelegate.swift */; };
		844FC1802472C23700D32668 /* Assets.xcassets in Resources */ = {isa = PBXBuildFile; fileRef = 844FC17F2472C23700D32668 /* Assets.xcassets */; };
		844FC1832472C23700D32668 /* Preview Assets.xcassets in Resources */ = {isa = PBXBuildFile; fileRef = 844FC1822472C23700D32668 /* Preview Assets.xcassets */; };
		844FC1AA2472C43E00D32668 /* ViewController.swift in Sources */ = {isa = PBXBuildFile; fileRef = 844FC1A92472C43E00D32668 /* ViewController.swift */; };
		844FC1AC2472C4F800D32668 /* VisionObjectRecognitionViewController.swift in Sources */ = {isa = PBXBuildFile; fileRef = 844FC1AB2472C4F800D32668 /* VisionObjectRecognitionViewController.swift */; };
		84517FA924A9ED240043B2BA /* Main.storyboard in Resources */ = {isa = PBXBuildFile; fileRef = 84517FA824A9ED240043B2BA /* Main.storyboard */; };
		84517FAC24AA017D0043B2BA /* ClassifiedImageViewController.swift in Sources */ = {isa = PBXBuildFile; fileRef = 84517FAB24AA017D0043B2BA /* ClassifiedImageViewController.swift */; };
		84CE04A22495044500FE12BB /* MasterJournalViewController.swift in Sources */ = {isa = PBXBuildFile; fileRef = 84CE04A12495044500FE12BB /* MasterJournalViewController.swift */; };
		84CE04E5249505D600FE12BB /* DetailViewController.swift in Sources */ = {isa = PBXBuildFile; fileRef = 84CE04E4249505D600FE12BB /* DetailViewController.swift */; };
		84CE04E82495253C00FE12BB /* CoreDataHelper.swift in Sources */ = {isa = PBXBuildFile; fileRef = 84CE04E72495253C00FE12BB /* CoreDataHelper.swift */; };
		84CE04EA2495255900FE12BB /* DateHelper.swift in Sources */ = {isa = PBXBuildFile; fileRef = 84CE04E92495255900FE12BB /* DateHelper.swift */; };
		84CE04EB24952B8D00FE12BB /* CoreDataHelper.swift in Sources */ = {isa = PBXBuildFile; fileRef = 84CE04E72495253C00FE12BB /* CoreDataHelper.swift */; };
		84CE04EC24952B9E00FE12BB /* CoreDataHelper.swift in Sources */ = {isa = PBXBuildFile; fileRef = 84CE04E72495253C00FE12BB /* CoreDataHelper.swift */; };
		84CE04ED24952BAC00FE12BB /* JournalEntry.swift in Sources */ = {isa = PBXBuildFile; fileRef = 8446EBF62493CBB300A65C67 /* JournalEntry.swift */; };
		84CE04EE24952BAD00FE12BB /* JournalEntry.swift in Sources */ = {isa = PBXBuildFile; fileRef = 8446EBF62493CBB300A65C67 /* JournalEntry.swift */; };
		84CE04EF24952DBA00FE12BB /* DetailViewController.swift in Sources */ = {isa = PBXBuildFile; fileRef = 84CE04E4249505D600FE12BB /* DetailViewController.swift */; };
		84CE04F024952DBE00FE12BB /* DetailViewController.swift in Sources */ = {isa = PBXBuildFile; fileRef = 84CE04E4249505D600FE12BB /* DetailViewController.swift */; };
		84CE04F224952E2F00FE12BB /* CreateChangeViewController.swift in Sources */ = {isa = PBXBuildFile; fileRef = 84CE04F124952E2F00FE12BB /* CreateChangeViewController.swift */; };
		84CE04F324952E7E00FE12BB /* CreateChangeViewController.swift in Sources */ = {isa = PBXBuildFile; fileRef = 84CE04F124952E2F00FE12BB /* CreateChangeViewController.swift */; };
		84CE04F424952E7F00FE12BB /* CreateChangeViewController.swift in Sources */ = {isa = PBXBuildFile; fileRef = 84CE04F124952E2F00FE12BB /* CreateChangeViewController.swift */; };
		84CE04F6249530C300FE12BB /* NoteUITableViewCell.swift in Sources */ = {isa = PBXBuildFile; fileRef = 84CE04F5249530C300FE12BB /* NoteUITableViewCell.swift */; };
		84CE057B2495361E00FE12BB /* JournalEntryStorage.swift in Sources */ = {isa = PBXBuildFile; fileRef = 84CE057A2495361E00FE12BB /* JournalEntryStorage.swift */; };
		84CE057E2495377400FE12BB /* Model.xcdatamodeld in Sources */ = {isa = PBXBuildFile; fileRef = 84CE057C2495377400FE12BB /* Model.xcdatamodeld */; };
		84CE057F24953DB100FE12BB /* MasterJournalViewController.swift in Sources */ = {isa = PBXBuildFile; fileRef = 84CE04A12495044500FE12BB /* MasterJournalViewController.swift */; };
		84CE058024953DB200FE12BB /* MasterJournalViewController.swift in Sources */ = {isa = PBXBuildFile; fileRef = 84CE04A12495044500FE12BB /* MasterJournalViewController.swift */; };
		84CE05812496637C00FE12BB /* AppDelegate.swift in Sources */ = {isa = PBXBuildFile; fileRef = 844FC1762472C23600D32668 /* AppDelegate.swift */; };
		84CE05822496637D00FE12BB /* AppDelegate.swift in Sources */ = {isa = PBXBuildFile; fileRef = 844FC1762472C23600D32668 /* AppDelegate.swift */; };
		84D3262A247B14CC00105B94 /* DictionaryExtension.swift in Sources */ = {isa = PBXBuildFile; fileRef = 84D32621247B14CC00105B94 /* DictionaryExtension.swift */; };
		84D3262B247B14CC00105B94 /* UIViewControllerExtension.swift in Sources */ = {isa = PBXBuildFile; fileRef = 84D32622247B14CC00105B94 /* UIViewControllerExtension.swift */; };
		84D3262C247B14CC00105B94 /* KeyboardHandler.swift in Sources */ = {isa = PBXBuildFile; fileRef = 84D32623247B14CC00105B94 /* KeyboardHandler.swift */; };
		84D3262D247B14CC00105B94 /* UIImageExtension.swift in Sources */ = {isa = PBXBuildFile; fileRef = 84D32624247B14CC00105B94 /* UIImageExtension.swift */; };
		84D3262E247B14CC00105B94 /* UIStoryboardExtension.swift in Sources */ = {isa = PBXBuildFile; fileRef = 84D32625247B14CC00105B94 /* UIStoryboardExtension.swift */; };
		84D3262F247B14CC00105B94 /* EncodableExtension.swift in Sources */ = {isa = PBXBuildFile; fileRef = 84D32626247B14CC00105B94 /* EncodableExtension.swift */; };
		84D32630247B14CC00105B94 /* OptionalExtension.swift in Sources */ = {isa = PBXBuildFile; fileRef = 84D32627247B14CC00105B94 /* OptionalExtension.swift */; };
		84D32631247B14CC00105B94 /* NSObjectExtension.swift in Sources */ = {isa = PBXBuildFile; fileRef = 84D32628247B14CC00105B94 /* NSObjectExtension.swift */; };
		84D32632247B14CC00105B94 /* StringExtension.swift in Sources */ = {isa = PBXBuildFile; fileRef = 84D32629247B14CC00105B94 /* StringExtension.swift */; };
		84D32634247B150F00105B94 /* ObjectUser.swift in Sources */ = {isa = PBXBuildFile; fileRef = 84D32633247B150F00105B94 /* ObjectUser.swift */; };
		84D32638247B165600105B94 /* Typealias.swift in Sources */ = {isa = PBXBuildFile; fileRef = 84D32637247B165500105B94 /* Typealias.swift */; };
		84D3263A247B167100105B94 /* UserManager.swift in Sources */ = {isa = PBXBuildFile; fileRef = 84D32639247B167100105B94 /* UserManager.swift */; };
		84D32647247B177200105B94 /* ImagePickerService.swift in Sources */ = {isa = PBXBuildFile; fileRef = 84D32641247B177200105B94 /* ImagePickerService.swift */; };
		84D32648247B177200105B94 /* FireStorageService.swift in Sources */ = {isa = PBXBuildFile; fileRef = 84D32642247B177200105B94 /* FireStorageService.swift */; };
		84D32649247B177200105B94 /* FirebaseEnums.swift in Sources */ = {isa = PBXBuildFile; fileRef = 84D32643247B177200105B94 /* FirebaseEnums.swift */; };
		84D3264A247B177200105B94 /* FirestoreService.swift in Sources */ = {isa = PBXBuildFile; fileRef = 84D32644247B177200105B94 /* FirestoreService.swift */; };
		84D3264B247B177200105B94 /* ThemeService.swift in Sources */ = {isa = PBXBuildFile; fileRef = 84D32645247B177200105B94 /* ThemeService.swift */; };
		84D3264C247B177200105B94 /* FireCodable.swift in Sources */ = {isa = PBXBuildFile; fileRef = 84D32646247B177200105B94 /* FireCodable.swift */; };
		84D326B0247B1A8700105B94 /* gRPC-C++ in Resources */ = {isa = PBXBuildFile; fileRef = 84D3264D247B1A8000105B94 /* gRPC-C++ */; };
		84D326B1247B1A8700105B94 /* FirebaseCoreDiagnosticsInterop in Resources */ = {isa = PBXBuildFile; fileRef = 84D3264E247B1A8000105B94 /* FirebaseCoreDiagnosticsInterop */; };
		84D326B2247B1A8700105B94 /* FirebaseAuthInterop in Resources */ = {isa = PBXBuildFile; fileRef = 84D3264F247B1A8000105B94 /* FirebaseAuthInterop */; };
		84D326B3247B1A8700105B94 /* Manifest.lock in Resources */ = {isa = PBXBuildFile; fileRef = 84D32650247B1A8000105B94 /* Manifest.lock */; };
		84D326B4247B1A8700105B94 /* FirebaseInstallations in Resources */ = {isa = PBXBuildFile; fileRef = 84D32651247B1A8000105B94 /* FirebaseInstallations */; };
		84D326B5247B1A8700105B94 /* GoogleDataTransportCCTSupport in Resources */ = {isa = PBXBuildFile; fileRef = 84D32652247B1A8000105B94 /* GoogleDataTransportCCTSupport */; };
		84D326B6247B1A8700105B94 /* gRPC-Core in Resources */ = {isa = PBXBuildFile; fileRef = 84D32653247B1A8000105B94 /* gRPC-Core */; };
		84D326B7247B1A8700105B94 /* PromisesObjC in Resources */ = {isa = PBXBuildFile; fileRef = 84D32654247B1A8000105B94 /* PromisesObjC */; };
		84D326B8247B1A8700105B94 /* Target Support Files in Resources */ = {isa = PBXBuildFile; fileRef = 84D32655247B1A8000105B94 /* Target Support Files */; };
		84D326B9247B1A8700105B94 /* leveldb-library in Resources */ = {isa = PBXBuildFile; fileRef = 84D32656247B1A8100105B94 /* leveldb-library */; };
		84D326BA247B1A8700105B94 /* Firebase in Resources */ = {isa = PBXBuildFile; fileRef = 84D3269E247B1A8200105B94 /* Firebase */; };
		84D326BB247B1A8700105B94 /* nanopb in Resources */ = {isa = PBXBuildFile; fileRef = 84D3269F247B1A8300105B94 /* nanopb */; };
		84D326BC247B1A8700105B94 /* FirebaseCoreDiagnostics in Resources */ = {isa = PBXBuildFile; fileRef = 84D326A0247B1A8300105B94 /* FirebaseCoreDiagnostics */; };
		84D326BD247B1A8700105B94 /* FirebaseFirestore in Resources */ = {isa = PBXBuildFile; fileRef = 84D326A1247B1A8300105B94 /* FirebaseFirestore */; };
		84D326BE247B1A8700105B94 /* GoogleUtilities in Resources */ = {isa = PBXBuildFile; fileRef = 84D326A2247B1A8300105B94 /* GoogleUtilities */; };
		84D326BF247B1A8700105B94 /* Headers in Resources */ = {isa = PBXBuildFile; fileRef = 84D326A3247B1A8300105B94 /* Headers */; };
		84D326C0247B1A8700105B94 /* abseil in Resources */ = {isa = PBXBuildFile; fileRef = 84D326A4247B1A8500105B94 /* abseil */; };
		84D326C1247B1A8700105B94 /* Local Podspecs in Resources */ = {isa = PBXBuildFile; fileRef = 84D326A5247B1A8500105B94 /* Local Podspecs */; };
		84D326C2247B1A8700105B94 /* GoogleAppMeasurement in Resources */ = {isa = PBXBuildFile; fileRef = 84D326A6247B1A8500105B94 /* GoogleAppMeasurement */; };
		84D326C3247B1A8700105B94 /* FirebaseStorage in Resources */ = {isa = PBXBuildFile; fileRef = 84D326A7247B1A8500105B94 /* FirebaseStorage */; };
		84D326C4247B1A8700105B94 /* FirebaseDatabase in Resources */ = {isa = PBXBuildFile; fileRef = 84D326A8247B1A8500105B94 /* FirebaseDatabase */; };
		84D326C5247B1A8700105B94 /* FirebaseAnalytics in Resources */ = {isa = PBXBuildFile; fileRef = 84D326A9247B1A8600105B94 /* FirebaseAnalytics */; };
		84D326C6247B1A8700105B94 /* ALLoadingView in Resources */ = {isa = PBXBuildFile; fileRef = 84D326AA247B1A8600105B94 /* ALLoadingView */; };
		84D326C7247B1A8700105B94 /* GTMSessionFetcher in Resources */ = {isa = PBXBuildFile; fileRef = 84D326AB247B1A8600105B94 /* GTMSessionFetcher */; };
		84D326C8247B1A8700105B94 /* FirebaseAuth in Resources */ = {isa = PBXBuildFile; fileRef = 84D326AC247B1A8600105B94 /* FirebaseAuth */; };
		84D326C9247B1A8700105B94 /* FirebaseCore in Resources */ = {isa = PBXBuildFile; fileRef = 84D326AD247B1A8600105B94 /* FirebaseCore */; };
		84D326CA247B1A8700105B94 /* GoogleDataTransport in Resources */ = {isa = PBXBuildFile; fileRef = 84D326AE247B1A8700105B94 /* GoogleDataTransport */; };
		84D326CB247B1A8700105B94 /* BoringSSL-GRPC in Resources */ = {isa = PBXBuildFile; fileRef = 84D326AF247B1A8700105B94 /* BoringSSL-GRPC */; };
		DCB3861D58EEB45653B115CF /* Pods_FruitLens.framework in Frameworks */ = {isa = PBXBuildFile; fileRef = 3F248B9800CC088FFF395890 /* Pods_FruitLens.framework */; };
/* End PBXBuildFile section */

/* Begin PBXContainerItemProxy section */
		4E2510F6248D866A009EFE52 /* PBXContainerItemProxy */ = {
			isa = PBXContainerItemProxy;
			containerPortal = 84D32657247B1A8100105B94 /* Pods.xcodeproj */;
			proxyType = 2;
			remoteGlobalIDString = 17ABD68E920293F080122810A8881638;
			remoteInfo = GRDB.swift;
		};
		844FC18D2472C23700D32668 /* PBXContainerItemProxy */ = {
			isa = PBXContainerItemProxy;
			containerPortal = 844FC16B2472C23600D32668 /* Project object */;
			proxyType = 1;
			remoteGlobalIDString = 844FC1722472C23600D32668;
			remoteInfo = FruitLens;
		};
		844FC1982472C23700D32668 /* PBXContainerItemProxy */ = {
			isa = PBXContainerItemProxy;
			containerPortal = 844FC16B2472C23600D32668 /* Project object */;
			proxyType = 1;
			remoteGlobalIDString = 844FC1722472C23600D32668;
			remoteInfo = FruitLens;
		};
		84D32674247B1A8200105B94 /* PBXContainerItemProxy */ = {
			isa = PBXContainerItemProxy;
			containerPortal = 84D32657247B1A8100105B94 /* Pods.xcodeproj */;
			proxyType = 2;
			remoteGlobalIDString = BF96B57ADE05E8909F823BDF6868B3E3;
			remoteInfo = abseil;
		};
		84D32676247B1A8200105B94 /* PBXContainerItemProxy */ = {
			isa = PBXContainerItemProxy;
			containerPortal = 84D32657247B1A8100105B94 /* Pods.xcodeproj */;
			proxyType = 2;
			remoteGlobalIDString = B4617E02B07CC90F66DA48292B5A650C;
			remoteInfo = ALLoadingView;
		};
		84D32678247B1A8200105B94 /* PBXContainerItemProxy */ = {
			isa = PBXContainerItemProxy;
			containerPortal = 84D32657247B1A8100105B94 /* Pods.xcodeproj */;
			proxyType = 2;
			remoteGlobalIDString = 514D7742C6CBB0BDBD9984AEE97DDFDE;
			remoteInfo = "BoringSSL-GRPC";
		};
		84D3267A247B1A8200105B94 /* PBXContainerItemProxy */ = {
			isa = PBXContainerItemProxy;
			containerPortal = 84D32657247B1A8100105B94 /* Pods.xcodeproj */;
			proxyType = 2;
			remoteGlobalIDString = 43B1E4CD7B30B9FD278100133C2AC788;
			remoteInfo = FirebaseAuth;
		};
		84D3267C247B1A8200105B94 /* PBXContainerItemProxy */ = {
			isa = PBXContainerItemProxy;
			containerPortal = 84D32657247B1A8100105B94 /* Pods.xcodeproj */;
			proxyType = 2;
			remoteGlobalIDString = E2B63D462DB7F827C4B11FD51E4F8E2D;
			remoteInfo = FirebaseCore;
		};
		84D3267E247B1A8200105B94 /* PBXContainerItemProxy */ = {
			isa = PBXContainerItemProxy;
			containerPortal = 84D32657247B1A8100105B94 /* Pods.xcodeproj */;
			proxyType = 2;
			remoteGlobalIDString = 8CC9178C366942FD6FF6A115604EAD58;
			remoteInfo = FirebaseCoreDiagnostics;
		};
		84D32680247B1A8200105B94 /* PBXContainerItemProxy */ = {
			isa = PBXContainerItemProxy;
			containerPortal = 84D32657247B1A8100105B94 /* Pods.xcodeproj */;
			proxyType = 2;
			remoteGlobalIDString = 51671C73F008B5C0C3751B3855999213;
			remoteInfo = FirebaseDatabase;
		};
		84D32682247B1A8200105B94 /* PBXContainerItemProxy */ = {
			isa = PBXContainerItemProxy;
			containerPortal = 84D32657247B1A8100105B94 /* Pods.xcodeproj */;
			proxyType = 2;
			remoteGlobalIDString = 92000153CD73F7FC2DBAB4AB708269F3;
			remoteInfo = FirebaseFirestore;
		};
		84D32684247B1A8200105B94 /* PBXContainerItemProxy */ = {
			isa = PBXContainerItemProxy;
			containerPortal = 84D32657247B1A8100105B94 /* Pods.xcodeproj */;
			proxyType = 2;
			remoteGlobalIDString = 13C8C8B254851998F9289F71229B28A2;
			remoteInfo = FirebaseInstallations;
		};
		84D32686247B1A8200105B94 /* PBXContainerItemProxy */ = {
			isa = PBXContainerItemProxy;
			containerPortal = 84D32657247B1A8100105B94 /* Pods.xcodeproj */;
			proxyType = 2;
			remoteGlobalIDString = 9CF8FA5F01F446F01AAC7331075452AD;
			remoteInfo = FirebaseStorage;
		};
		84D32688247B1A8200105B94 /* PBXContainerItemProxy */ = {
			isa = PBXContainerItemProxy;
			containerPortal = 84D32657247B1A8100105B94 /* Pods.xcodeproj */;
			proxyType = 2;
			remoteGlobalIDString = 856B5CD56F194FAD26EA91620B66D614;
			remoteInfo = GoogleDataTransport;
		};
		84D3268A247B1A8200105B94 /* PBXContainerItemProxy */ = {
			isa = PBXContainerItemProxy;
			containerPortal = 84D32657247B1A8100105B94 /* Pods.xcodeproj */;
			proxyType = 2;
			remoteGlobalIDString = 6942351307BC1F54575D9853307EAE0E;
			remoteInfo = GoogleDataTransportCCTSupport;
		};
		84D3268C247B1A8200105B94 /* PBXContainerItemProxy */ = {
			isa = PBXContainerItemProxy;
			containerPortal = 84D32657247B1A8100105B94 /* Pods.xcodeproj */;
			proxyType = 2;
			remoteGlobalIDString = B43874C6CBB50E7134FBEC24BABFE14F;
			remoteInfo = GoogleUtilities;
		};
		84D3268E247B1A8200105B94 /* PBXContainerItemProxy */ = {
			isa = PBXContainerItemProxy;
			containerPortal = 84D32657247B1A8100105B94 /* Pods.xcodeproj */;
			proxyType = 2;
			remoteGlobalIDString = 1911113E0FBF13CFF9132E5FF7685228;
			remoteInfo = "gRPC-C++";
		};
		84D32690247B1A8200105B94 /* PBXContainerItemProxy */ = {
			isa = PBXContainerItemProxy;
			containerPortal = 84D32657247B1A8100105B94 /* Pods.xcodeproj */;
			proxyType = 2;
			remoteGlobalIDString = 9C7C87B5D0A6752AFA2642F1BCA967A3;
			remoteInfo = "gRPC-C++-gRPCCertificates-Cpp";
		};
		84D32692247B1A8200105B94 /* PBXContainerItemProxy */ = {
			isa = PBXContainerItemProxy;
			containerPortal = 84D32657247B1A8100105B94 /* Pods.xcodeproj */;
			proxyType = 2;
			remoteGlobalIDString = B471867C535B02FA55D87E260F6480F8;
			remoteInfo = "gRPC-Core";
		};
		84D32694247B1A8200105B94 /* PBXContainerItemProxy */ = {
			isa = PBXContainerItemProxy;
			containerPortal = 84D32657247B1A8100105B94 /* Pods.xcodeproj */;
			proxyType = 2;
			remoteGlobalIDString = C1998E0D8085221AD87F89B614C10E52;
			remoteInfo = GTMSessionFetcher;
		};
		84D32696247B1A8200105B94 /* PBXContainerItemProxy */ = {
			isa = PBXContainerItemProxy;
			containerPortal = 84D32657247B1A8100105B94 /* Pods.xcodeproj */;
			proxyType = 2;
			remoteGlobalIDString = 0A9F46A999C47653013D3AD854352507;
			remoteInfo = "leveldb-library";
		};
		84D32698247B1A8200105B94 /* PBXContainerItemProxy */ = {
			isa = PBXContainerItemProxy;
			containerPortal = 84D32657247B1A8100105B94 /* Pods.xcodeproj */;
			proxyType = 2;
			remoteGlobalIDString = 06FC5C9CF96D60C50FCD47D339C91951;
			remoteInfo = nanopb;
		};
		84D3269A247B1A8200105B94 /* PBXContainerItemProxy */ = {
			isa = PBXContainerItemProxy;
			containerPortal = 84D32657247B1A8100105B94 /* Pods.xcodeproj */;
			proxyType = 2;
			remoteGlobalIDString = F2261EE97B77F88EB22B317133C7378A;
			remoteInfo = "Pods-FruitLens";
		};
		84D3269C247B1A8200105B94 /* PBXContainerItemProxy */ = {
			isa = PBXContainerItemProxy;
			containerPortal = 84D32657247B1A8100105B94 /* Pods.xcodeproj */;
			proxyType = 2;
			remoteGlobalIDString = 3347A1AB6546F0A3977529B8F199DC41;
			remoteInfo = PromisesObjC;
		};
/* End PBXContainerItemProxy section */

/* Begin PBXFileReference section */
		3F248B9800CC088FFF395890 /* Pods_FruitLens.framework */ = {isa = PBXFileReference; explicitFileType = wrapper.framework; includeInIndex = 0; path = Pods_FruitLens.framework; sourceTree = BUILT_PRODUCTS_DIR; };
		4E0D8B00248D27C800023637 /* LaunchRouter.swift */ = {isa = PBXFileReference; lastKnownFileType = sourcecode.swift; path = LaunchRouter.swift; sourceTree = "<group>"; };
		4E0D8B02248D27FB00023637 /* UIWindowExtension.swift */ = {isa = PBXFileReference; lastKnownFileType = sourcecode.swift; path = UIWindowExtension.swift; sourceTree = "<group>"; };
		4E15AC8D24B22F4E00E962FE /* DatabaseInserter.swift */ = {isa = PBXFileReference; lastKnownFileType = sourcecode.swift; path = DatabaseInserter.swift; sourceTree = "<group>"; };
		4E15ACA124B24B8300E962FE /* MobileNet.mlmodel */ = {isa = PBXFileReference; lastKnownFileType = file.mlmodel; path = MobileNet.mlmodel; sourceTree = "<group>"; };
		4E15ACA324B24B8300E962FE /* fructose.json */ = {isa = PBXFileReference; fileEncoding = 4; lastKnownFileType = text.json; path = fructose.json; sourceTree = "<group>"; };
		4E15ACA424B24B8300E962FE /* Resnet50.mlmodel */ = {isa = PBXFileReference; lastKnownFileType = file.mlmodel; path = Resnet50.mlmodel; sourceTree = "<group>"; };
		4E15ACA924B24C1D00E962FE /* ObjectDetector.mlmodel */ = {isa = PBXFileReference; lastKnownFileType = file.mlmodel; path = ObjectDetector.mlmodel; sourceTree = "<group>"; };
		4E2510AC248D286E009EFE52 /* NotificationNames.swift */ = {isa = PBXFileReference; lastKnownFileType = sourcecode.swift; path = NotificationNames.swift; sourceTree = "<group>"; };
		4E2510AE248D2908009EFE52 /* LaunchViewController.swift */ = {isa = PBXFileReference; lastKnownFileType = sourcecode.swift; path = LaunchViewController.swift; sourceTree = "<group>"; };
		4E2510B0248D2941009EFE52 /* Config.swift */ = {isa = PBXFileReference; lastKnownFileType = sourcecode.swift; path = Config.swift; sourceTree = "<group>"; };
		4E2510B2248D2C27009EFE52 /* TabBarController.swift */ = {isa = PBXFileReference; lastKnownFileType = sourcecode.swift; path = TabBarController.swift; sourceTree = "<group>"; };
		4E2510B6248D2CC1009EFE52 /* Interactor.swift */ = {isa = PBXFileReference; lastKnownFileType = sourcecode.swift; path = Interactor.swift; sourceTree = "<group>"; };
		4E2510B8248D2CD5009EFE52 /* PresentMenuAnimator.swift */ = {isa = PBXFileReference; lastKnownFileType = sourcecode.swift; path = PresentMenuAnimator.swift; sourceTree = "<group>"; };
		4E2510BA248D2CE2009EFE52 /* DismissMenuAnimator.swift */ = {isa = PBXFileReference; lastKnownFileType = sourcecode.swift; path = DismissMenuAnimator.swift; sourceTree = "<group>"; };
		4E2510BC248D2D0A009EFE52 /* PopupHelper.swift */ = {isa = PBXFileReference; lastKnownFileType = sourcecode.swift; path = PopupHelper.swift; sourceTree = "<group>"; };
		4E2510BE248D2D4A009EFE52 /* UIViewExtension.swift */ = {isa = PBXFileReference; lastKnownFileType = sourcecode.swift; path = UIViewExtension.swift; sourceTree = "<group>"; };
		4E2510C0248D2E8A009EFE52 /* LoginController.swift */ = {isa = PBXFileReference; lastKnownFileType = sourcecode.swift; name = LoginController.swift; path = "../New Group/LoginController.swift"; sourceTree = "<group>"; };
		4E2510C2248D369F009EFE52 /* ProfileController.swift */ = {isa = PBXFileReference; lastKnownFileType = sourcecode.swift; path = ProfileController.swift; sourceTree = "<group>"; };
		4E2510C4248D3BD5009EFE52 /* CustomTableView.swift */ = {isa = PBXFileReference; lastKnownFileType = sourcecode.swift; path = CustomTableView.swift; sourceTree = "<group>"; };
		4E2510C7248D3D91009EFE52 /* ProfileCell.swift */ = {isa = PBXFileReference; lastKnownFileType = sourcecode.swift; path = ProfileCell.swift; sourceTree = "<group>"; };
		4E2510C9248D3E4F009EFE52 /* SettingsCell.swift */ = {isa = PBXFileReference; lastKnownFileType = sourcecode.swift; path = SettingsCell.swift; sourceTree = "<group>"; };
		4E2510CB248D4A29009EFE52 /* ProgressCell.swift */ = {isa = PBXFileReference; lastKnownFileType = sourcecode.swift; path = ProgressCell.swift; sourceTree = "<group>"; };
		4E2510CD248D4A68009EFE52 /* CustomProgressView.swift */ = {isa = PBXFileReference; lastKnownFileType = sourcecode.swift; path = CustomProgressView.swift; sourceTree = "<group>"; };
		4E2510D0248D5F61009EFE52 /* RegisterController.swift */ = {isa = PBXFileReference; lastKnownFileType = sourcecode.swift; path = RegisterController.swift; sourceTree = "<group>"; };
		4E2510D2248D6356009EFE52 /* GoogleService-Info.plist */ = {isa = PBXFileReference; lastKnownFileType = text.plist; name = "GoogleService-Info.plist"; path = "FruitLens/GoogleService-Info.plist"; sourceTree = SOURCE_ROOT; };
		4E2510D4248D6456009EFE52 /* SignInController.swift */ = {isa = PBXFileReference; lastKnownFileType = sourcecode.swift; path = SignInController.swift; sourceTree = "<group>"; };
		4E2510D6248D7DEE009EFE52 /* Database.swift */ = {isa = PBXFileReference; lastKnownFileType = sourcecode.swift; path = Database.swift; sourceTree = "<group>"; };
		4E2510D9248D8669009EFE52 /* Food.swift */ = {isa = PBXFileReference; lastKnownFileType = sourcecode.swift; path = Food.swift; sourceTree = "<group>"; };
		4E2510F8248D8A8E009EFE52 /* DateExtension.swift */ = {isa = PBXFileReference; lastKnownFileType = sourcecode.swift; path = DateExtension.swift; sourceTree = "<group>"; };
		528F438BEE73F838AD887103 /* Pods-FruitLens.release.xcconfig */ = {isa = PBXFileReference; includeInIndex = 1; lastKnownFileType = text.xcconfig; name = "Pods-FruitLens.release.xcconfig"; path = "Target Support Files/Pods-FruitLens/Pods-FruitLens.release.xcconfig"; sourceTree = "<group>"; };
		8416A35D24A0A804006BB7F9 /* LaunchScreen.storyboard */ = {isa = PBXFileReference; fileEncoding = 4; lastKnownFileType = file.storyboard; path = LaunchScreen.storyboard; sourceTree = "<group>"; };
		8434E51B24B27ED900783AB8 /* SplitViewController.swift */ = {isa = PBXFileReference; lastKnownFileType = sourcecode.swift; path = SplitViewController.swift; sourceTree = "<group>"; };
		8446EBF62493CBB300A65C67 /* JournalEntry.swift */ = {isa = PBXFileReference; lastKnownFileType = sourcecode.swift; path = JournalEntry.swift; sourceTree = "<group>"; };
		844FC1732472C23600D32668 /* FruitLens.app */ = {isa = PBXFileReference; explicitFileType = wrapper.application; includeInIndex = 0; path = FruitLens.app; sourceTree = BUILT_PRODUCTS_DIR; };
		844FC1762472C23600D32668 /* AppDelegate.swift */ = {isa = PBXFileReference; lastKnownFileType = sourcecode.swift; path = AppDelegate.swift; sourceTree = "<group>"; };
		844FC17F2472C23700D32668 /* Assets.xcassets */ = {isa = PBXFileReference; lastKnownFileType = folder.assetcatalog; path = Assets.xcassets; sourceTree = "<group>"; };
		844FC1822472C23700D32668 /* Preview Assets.xcassets */ = {isa = PBXFileReference; lastKnownFileType = folder.assetcatalog; path = "Preview Assets.xcassets"; sourceTree = "<group>"; };
		844FC18C2472C23700D32668 /* FruitLensTests.xctest */ = {isa = PBXFileReference; explicitFileType = wrapper.cfbundle; includeInIndex = 0; path = FruitLensTests.xctest; sourceTree = BUILT_PRODUCTS_DIR; };
		844FC1972472C23700D32668 /* FruitLensUITests.xctest */ = {isa = PBXFileReference; explicitFileType = wrapper.cfbundle; includeInIndex = 0; path = FruitLensUITests.xctest; sourceTree = BUILT_PRODUCTS_DIR; };
		844FC1A92472C43E00D32668 /* ViewController.swift */ = {isa = PBXFileReference; lastKnownFileType = sourcecode.swift; path = ViewController.swift; sourceTree = "<group>"; };
		844FC1AB2472C4F800D32668 /* VisionObjectRecognitionViewController.swift */ = {isa = PBXFileReference; lastKnownFileType = sourcecode.swift; path = VisionObjectRecognitionViewController.swift; sourceTree = "<group>"; };
		84517FA824A9ED240043B2BA /* Main.storyboard */ = {isa = PBXFileReference; fileEncoding = 4; lastKnownFileType = file.storyboard; path = Main.storyboard; sourceTree = "<group>"; };
		84517FAB24AA017D0043B2BA /* ClassifiedImageViewController.swift */ = {isa = PBXFileReference; lastKnownFileType = sourcecode.swift; path = ClassifiedImageViewController.swift; sourceTree = "<group>"; };
		84CE04A12495044500FE12BB /* MasterJournalViewController.swift */ = {isa = PBXFileReference; fileEncoding = 4; lastKnownFileType = sourcecode.swift; path = MasterJournalViewController.swift; sourceTree = "<group>"; };
		84CE04E4249505D600FE12BB /* DetailViewController.swift */ = {isa = PBXFileReference; lastKnownFileType = sourcecode.swift; path = DetailViewController.swift; sourceTree = "<group>"; };
		84CE04E72495253C00FE12BB /* CoreDataHelper.swift */ = {isa = PBXFileReference; lastKnownFileType = sourcecode.swift; path = CoreDataHelper.swift; sourceTree = "<group>"; };
		84CE04E92495255900FE12BB /* DateHelper.swift */ = {isa = PBXFileReference; lastKnownFileType = sourcecode.swift; path = DateHelper.swift; sourceTree = "<group>"; };
		84CE04F124952E2F00FE12BB /* CreateChangeViewController.swift */ = {isa = PBXFileReference; lastKnownFileType = sourcecode.swift; path = CreateChangeViewController.swift; sourceTree = "<group>"; };
		84CE04F5249530C300FE12BB /* NoteUITableViewCell.swift */ = {isa = PBXFileReference; lastKnownFileType = sourcecode.swift; path = NoteUITableViewCell.swift; sourceTree = "<group>"; };
		84CE057A2495361E00FE12BB /* JournalEntryStorage.swift */ = {isa = PBXFileReference; lastKnownFileType = sourcecode.swift; path = JournalEntryStorage.swift; sourceTree = "<group>"; };
		84CE057D2495377400FE12BB /* Model.xcdatamodel */ = {isa = PBXFileReference; lastKnownFileType = wrapper.xcdatamodel; path = Model.xcdatamodel; sourceTree = "<group>"; };
		84D32621247B14CC00105B94 /* DictionaryExtension.swift */ = {isa = PBXFileReference; fileEncoding = 4; lastKnownFileType = sourcecode.swift; path = DictionaryExtension.swift; sourceTree = "<group>"; };
		84D32622247B14CC00105B94 /* UIViewControllerExtension.swift */ = {isa = PBXFileReference; fileEncoding = 4; lastKnownFileType = sourcecode.swift; path = UIViewControllerExtension.swift; sourceTree = "<group>"; };
		84D32623247B14CC00105B94 /* KeyboardHandler.swift */ = {isa = PBXFileReference; fileEncoding = 4; lastKnownFileType = sourcecode.swift; path = KeyboardHandler.swift; sourceTree = "<group>"; };
		84D32624247B14CC00105B94 /* UIImageExtension.swift */ = {isa = PBXFileReference; fileEncoding = 4; lastKnownFileType = sourcecode.swift; path = UIImageExtension.swift; sourceTree = "<group>"; };
		84D32625247B14CC00105B94 /* UIStoryboardExtension.swift */ = {isa = PBXFileReference; fileEncoding = 4; lastKnownFileType = sourcecode.swift; path = UIStoryboardExtension.swift; sourceTree = "<group>"; };
		84D32626247B14CC00105B94 /* EncodableExtension.swift */ = {isa = PBXFileReference; fileEncoding = 4; lastKnownFileType = sourcecode.swift; path = EncodableExtension.swift; sourceTree = "<group>"; };
		84D32627247B14CC00105B94 /* OptionalExtension.swift */ = {isa = PBXFileReference; fileEncoding = 4; lastKnownFileType = sourcecode.swift; path = OptionalExtension.swift; sourceTree = "<group>"; };
		84D32628247B14CC00105B94 /* NSObjectExtension.swift */ = {isa = PBXFileReference; fileEncoding = 4; lastKnownFileType = sourcecode.swift; path = NSObjectExtension.swift; sourceTree = "<group>"; };
		84D32629247B14CC00105B94 /* StringExtension.swift */ = {isa = PBXFileReference; fileEncoding = 4; lastKnownFileType = sourcecode.swift; path = StringExtension.swift; sourceTree = "<group>"; };
		84D32633247B150F00105B94 /* ObjectUser.swift */ = {isa = PBXFileReference; fileEncoding = 4; lastKnownFileType = sourcecode.swift; path = ObjectUser.swift; sourceTree = "<group>"; };
		84D32637247B165500105B94 /* Typealias.swift */ = {isa = PBXFileReference; fileEncoding = 4; lastKnownFileType = sourcecode.swift; path = Typealias.swift; sourceTree = "<group>"; };
		84D32639247B167100105B94 /* UserManager.swift */ = {isa = PBXFileReference; fileEncoding = 4; lastKnownFileType = sourcecode.swift; path = UserManager.swift; sourceTree = "<group>"; };
		84D32641247B177200105B94 /* ImagePickerService.swift */ = {isa = PBXFileReference; fileEncoding = 4; lastKnownFileType = sourcecode.swift; path = ImagePickerService.swift; sourceTree = "<group>"; };
		84D32642247B177200105B94 /* FireStorageService.swift */ = {isa = PBXFileReference; fileEncoding = 4; lastKnownFileType = sourcecode.swift; path = FireStorageService.swift; sourceTree = "<group>"; };
		84D32643247B177200105B94 /* FirebaseEnums.swift */ = {isa = PBXFileReference; fileEncoding = 4; lastKnownFileType = sourcecode.swift; path = FirebaseEnums.swift; sourceTree = "<group>"; };
		84D32644247B177200105B94 /* FirestoreService.swift */ = {isa = PBXFileReference; fileEncoding = 4; lastKnownFileType = sourcecode.swift; path = FirestoreService.swift; sourceTree = "<group>"; };
		84D32645247B177200105B94 /* ThemeService.swift */ = {isa = PBXFileReference; fileEncoding = 4; lastKnownFileType = sourcecode.swift; path = ThemeService.swift; sourceTree = "<group>"; };
		84D32646247B177200105B94 /* FireCodable.swift */ = {isa = PBXFileReference; fileEncoding = 4; lastKnownFileType = sourcecode.swift; path = FireCodable.swift; sourceTree = "<group>"; };
		84D3264D247B1A8000105B94 /* gRPC-C++ */ = {isa = PBXFileReference; lastKnownFileType = folder; path = "gRPC-C++"; sourceTree = "<group>"; };
		84D3264E247B1A8000105B94 /* FirebaseCoreDiagnosticsInterop */ = {isa = PBXFileReference; lastKnownFileType = folder; path = FirebaseCoreDiagnosticsInterop; sourceTree = "<group>"; };
		84D3264F247B1A8000105B94 /* FirebaseAuthInterop */ = {isa = PBXFileReference; lastKnownFileType = folder; path = FirebaseAuthInterop; sourceTree = "<group>"; };
		84D32650247B1A8000105B94 /* Manifest.lock */ = {isa = PBXFileReference; fileEncoding = 4; lastKnownFileType = text; path = Manifest.lock; sourceTree = "<group>"; };
		84D32651247B1A8000105B94 /* FirebaseInstallations */ = {isa = PBXFileReference; lastKnownFileType = folder; path = FirebaseInstallations; sourceTree = "<group>"; };
		84D32652247B1A8000105B94 /* GoogleDataTransportCCTSupport */ = {isa = PBXFileReference; lastKnownFileType = folder; path = GoogleDataTransportCCTSupport; sourceTree = "<group>"; };
		84D32653247B1A8000105B94 /* gRPC-Core */ = {isa = PBXFileReference; lastKnownFileType = folder; path = "gRPC-Core"; sourceTree = "<group>"; };
		84D32654247B1A8000105B94 /* PromisesObjC */ = {isa = PBXFileReference; lastKnownFileType = folder; path = PromisesObjC; sourceTree = "<group>"; };
		84D32655247B1A8000105B94 /* Target Support Files */ = {isa = PBXFileReference; lastKnownFileType = folder; path = "Target Support Files"; sourceTree = "<group>"; };
		84D32656247B1A8100105B94 /* leveldb-library */ = {isa = PBXFileReference; lastKnownFileType = folder; path = "leveldb-library"; sourceTree = "<group>"; };
		84D32657247B1A8100105B94 /* Pods.xcodeproj */ = {isa = PBXFileReference; lastKnownFileType = "wrapper.pb-project"; path = Pods.xcodeproj; sourceTree = "<group>"; };
		84D3269E247B1A8200105B94 /* Firebase */ = {isa = PBXFileReference; lastKnownFileType = folder; path = Firebase; sourceTree = "<group>"; };
		84D3269F247B1A8300105B94 /* nanopb */ = {isa = PBXFileReference; lastKnownFileType = folder; path = nanopb; sourceTree = "<group>"; };
		84D326A0247B1A8300105B94 /* FirebaseCoreDiagnostics */ = {isa = PBXFileReference; lastKnownFileType = folder; path = FirebaseCoreDiagnostics; sourceTree = "<group>"; };
		84D326A1247B1A8300105B94 /* FirebaseFirestore */ = {isa = PBXFileReference; lastKnownFileType = folder; path = FirebaseFirestore; sourceTree = "<group>"; };
		84D326A2247B1A8300105B94 /* GoogleUtilities */ = {isa = PBXFileReference; lastKnownFileType = folder; path = GoogleUtilities; sourceTree = "<group>"; };
		84D326A3247B1A8300105B94 /* Headers */ = {isa = PBXFileReference; lastKnownFileType = folder; path = Headers; sourceTree = "<group>"; };
		84D326A4247B1A8500105B94 /* abseil */ = {isa = PBXFileReference; lastKnownFileType = folder; path = abseil; sourceTree = "<group>"; };
		84D326A5247B1A8500105B94 /* Local Podspecs */ = {isa = PBXFileReference; lastKnownFileType = folder; path = "Local Podspecs"; sourceTree = "<group>"; };
		84D326A6247B1A8500105B94 /* GoogleAppMeasurement */ = {isa = PBXFileReference; lastKnownFileType = folder; path = GoogleAppMeasurement; sourceTree = "<group>"; };
		84D326A7247B1A8500105B94 /* FirebaseStorage */ = {isa = PBXFileReference; lastKnownFileType = folder; path = FirebaseStorage; sourceTree = "<group>"; };
		84D326A8247B1A8500105B94 /* FirebaseDatabase */ = {isa = PBXFileReference; lastKnownFileType = folder; path = FirebaseDatabase; sourceTree = "<group>"; };
		84D326A9247B1A8600105B94 /* FirebaseAnalytics */ = {isa = PBXFileReference; lastKnownFileType = folder; path = FirebaseAnalytics; sourceTree = "<group>"; };
		84D326AA247B1A8600105B94 /* ALLoadingView */ = {isa = PBXFileReference; lastKnownFileType = folder; path = ALLoadingView; sourceTree = "<group>"; };
		84D326AB247B1A8600105B94 /* GTMSessionFetcher */ = {isa = PBXFileReference; lastKnownFileType = folder; path = GTMSessionFetcher; sourceTree = "<group>"; };
		84D326AC247B1A8600105B94 /* FirebaseAuth */ = {isa = PBXFileReference; lastKnownFileType = folder; path = FirebaseAuth; sourceTree = "<group>"; };
		84D326AD247B1A8600105B94 /* FirebaseCore */ = {isa = PBXFileReference; lastKnownFileType = folder; path = FirebaseCore; sourceTree = "<group>"; };
		84D326AE247B1A8700105B94 /* GoogleDataTransport */ = {isa = PBXFileReference; lastKnownFileType = folder; path = GoogleDataTransport; sourceTree = "<group>"; };
		84D326AF247B1A8700105B94 /* BoringSSL-GRPC */ = {isa = PBXFileReference; lastKnownFileType = folder; path = "BoringSSL-GRPC"; sourceTree = "<group>"; };
		90C403148030B4C7BC6E82C8 /* Pods-FruitLens.debug.xcconfig */ = {isa = PBXFileReference; includeInIndex = 1; lastKnownFileType = text.xcconfig; name = "Pods-FruitLens.debug.xcconfig"; path = "Target Support Files/Pods-FruitLens/Pods-FruitLens.debug.xcconfig"; sourceTree = "<group>"; };
/* End PBXFileReference section */

/* Begin PBXFrameworksBuildPhase section */
		844FC1702472C23600D32668 /* Frameworks */ = {
			isa = PBXFrameworksBuildPhase;
			buildActionMask = 2147483647;
			files = (
				DCB3861D58EEB45653B115CF /* Pods_FruitLens.framework in Frameworks */,
			);
			runOnlyForDeploymentPostprocessing = 0;
		};
		844FC1892472C23700D32668 /* Frameworks */ = {
			isa = PBXFrameworksBuildPhase;
			buildActionMask = 2147483647;
			files = (
			);
			runOnlyForDeploymentPostprocessing = 0;
		};
		844FC1942472C23700D32668 /* Frameworks */ = {
			isa = PBXFrameworksBuildPhase;
			buildActionMask = 2147483647;
			files = (
			);
			runOnlyForDeploymentPostprocessing = 0;
		};
/* End PBXFrameworksBuildPhase section */

/* Begin PBXGroup section */
		4E0D8AE3248D275700023637 /* ViewControllers */ = {
			isa = PBXGroup;
			children = (
				84CE04852495042900FE12BB /* Journal */,
				4E2510CF248D5F49009EFE52 /* Auth */,
				4E0D8AFF248D27B600023637 /* Launch */,
				4E0D8AFE248D276800023637 /* Recognition */,
				4E2510B2248D2C27009EFE52 /* TabBarController.swift */,
				4E2510C2248D369F009EFE52 /* ProfileController.swift */,
			);
			path = ViewControllers;
			sourceTree = "<group>";
		};
		4E0D8AFE248D276800023637 /* Recognition */ = {
			isa = PBXGroup;
			children = (
				844FC1A92472C43E00D32668 /* ViewController.swift */,
				844FC1AB2472C4F800D32668 /* VisionObjectRecognitionViewController.swift */,
				84517FAB24AA017D0043B2BA /* ClassifiedImageViewController.swift */,
			);
			path = Recognition;
			sourceTree = "<group>";
		};
		4E0D8AFF248D27B600023637 /* Launch */ = {
			isa = PBXGroup;
			children = (
				4E0D8B00248D27C800023637 /* LaunchRouter.swift */,
				4E2510AE248D2908009EFE52 /* LaunchViewController.swift */,
			);
			path = Launch;
			sourceTree = "<group>";
		};
		4E0D8B04248D282A00023637 /* Misc */ = {
			isa = PBXGroup;
			children = (
				4E2510AC248D286E009EFE52 /* NotificationNames.swift */,
				4E2510B0248D2941009EFE52 /* Config.swift */,
			);
			path = Misc;
			sourceTree = "<group>";
		};
		4E15AC9024B249E700E962FE /* Models */ = {
			isa = PBXGroup;
			children = (
				4E15ACA324B24B8300E962FE /* fructose.json */,
				4E15ACA124B24B8300E962FE /* MobileNet.mlmodel */,
				4E15ACA424B24B8300E962FE /* Resnet50.mlmodel */,
			);
			path = Models;
			sourceTree = "<group>";
		};
		4E2510B4248D2C71009EFE52 /* Layout */ = {
			isa = PBXGroup;
			children = (
				4E2510C6248D3D7F009EFE52 /* Cells */,
				4E2510B5248D2CA3009EFE52 /* Helper */,
				4E2510C4248D3BD5009EFE52 /* CustomTableView.swift */,
				4E2510CD248D4A68009EFE52 /* CustomProgressView.swift */,
			);
			path = Layout;
			sourceTree = "<group>";
		};
		4E2510B5248D2CA3009EFE52 /* Helper */ = {
			isa = PBXGroup;
			children = (
				4E2510B6248D2CC1009EFE52 /* Interactor.swift */,
				4E2510B8248D2CD5009EFE52 /* PresentMenuAnimator.swift */,
				4E2510BA248D2CE2009EFE52 /* DismissMenuAnimator.swift */,
				4E2510BC248D2D0A009EFE52 /* PopupHelper.swift */,
			);
			path = Helper;
			sourceTree = "<group>";
		};
		4E2510C6248D3D7F009EFE52 /* Cells */ = {
			isa = PBXGroup;
			children = (
				4E2510C7248D3D91009EFE52 /* ProfileCell.swift */,
				4E2510C9248D3E4F009EFE52 /* SettingsCell.swift */,
				4E2510CB248D4A29009EFE52 /* ProgressCell.swift */,
			);
			path = Cells;
			sourceTree = "<group>";
		};
		4E2510CF248D5F49009EFE52 /* Auth */ = {
			isa = PBXGroup;
			children = (
				4E2510C0248D2E8A009EFE52 /* LoginController.swift */,
				4E2510D0248D5F61009EFE52 /* RegisterController.swift */,
				4E2510D4248D6456009EFE52 /* SignInController.swift */,
			);
			path = Auth;
			sourceTree = "<group>";
		};
		599660D6E8469C9C1DF9A8B9 /* Frameworks */ = {
			isa = PBXGroup;
			children = (
				3F248B9800CC088FFF395890 /* Pods_FruitLens.framework */,
			);
			name = Frameworks;
			sourceTree = "<group>";
		};
		844FC16A2472C23600D32668 = {
			isa = PBXGroup;
			children = (
				844FC1752472C23600D32668 /* FruitLens */,
				844FC1742472C23600D32668 /* Products */,
				D88C82DAA43B55C358B5FF06 /* Pods */,
				599660D6E8469C9C1DF9A8B9 /* Frameworks */,
			);
			sourceTree = "<group>";
		};
		844FC1742472C23600D32668 /* Products */ = {
			isa = PBXGroup;
			children = (
				844FC1732472C23600D32668 /* FruitLens.app */,
				844FC18C2472C23700D32668 /* FruitLensTests.xctest */,
				844FC1972472C23700D32668 /* FruitLensUITests.xctest */,
			);
			name = Products;
			sourceTree = "<group>";
		};
		844FC1752472C23600D32668 /* FruitLens */ = {
			isa = PBXGroup;
			children = (
				4E15ACA924B24C1D00E962FE /* ObjectDetector.mlmodel */,
				4E15AC9024B249E700E962FE /* Models */,
				4E2510D2248D6356009EFE52 /* GoogleService-Info.plist */,
				844FC17F2472C23700D32668 /* Assets.xcassets */,
				4E0D8AE3248D275700023637 /* ViewControllers */,
				84D3261D247B138E00105B94 /* Applications */,
				84D3261B247B135400105B94 /* DataManagement */,
				84D3261A247B134C00105B94 /* Services */,
				84D32619247B134000105B94 /* ObjectModels */,
				4E2510B4248D2C71009EFE52 /* Layout */,
				8416A35D24A0A804006BB7F9 /* LaunchScreen.storyboard */,
				84517FA824A9ED240043B2BA /* Main.storyboard */,
				844FC1812472C23700D32668 /* Preview Content */,
			);
			path = FruitLens;
			sourceTree = "<group>";
		};
		844FC1812472C23700D32668 /* Preview Content */ = {
			isa = PBXGroup;
			children = (
				844FC1822472C23700D32668 /* Preview Assets.xcassets */,
			);
			path = "Preview Content";
			sourceTree = "<group>";
		};
		84CE04852495042900FE12BB /* Journal */ = {
			isa = PBXGroup;
			children = (
				84CE057C2495377400FE12BB /* Model.xcdatamodeld */,
				84CE0579249535F500FE12BB /* Storage */,
				84CE04A12495044500FE12BB /* MasterJournalViewController.swift */,
				84CE04E4249505D600FE12BB /* DetailViewController.swift */,
				8434E51B24B27ED900783AB8 /* SplitViewController.swift */,
				84CE04F124952E2F00FE12BB /* CreateChangeViewController.swift */,
				84CE04F5249530C300FE12BB /* NoteUITableViewCell.swift */,
				84CE04E6249517FD00FE12BB /* Helpers */,
			);
			path = Journal;
			sourceTree = "<group>";
		};
		84CE04E6249517FD00FE12BB /* Helpers */ = {
			isa = PBXGroup;
			children = (
				84CE04E72495253C00FE12BB /* CoreDataHelper.swift */,
				84CE04E92495255900FE12BB /* DateHelper.swift */,
			);
			path = Helpers;
			sourceTree = "<group>";
		};
		84CE0579249535F500FE12BB /* Storage */ = {
			isa = PBXGroup;
			children = (
				84CE057A2495361E00FE12BB /* JournalEntryStorage.swift */,
			);
			path = Storage;
			sourceTree = "<group>";
		};
		84D32619247B134000105B94 /* ObjectModels */ = {
			isa = PBXGroup;
			children = (
				84D32633247B150F00105B94 /* ObjectUser.swift */,
				4E2510D9248D8669009EFE52 /* Food.swift */,
				8446EBF62493CBB300A65C67 /* JournalEntry.swift */,
			);
			path = ObjectModels;
			sourceTree = "<group>";
		};
		84D3261A247B134C00105B94 /* Services */ = {
			isa = PBXGroup;
			children = (
				84D32643247B177200105B94 /* FirebaseEnums.swift */,
				84D32646247B177200105B94 /* FireCodable.swift */,
				84D32642247B177200105B94 /* FireStorageService.swift */,
				84D32644247B177200105B94 /* FirestoreService.swift */,
				84D32641247B177200105B94 /* ImagePickerService.swift */,
				84D32645247B177200105B94 /* ThemeService.swift */,
			);
			path = Services;
			sourceTree = "<group>";
		};
		84D3261B247B135400105B94 /* DataManagement */ = {
			isa = PBXGroup;
			children = (
				84D32639247B167100105B94 /* UserManager.swift */,
				4E2510D6248D7DEE009EFE52 /* Database.swift */,
				4E15AC8D24B22F4E00E962FE /* DatabaseInserter.swift */,
			);
			path = DataManagement;
			sourceTree = "<group>";
		};
		84D3261D247B138E00105B94 /* Applications */ = {
			isa = PBXGroup;
			children = (
				844FC1762472C23600D32668 /* AppDelegate.swift */,
				84D32637247B165500105B94 /* Typealias.swift */,
				4E0D8B04248D282A00023637 /* Misc */,
				84D3261E247B143100105B94 /* Extensions */,
			);
			path = Applications;
			sourceTree = "<group>";
		};
		84D3261E247B143100105B94 /* Extensions */ = {
			isa = PBXGroup;
			children = (
				84D32626247B14CC00105B94 /* EncodableExtension.swift */,
				84D32621247B14CC00105B94 /* DictionaryExtension.swift */,
				84D32623247B14CC00105B94 /* KeyboardHandler.swift */,
				84D32628247B14CC00105B94 /* NSObjectExtension.swift */,
				84D32627247B14CC00105B94 /* OptionalExtension.swift */,
				84D32629247B14CC00105B94 /* StringExtension.swift */,
				84D32624247B14CC00105B94 /* UIImageExtension.swift */,
				84D32625247B14CC00105B94 /* UIStoryboardExtension.swift */,
				84D32622247B14CC00105B94 /* UIViewControllerExtension.swift */,
				4E0D8B02248D27FB00023637 /* UIWindowExtension.swift */,
				4E2510BE248D2D4A009EFE52 /* UIViewExtension.swift */,
				4E2510F8248D8A8E009EFE52 /* DateExtension.swift */,
			);
			path = Extensions;
			sourceTree = "<group>";
		};
		84D32658247B1A8100105B94 /* Products */ = {
			isa = PBXGroup;
			children = (
				84D32675247B1A8200105B94 /* absl.framework */,
				84D32677247B1A8200105B94 /* ALLoadingView.framework */,
				84D32679247B1A8200105B94 /* openssl_grpc.framework */,
				84D3267B247B1A8200105B94 /* FirebaseAuth.framework */,
				84D3267D247B1A8200105B94 /* FirebaseCore.framework */,
				84D3267F247B1A8200105B94 /* FirebaseCoreDiagnostics.framework */,
				84D32681247B1A8200105B94 /* FirebaseDatabase.framework */,
				84D32683247B1A8200105B94 /* FirebaseFirestore.framework */,
				84D32685247B1A8200105B94 /* FirebaseInstallations.framework */,
				84D32687247B1A8200105B94 /* FirebaseStorage.framework */,
				84D32689247B1A8200105B94 /* GoogleDataTransport.framework */,
				84D3268B247B1A8200105B94 /* GoogleDataTransportCCTSupport.framework */,
				84D3268D247B1A8200105B94 /* GoogleUtilities.framework */,
				4E2510F7248D866A009EFE52 /* GRDB.framework */,
				84D3268F247B1A8200105B94 /* grpcpp.framework */,
				84D32691247B1A8200105B94 /* gRPCCertificates-Cpp.bundle */,
				84D32693247B1A8200105B94 /* grpc.framework */,
				84D32695247B1A8200105B94 /* GTMSessionFetcher.framework */,
				84D32697247B1A8200105B94 /* leveldb.framework */,
				84D32699247B1A8200105B94 /* nanopb.framework */,
				84D3269B247B1A8200105B94 /* Pods_FruitLens.framework */,
				84D3269D247B1A8200105B94 /* FBLPromises.framework */,
			);
			name = Products;
			sourceTree = "<group>";
		};
		D88C82DAA43B55C358B5FF06 /* Pods */ = {
			isa = PBXGroup;
			children = (
				84D326A4247B1A8500105B94 /* abseil */,
				84D326AA247B1A8600105B94 /* ALLoadingView */,
				84D326AF247B1A8700105B94 /* BoringSSL-GRPC */,
				84D3269E247B1A8200105B94 /* Firebase */,
				84D326A9247B1A8600105B94 /* FirebaseAnalytics */,
				84D326AC247B1A8600105B94 /* FirebaseAuth */,
				84D3264F247B1A8000105B94 /* FirebaseAuthInterop */,
				84D326AD247B1A8600105B94 /* FirebaseCore */,
				84D326A0247B1A8300105B94 /* FirebaseCoreDiagnostics */,
				84D3264E247B1A8000105B94 /* FirebaseCoreDiagnosticsInterop */,
				84D326A8247B1A8500105B94 /* FirebaseDatabase */,
				84D326A1247B1A8300105B94 /* FirebaseFirestore */,
				84D32651247B1A8000105B94 /* FirebaseInstallations */,
				84D326A7247B1A8500105B94 /* FirebaseStorage */,
				84D326A6247B1A8500105B94 /* GoogleAppMeasurement */,
				84D326AE247B1A8700105B94 /* GoogleDataTransport */,
				84D32652247B1A8000105B94 /* GoogleDataTransportCCTSupport */,
				84D326A2247B1A8300105B94 /* GoogleUtilities */,
				84D3264D247B1A8000105B94 /* gRPC-C++ */,
				84D32653247B1A8000105B94 /* gRPC-Core */,
				84D326AB247B1A8600105B94 /* GTMSessionFetcher */,
				84D326A3247B1A8300105B94 /* Headers */,
				84D32656247B1A8100105B94 /* leveldb-library */,
				84D326A5247B1A8500105B94 /* Local Podspecs */,
				84D32650247B1A8000105B94 /* Manifest.lock */,
				84D3269F247B1A8300105B94 /* nanopb */,
				84D32657247B1A8100105B94 /* Pods.xcodeproj */,
				84D32654247B1A8000105B94 /* PromisesObjC */,
				84D32655247B1A8000105B94 /* Target Support Files */,
				90C403148030B4C7BC6E82C8 /* Pods-FruitLens.debug.xcconfig */,
				528F438BEE73F838AD887103 /* Pods-FruitLens.release.xcconfig */,
			);
			path = Pods;
			sourceTree = "<group>";
		};
/* End PBXGroup section */

/* Begin PBXNativeTarget section */
		844FC1722472C23600D32668 /* FruitLens */ = {
			isa = PBXNativeTarget;
			buildConfigurationList = 844FC1A02472C23700D32668 /* Build configuration list for PBXNativeTarget "FruitLens" */;
			buildPhases = (
				74F58BC85CA1D79F97DF4420 /* [CP] Check Pods Manifest.lock */,
				844FC16F2472C23600D32668 /* Sources */,
				844FC1702472C23600D32668 /* Frameworks */,
				844FC1712472C23600D32668 /* Resources */,
				C43D27D6FD1215A1CB822344 /* [CP] Embed Pods Frameworks */,
			);
			buildRules = (
			);
			dependencies = (
			);
			name = FruitLens;
			productName = FruitLens;
			productReference = 844FC1732472C23600D32668 /* FruitLens.app */;
			productType = "com.apple.product-type.application";
		};
		844FC18B2472C23700D32668 /* FruitLensTests */ = {
			isa = PBXNativeTarget;
			buildConfigurationList = 844FC1A32472C23700D32668 /* Build configuration list for PBXNativeTarget "FruitLensTests" */;
			buildPhases = (
				844FC1882472C23700D32668 /* Sources */,
				844FC1892472C23700D32668 /* Frameworks */,
				844FC18A2472C23700D32668 /* Resources */,
			);
			buildRules = (
			);
			dependencies = (
				844FC18E2472C23700D32668 /* PBXTargetDependency */,
			);
			name = FruitLensTests;
			productName = FruitLensTests;
			productReference = 844FC18C2472C23700D32668 /* FruitLensTests.xctest */;
			productType = "com.apple.product-type.bundle.unit-test";
		};
		844FC1962472C23700D32668 /* FruitLensUITests */ = {
			isa = PBXNativeTarget;
			buildConfigurationList = 844FC1A62472C23700D32668 /* Build configuration list for PBXNativeTarget "FruitLensUITests" */;
			buildPhases = (
				844FC1932472C23700D32668 /* Sources */,
				844FC1942472C23700D32668 /* Frameworks */,
				844FC1952472C23700D32668 /* Resources */,
			);
			buildRules = (
			);
			dependencies = (
				844FC1992472C23700D32668 /* PBXTargetDependency */,
			);
			name = FruitLensUITests;
			productName = FruitLensUITests;
			productReference = 844FC1972472C23700D32668 /* FruitLensUITests.xctest */;
			productType = "com.apple.product-type.bundle.ui-testing";
		};
/* End PBXNativeTarget section */

/* Begin PBXProject section */
		844FC16B2472C23600D32668 /* Project object */ = {
			isa = PBXProject;
			attributes = {
				LastSwiftUpdateCheck = 1140;
				LastUpgradeCheck = 1140;
				ORGANIZATIONNAME = ChristophWeber;
				TargetAttributes = {
					844FC1722472C23600D32668 = {
						CreatedOnToolsVersion = 11.4.1;
					};
					844FC18B2472C23700D32668 = {
						CreatedOnToolsVersion = 11.4.1;
						TestTargetID = 844FC1722472C23600D32668;
					};
					844FC1962472C23700D32668 = {
						CreatedOnToolsVersion = 11.4.1;
						TestTargetID = 844FC1722472C23600D32668;
					};
				};
			};
			buildConfigurationList = 844FC16E2472C23600D32668 /* Build configuration list for PBXProject "FruitLens" */;
			compatibilityVersion = "Xcode 11.4";
			developmentRegion = en;
			hasScannedForEncodings = 0;
			knownRegions = (
				en,
				Base,
			);
			mainGroup = 844FC16A2472C23600D32668;
			productRefGroup = 844FC1742472C23600D32668 /* Products */;
			projectDirPath = "";
			projectReferences = (
				{
					ProductGroup = 84D32658247B1A8100105B94 /* Products */;
					ProjectRef = 84D32657247B1A8100105B94 /* Pods.xcodeproj */;
				},
			);
			projectRoot = "";
			targets = (
				844FC1722472C23600D32668 /* FruitLens */,
				844FC18B2472C23700D32668 /* FruitLensTests */,
				844FC1962472C23700D32668 /* FruitLensUITests */,
			);
		};
/* End PBXProject section */

/* Begin PBXReferenceProxy section */
		4E2510F7248D866A009EFE52 /* GRDB.framework */ = {
			isa = PBXReferenceProxy;
			fileType = wrapper.framework;
			path = GRDB.framework;
			remoteRef = 4E2510F6248D866A009EFE52 /* PBXContainerItemProxy */;
			sourceTree = BUILT_PRODUCTS_DIR;
		};
		84D32675247B1A8200105B94 /* absl.framework */ = {
			isa = PBXReferenceProxy;
			fileType = wrapper.framework;
			path = absl.framework;
			remoteRef = 84D32674247B1A8200105B94 /* PBXContainerItemProxy */;
			sourceTree = BUILT_PRODUCTS_DIR;
		};
		84D32677247B1A8200105B94 /* ALLoadingView.framework */ = {
			isa = PBXReferenceProxy;
			fileType = wrapper.framework;
			path = ALLoadingView.framework;
			remoteRef = 84D32676247B1A8200105B94 /* PBXContainerItemProxy */;
			sourceTree = BUILT_PRODUCTS_DIR;
		};
		84D32679247B1A8200105B94 /* openssl_grpc.framework */ = {
			isa = PBXReferenceProxy;
			fileType = wrapper.framework;
			path = openssl_grpc.framework;
			remoteRef = 84D32678247B1A8200105B94 /* PBXContainerItemProxy */;
			sourceTree = BUILT_PRODUCTS_DIR;
		};
		84D3267B247B1A8200105B94 /* FirebaseAuth.framework */ = {
			isa = PBXReferenceProxy;
			fileType = wrapper.framework;
			path = FirebaseAuth.framework;
			remoteRef = 84D3267A247B1A8200105B94 /* PBXContainerItemProxy */;
			sourceTree = BUILT_PRODUCTS_DIR;
		};
		84D3267D247B1A8200105B94 /* FirebaseCore.framework */ = {
			isa = PBXReferenceProxy;
			fileType = wrapper.framework;
			path = FirebaseCore.framework;
			remoteRef = 84D3267C247B1A8200105B94 /* PBXContainerItemProxy */;
			sourceTree = BUILT_PRODUCTS_DIR;
		};
		84D3267F247B1A8200105B94 /* FirebaseCoreDiagnostics.framework */ = {
			isa = PBXReferenceProxy;
			fileType = wrapper.framework;
			path = FirebaseCoreDiagnostics.framework;
			remoteRef = 84D3267E247B1A8200105B94 /* PBXContainerItemProxy */;
			sourceTree = BUILT_PRODUCTS_DIR;
		};
		84D32681247B1A8200105B94 /* FirebaseDatabase.framework */ = {
			isa = PBXReferenceProxy;
			fileType = wrapper.framework;
			path = FirebaseDatabase.framework;
			remoteRef = 84D32680247B1A8200105B94 /* PBXContainerItemProxy */;
			sourceTree = BUILT_PRODUCTS_DIR;
		};
		84D32683247B1A8200105B94 /* FirebaseFirestore.framework */ = {
			isa = PBXReferenceProxy;
			fileType = wrapper.framework;
			path = FirebaseFirestore.framework;
			remoteRef = 84D32682247B1A8200105B94 /* PBXContainerItemProxy */;
			sourceTree = BUILT_PRODUCTS_DIR;
		};
		84D32685247B1A8200105B94 /* FirebaseInstallations.framework */ = {
			isa = PBXReferenceProxy;
			fileType = wrapper.framework;
			path = FirebaseInstallations.framework;
			remoteRef = 84D32684247B1A8200105B94 /* PBXContainerItemProxy */;
			sourceTree = BUILT_PRODUCTS_DIR;
		};
		84D32687247B1A8200105B94 /* FirebaseStorage.framework */ = {
			isa = PBXReferenceProxy;
			fileType = wrapper.framework;
			path = FirebaseStorage.framework;
			remoteRef = 84D32686247B1A8200105B94 /* PBXContainerItemProxy */;
			sourceTree = BUILT_PRODUCTS_DIR;
		};
		84D32689247B1A8200105B94 /* GoogleDataTransport.framework */ = {
			isa = PBXReferenceProxy;
			fileType = wrapper.framework;
			path = GoogleDataTransport.framework;
			remoteRef = 84D32688247B1A8200105B94 /* PBXContainerItemProxy */;
			sourceTree = BUILT_PRODUCTS_DIR;
		};
		84D3268B247B1A8200105B94 /* GoogleDataTransportCCTSupport.framework */ = {
			isa = PBXReferenceProxy;
			fileType = wrapper.framework;
			path = GoogleDataTransportCCTSupport.framework;
			remoteRef = 84D3268A247B1A8200105B94 /* PBXContainerItemProxy */;
			sourceTree = BUILT_PRODUCTS_DIR;
		};
		84D3268D247B1A8200105B94 /* GoogleUtilities.framework */ = {
			isa = PBXReferenceProxy;
			fileType = wrapper.framework;
			path = GoogleUtilities.framework;
			remoteRef = 84D3268C247B1A8200105B94 /* PBXContainerItemProxy */;
			sourceTree = BUILT_PRODUCTS_DIR;
		};
		84D3268F247B1A8200105B94 /* grpcpp.framework */ = {
			isa = PBXReferenceProxy;
			fileType = wrapper.framework;
			path = grpcpp.framework;
			remoteRef = 84D3268E247B1A8200105B94 /* PBXContainerItemProxy */;
			sourceTree = BUILT_PRODUCTS_DIR;
		};
		84D32691247B1A8200105B94 /* gRPCCertificates-Cpp.bundle */ = {
			isa = PBXReferenceProxy;
			fileType = wrapper.cfbundle;
			path = "gRPCCertificates-Cpp.bundle";
			remoteRef = 84D32690247B1A8200105B94 /* PBXContainerItemProxy */;
			sourceTree = BUILT_PRODUCTS_DIR;
		};
		84D32693247B1A8200105B94 /* grpc.framework */ = {
			isa = PBXReferenceProxy;
			fileType = wrapper.framework;
			path = grpc.framework;
			remoteRef = 84D32692247B1A8200105B94 /* PBXContainerItemProxy */;
			sourceTree = BUILT_PRODUCTS_DIR;
		};
		84D32695247B1A8200105B94 /* GTMSessionFetcher.framework */ = {
			isa = PBXReferenceProxy;
			fileType = wrapper.framework;
			path = GTMSessionFetcher.framework;
			remoteRef = 84D32694247B1A8200105B94 /* PBXContainerItemProxy */;
			sourceTree = BUILT_PRODUCTS_DIR;
		};
		84D32697247B1A8200105B94 /* leveldb.framework */ = {
			isa = PBXReferenceProxy;
			fileType = wrapper.framework;
			path = leveldb.framework;
			remoteRef = 84D32696247B1A8200105B94 /* PBXContainerItemProxy */;
			sourceTree = BUILT_PRODUCTS_DIR;
		};
		84D32699247B1A8200105B94 /* nanopb.framework */ = {
			isa = PBXReferenceProxy;
			fileType = wrapper.framework;
			path = nanopb.framework;
			remoteRef = 84D32698247B1A8200105B94 /* PBXContainerItemProxy */;
			sourceTree = BUILT_PRODUCTS_DIR;
		};
		84D3269B247B1A8200105B94 /* Pods_FruitLens.framework */ = {
			isa = PBXReferenceProxy;
			fileType = wrapper.framework;
			path = Pods_FruitLens.framework;
			remoteRef = 84D3269A247B1A8200105B94 /* PBXContainerItemProxy */;
			sourceTree = BUILT_PRODUCTS_DIR;
		};
		84D3269D247B1A8200105B94 /* FBLPromises.framework */ = {
			isa = PBXReferenceProxy;
			fileType = wrapper.framework;
			path = FBLPromises.framework;
			remoteRef = 84D3269C247B1A8200105B94 /* PBXContainerItemProxy */;
			sourceTree = BUILT_PRODUCTS_DIR;
		};
/* End PBXReferenceProxy section */

/* Begin PBXResourcesBuildPhase section */
		844FC1712472C23600D32668 /* Resources */ = {
			isa = PBXResourcesBuildPhase;
			buildActionMask = 2147483647;
			files = (
				84D326BB247B1A8700105B94 /* nanopb in Resources */,
				844FC1832472C23700D32668 /* Preview Assets.xcassets in Resources */,
				4E15ACA724B24B8300E962FE /* fructose.json in Resources */,
				84D326C9247B1A8700105B94 /* FirebaseCore in Resources */,
				84D326BF247B1A8700105B94 /* Headers in Resources */,
				84D326B4247B1A8700105B94 /* FirebaseInstallations in Resources */,
				4E2510D3248D6356009EFE52 /* GoogleService-Info.plist in Resources */,
				84D326B9247B1A8700105B94 /* leveldb-library in Resources */,
				84D326C6247B1A8700105B94 /* ALLoadingView in Resources */,
				84D326C8247B1A8700105B94 /* FirebaseAuth in Resources */,
				84D326CA247B1A8700105B94 /* GoogleDataTransport in Resources */,
				84D326C2247B1A8700105B94 /* GoogleAppMeasurement in Resources */,
				84D326C5247B1A8700105B94 /* FirebaseAnalytics in Resources */,
				84D326B8247B1A8700105B94 /* Target Support Files in Resources */,
				84517FA924A9ED240043B2BA /* Main.storyboard in Resources */,
				84D326BE247B1A8700105B94 /* GoogleUtilities in Resources */,
				84D326C4247B1A8700105B94 /* FirebaseDatabase in Resources */,
				84D326B3247B1A8700105B94 /* Manifest.lock in Resources */,
				84D326C0247B1A8700105B94 /* abseil in Resources */,
				8416A37924A0A804006BB7F9 /* LaunchScreen.storyboard in Resources */,
				84D326B2247B1A8700105B94 /* FirebaseAuthInterop in Resources */,
				84D326BD247B1A8700105B94 /* FirebaseFirestore in Resources */,
				84D326B0247B1A8700105B94 /* gRPC-C++ in Resources */,
				84D326B1247B1A8700105B94 /* FirebaseCoreDiagnosticsInterop in Resources */,
				84D326BC247B1A8700105B94 /* FirebaseCoreDiagnostics in Resources */,
				84D326C1247B1A8700105B94 /* Local Podspecs in Resources */,
				84D326B5247B1A8700105B94 /* GoogleDataTransportCCTSupport in Resources */,
				84D326BA247B1A8700105B94 /* Firebase in Resources */,
				84D326B7247B1A8700105B94 /* PromisesObjC in Resources */,
				84D326C3247B1A8700105B94 /* FirebaseStorage in Resources */,
				84D326B6247B1A8700105B94 /* gRPC-Core in Resources */,
				84D326C7247B1A8700105B94 /* GTMSessionFetcher in Resources */,
				84D326CB247B1A8700105B94 /* BoringSSL-GRPC in Resources */,
				844FC1802472C23700D32668 /* Assets.xcassets in Resources */,
			);
			runOnlyForDeploymentPostprocessing = 0;
		};
		844FC18A2472C23700D32668 /* Resources */ = {
			isa = PBXResourcesBuildPhase;
			buildActionMask = 2147483647;
			files = (
			);
			runOnlyForDeploymentPostprocessing = 0;
		};
		844FC1952472C23700D32668 /* Resources */ = {
			isa = PBXResourcesBuildPhase;
			buildActionMask = 2147483647;
			files = (
			);
			runOnlyForDeploymentPostprocessing = 0;
		};
/* End PBXResourcesBuildPhase section */

/* Begin PBXShellScriptBuildPhase section */
		74F58BC85CA1D79F97DF4420 /* [CP] Check Pods Manifest.lock */ = {
			isa = PBXShellScriptBuildPhase;
			buildActionMask = 2147483647;
			files = (
			);
			inputFileListPaths = (
			);
			inputPaths = (
				"${PODS_PODFILE_DIR_PATH}/Podfile.lock",
				"${PODS_ROOT}/Manifest.lock",
			);
			name = "[CP] Check Pods Manifest.lock";
			outputFileListPaths = (
			);
			outputPaths = (
				"$(DERIVED_FILE_DIR)/Pods-FruitLens-checkManifestLockResult.txt",
			);
			runOnlyForDeploymentPostprocessing = 0;
			shellPath = /bin/sh;
			shellScript = "diff \"${PODS_PODFILE_DIR_PATH}/Podfile.lock\" \"${PODS_ROOT}/Manifest.lock\" > /dev/null\nif [ $? != 0 ] ; then\n    # print error to STDERR\n    echo \"error: The sandbox is not in sync with the Podfile.lock. Run 'pod install' or update your CocoaPods installation.\" >&2\n    exit 1\nfi\n# This output is used by Xcode 'outputs' to avoid re-running this script phase.\necho \"SUCCESS\" > \"${SCRIPT_OUTPUT_FILE_0}\"\n";
			showEnvVarsInLog = 0;
		};
		C43D27D6FD1215A1CB822344 /* [CP] Embed Pods Frameworks */ = {
			isa = PBXShellScriptBuildPhase;
			buildActionMask = 2147483647;
			files = (
			);
			inputFileListPaths = (
				"${PODS_ROOT}/Target Support Files/Pods-FruitLens/Pods-FruitLens-frameworks-${CONFIGURATION}-input-files.xcfilelist",
			);
			name = "[CP] Embed Pods Frameworks";
			outputFileListPaths = (
				"${PODS_ROOT}/Target Support Files/Pods-FruitLens/Pods-FruitLens-frameworks-${CONFIGURATION}-output-files.xcfilelist",
			);
			runOnlyForDeploymentPostprocessing = 0;
			shellPath = /bin/sh;
			shellScript = "\"${PODS_ROOT}/Target Support Files/Pods-FruitLens/Pods-FruitLens-frameworks.sh\"\n";
			showEnvVarsInLog = 0;
		};
/* End PBXShellScriptBuildPhase section */

/* Begin PBXSourcesBuildPhase section */
		844FC16F2472C23600D32668 /* Sources */ = {
			isa = PBXSourcesBuildPhase;
			buildActionMask = 2147483647;
			files = (
				4E15ACA824B24B8300E962FE /* Resnet50.mlmodel in Sources */,
				4E2510C3248D369F009EFE52 /* ProfileController.swift in Sources */,
				4E2510BD248D2D0A009EFE52 /* PopupHelper.swift in Sources */,
				4E15AC8E24B22F4E00E962FE /* DatabaseInserter.swift in Sources */,
				84D3262C247B14CC00105B94 /* KeyboardHandler.swift in Sources */,
				84D3264A247B177200105B94 /* FirestoreService.swift in Sources */,
				4E2510CC248D4A29009EFE52 /* ProgressCell.swift in Sources */,
				84CE057E2495377400FE12BB /* Model.xcdatamodeld in Sources */,
				4E2510B1248D2941009EFE52 /* Config.swift in Sources */,
				4E2510B9248D2CD5009EFE52 /* PresentMenuAnimator.swift in Sources */,
				844FC1AA2472C43E00D32668 /* ViewController.swift in Sources */,
				844FC1772472C23600D32668 /* AppDelegate.swift in Sources */,
				84CE04A22495044500FE12BB /* MasterJournalViewController.swift in Sources */,
				4E2510D5248D6456009EFE52 /* SignInController.swift in Sources */,
				84D3262F247B14CC00105B94 /* EncodableExtension.swift in Sources */,
				4E2510B7248D2CC1009EFE52 /* Interactor.swift in Sources */,
				4E2510C8248D3D91009EFE52 /* ProfileCell.swift in Sources */,
				84D3264B247B177200105B94 /* ThemeService.swift in Sources */,
				84D32638247B165600105B94 /* Typealias.swift in Sources */,
				4E2510C1248D2E8A009EFE52 /* LoginController.swift in Sources */,
				4E2510D1248D5F61009EFE52 /* RegisterController.swift in Sources */,
				4E2510AD248D286E009EFE52 /* NotificationNames.swift in Sources */,
				8446EBF72493CBB300A65C67 /* JournalEntry.swift in Sources */,
				4E2510C5248D3BD5009EFE52 /* CustomTableView.swift in Sources */,
				4E2510CA248D3E4F009EFE52 /* SettingsCell.swift in Sources */,
				84D3262B247B14CC00105B94 /* UIViewControllerExtension.swift in Sources */,
				84D3263A247B167100105B94 /* UserManager.swift in Sources */,
				4E0D8B01248D27C800023637 /* LaunchRouter.swift in Sources */,
				84CE04EA2495255900FE12BB /* DateHelper.swift in Sources */,
				84D32648247B177200105B94 /* FireStorageService.swift in Sources */,
				84D3262E247B14CC00105B94 /* UIStoryboardExtension.swift in Sources */,
				4E2510D7248D7DEE009EFE52 /* Database.swift in Sources */,
				84CE04F224952E2F00FE12BB /* CreateChangeViewController.swift in Sources */,
				4E15ACA524B24B8300E962FE /* MobileNet.mlmodel in Sources */,
				4E2510AF248D2908009EFE52 /* LaunchViewController.swift in Sources */,
				8434E51C24B27ED900783AB8 /* SplitViewController.swift in Sources */,
				84D3262A247B14CC00105B94 /* DictionaryExtension.swift in Sources */,
				84D32631247B14CC00105B94 /* NSObjectExtension.swift in Sources */,
				84D32630247B14CC00105B94 /* OptionalExtension.swift in Sources */,
				844FC1AC2472C4F800D32668 /* VisionObjectRecognitionViewController.swift in Sources */,
				84CE057B2495361E00FE12BB /* JournalEntryStorage.swift in Sources */,
				4E2510F9248D8A8E009EFE52 /* DateExtension.swift in Sources */,
				84CE04E82495253C00FE12BB /* CoreDataHelper.swift in Sources */,
				84D3264C247B177200105B94 /* FireCodable.swift in Sources */,
				4E15ACAA24B24C1D00E962FE /* ObjectDetector.mlmodel in Sources */,
				4E2510DA248D8669009EFE52 /* Food.swift in Sources */,
				4E2510BF248D2D4A009EFE52 /* UIViewExtension.swift in Sources */,
				84D32634247B150F00105B94 /* ObjectUser.swift in Sources */,
				84CE04E5249505D600FE12BB /* DetailViewController.swift in Sources */,
				4E2510BB248D2CE2009EFE52 /* DismissMenuAnimator.swift in Sources */,
				84517FAC24AA017D0043B2BA /* ClassifiedImageViewController.swift in Sources */,
				84D32632247B14CC00105B94 /* StringExtension.swift in Sources */,
				84D32647247B177200105B94 /* ImagePickerService.swift in Sources */,
				4E0D8B03248D27FB00023637 /* UIWindowExtension.swift in Sources */,
				84CE04F6249530C300FE12BB /* NoteUITableViewCell.swift in Sources */,
				4E2510B3248D2C27009EFE52 /* TabBarController.swift in Sources */,
				84D32649247B177200105B94 /* FirebaseEnums.swift in Sources */,
				4E2510CE248D4A68009EFE52 /* CustomProgressView.swift in Sources */,
				84D3262D247B14CC00105B94 /* UIImageExtension.swift in Sources */,
			);
			runOnlyForDeploymentPostprocessing = 0;
		};
		844FC1882472C23700D32668 /* Sources */ = {
			isa = PBXSourcesBuildPhase;
			buildActionMask = 2147483647;
			files = (
				84CE05812496637C00FE12BB /* AppDelegate.swift in Sources */,
				84CE04F324952E7E00FE12BB /* CreateChangeViewController.swift in Sources */,
				84CE04EF24952DBA00FE12BB /* DetailViewController.swift in Sources */,
				84CE057F24953DB100FE12BB /* MasterJournalViewController.swift in Sources */,
				84CE04ED24952BAC00FE12BB /* JournalEntry.swift in Sources */,
				84CE04EB24952B8D00FE12BB /* CoreDataHelper.swift in Sources */,
			);
			runOnlyForDeploymentPostprocessing = 0;
		};
		844FC1932472C23700D32668 /* Sources */ = {
			isa = PBXSourcesBuildPhase;
			buildActionMask = 2147483647;
			files = (
				84CE05822496637D00FE12BB /* AppDelegate.swift in Sources */,
				84CE04F424952E7F00FE12BB /* CreateChangeViewController.swift in Sources */,
				84CE04F024952DBE00FE12BB /* DetailViewController.swift in Sources */,
				84CE058024953DB200FE12BB /* MasterJournalViewController.swift in Sources */,
				84CE04EE24952BAD00FE12BB /* JournalEntry.swift in Sources */,
				84CE04EC24952B9E00FE12BB /* CoreDataHelper.swift in Sources */,
			);
			runOnlyForDeploymentPostprocessing = 0;
		};
/* End PBXSourcesBuildPhase section */

/* Begin PBXTargetDependency section */
		844FC18E2472C23700D32668 /* PBXTargetDependency */ = {
			isa = PBXTargetDependency;
			target = 844FC1722472C23600D32668 /* FruitLens */;
			targetProxy = 844FC18D2472C23700D32668 /* PBXContainerItemProxy */;
		};
		844FC1992472C23700D32668 /* PBXTargetDependency */ = {
			isa = PBXTargetDependency;
			target = 844FC1722472C23600D32668 /* FruitLens */;
			targetProxy = 844FC1982472C23700D32668 /* PBXContainerItemProxy */;
		};
/* End PBXTargetDependency section */

/* Begin XCBuildConfiguration section */
		844FC19E2472C23700D32668 /* Debug */ = {
			isa = XCBuildConfiguration;
			buildSettings = {
				ALWAYS_SEARCH_USER_PATHS = NO;
				CLANG_ANALYZER_NONNULL = YES;
				CLANG_ANALYZER_NUMBER_OBJECT_CONVERSION = YES_AGGRESSIVE;
				CLANG_CXX_LANGUAGE_STANDARD = "gnu++14";
				CLANG_CXX_LIBRARY = "libc++";
				CLANG_ENABLE_MODULES = YES;
				CLANG_ENABLE_OBJC_ARC = YES;
				CLANG_ENABLE_OBJC_WEAK = YES;
				CLANG_WARN_BLOCK_CAPTURE_AUTORELEASING = YES;
				CLANG_WARN_BOOL_CONVERSION = YES;
				CLANG_WARN_COMMA = YES;
				CLANG_WARN_CONSTANT_CONVERSION = YES;
				CLANG_WARN_DEPRECATED_OBJC_IMPLEMENTATIONS = YES;
				CLANG_WARN_DIRECT_OBJC_ISA_USAGE = YES_ERROR;
				CLANG_WARN_DOCUMENTATION_COMMENTS = YES;
				CLANG_WARN_EMPTY_BODY = YES;
				CLANG_WARN_ENUM_CONVERSION = YES;
				CLANG_WARN_INFINITE_RECURSION = YES;
				CLANG_WARN_INT_CONVERSION = YES;
				CLANG_WARN_NON_LITERAL_NULL_CONVERSION = YES;
				CLANG_WARN_OBJC_IMPLICIT_RETAIN_SELF = YES;
				CLANG_WARN_OBJC_LITERAL_CONVERSION = YES;
				CLANG_WARN_OBJC_ROOT_CLASS = YES_ERROR;
				CLANG_WARN_RANGE_LOOP_ANALYSIS = YES;
				CLANG_WARN_STRICT_PROTOTYPES = YES;
				CLANG_WARN_SUSPICIOUS_MOVE = YES;
				CLANG_WARN_UNGUARDED_AVAILABILITY = YES_AGGRESSIVE;
				CLANG_WARN_UNREACHABLE_CODE = YES;
				CLANG_WARN__DUPLICATE_METHOD_MATCH = YES;
				COPY_PHASE_STRIP = NO;
				DEBUG_INFORMATION_FORMAT = dwarf;
				ENABLE_STRICT_OBJC_MSGSEND = YES;
				ENABLE_TESTABILITY = YES;
				GCC_C_LANGUAGE_STANDARD = gnu11;
				GCC_DYNAMIC_NO_PIC = NO;
				GCC_NO_COMMON_BLOCKS = YES;
				GCC_OPTIMIZATION_LEVEL = 0;
				GCC_PREPROCESSOR_DEFINITIONS = (
					"DEBUG=1",
					"$(inherited)",
				);
				GCC_WARN_64_TO_32_BIT_CONVERSION = YES;
				GCC_WARN_ABOUT_RETURN_TYPE = YES_ERROR;
				GCC_WARN_UNDECLARED_SELECTOR = YES;
				GCC_WARN_UNINITIALIZED_AUTOS = YES_AGGRESSIVE;
				GCC_WARN_UNUSED_FUNCTION = YES;
				GCC_WARN_UNUSED_VARIABLE = YES;
				IPHONEOS_DEPLOYMENT_TARGET = 13.4;
				MTL_ENABLE_DEBUG_INFO = INCLUDE_SOURCE;
				MTL_FAST_MATH = YES;
				ONLY_ACTIVE_ARCH = YES;
				SDKROOT = iphoneos;
				SWIFT_ACTIVE_COMPILATION_CONDITIONS = DEBUG;
				SWIFT_OPTIMIZATION_LEVEL = "-Onone";
			};
			name = Debug;
		};
		844FC19F2472C23700D32668 /* Release */ = {
			isa = XCBuildConfiguration;
			buildSettings = {
				ALWAYS_SEARCH_USER_PATHS = NO;
				CLANG_ANALYZER_NONNULL = YES;
				CLANG_ANALYZER_NUMBER_OBJECT_CONVERSION = YES_AGGRESSIVE;
				CLANG_CXX_LANGUAGE_STANDARD = "gnu++14";
				CLANG_CXX_LIBRARY = "libc++";
				CLANG_ENABLE_MODULES = YES;
				CLANG_ENABLE_OBJC_ARC = YES;
				CLANG_ENABLE_OBJC_WEAK = YES;
				CLANG_WARN_BLOCK_CAPTURE_AUTORELEASING = YES;
				CLANG_WARN_BOOL_CONVERSION = YES;
				CLANG_WARN_COMMA = YES;
				CLANG_WARN_CONSTANT_CONVERSION = YES;
				CLANG_WARN_DEPRECATED_OBJC_IMPLEMENTATIONS = YES;
				CLANG_WARN_DIRECT_OBJC_ISA_USAGE = YES_ERROR;
				CLANG_WARN_DOCUMENTATION_COMMENTS = YES;
				CLANG_WARN_EMPTY_BODY = YES;
				CLANG_WARN_ENUM_CONVERSION = YES;
				CLANG_WARN_INFINITE_RECURSION = YES;
				CLANG_WARN_INT_CONVERSION = YES;
				CLANG_WARN_NON_LITERAL_NULL_CONVERSION = YES;
				CLANG_WARN_OBJC_IMPLICIT_RETAIN_SELF = YES;
				CLANG_WARN_OBJC_LITERAL_CONVERSION = YES;
				CLANG_WARN_OBJC_ROOT_CLASS = YES_ERROR;
				CLANG_WARN_RANGE_LOOP_ANALYSIS = YES;
				CLANG_WARN_STRICT_PROTOTYPES = YES;
				CLANG_WARN_SUSPICIOUS_MOVE = YES;
				CLANG_WARN_UNGUARDED_AVAILABILITY = YES_AGGRESSIVE;
				CLANG_WARN_UNREACHABLE_CODE = YES;
				CLANG_WARN__DUPLICATE_METHOD_MATCH = YES;
				COPY_PHASE_STRIP = NO;
				DEBUG_INFORMATION_FORMAT = "dwarf-with-dsym";
				ENABLE_NS_ASSERTIONS = NO;
				ENABLE_STRICT_OBJC_MSGSEND = YES;
				GCC_C_LANGUAGE_STANDARD = gnu11;
				GCC_NO_COMMON_BLOCKS = YES;
				GCC_WARN_64_TO_32_BIT_CONVERSION = YES;
				GCC_WARN_ABOUT_RETURN_TYPE = YES_ERROR;
				GCC_WARN_UNDECLARED_SELECTOR = YES;
				GCC_WARN_UNINITIALIZED_AUTOS = YES_AGGRESSIVE;
				GCC_WARN_UNUSED_FUNCTION = YES;
				GCC_WARN_UNUSED_VARIABLE = YES;
				IPHONEOS_DEPLOYMENT_TARGET = 13.4;
				MTL_ENABLE_DEBUG_INFO = NO;
				MTL_FAST_MATH = YES;
				SDKROOT = iphoneos;
				SWIFT_COMPILATION_MODE = wholemodule;
				SWIFT_OPTIMIZATION_LEVEL = "-O";
				VALIDATE_PRODUCT = YES;
			};
			name = Release;
		};
		844FC1A12472C23700D32668 /* Debug */ = {
			isa = XCBuildConfiguration;
			baseConfigurationReference = 90C403148030B4C7BC6E82C8 /* Pods-FruitLens.debug.xcconfig */;
			buildSettings = {
				ASSETCATALOG_COMPILER_APPICON_NAME = AppIcon;
				CODE_SIGN_STYLE = Automatic;
				DEVELOPMENT_ASSET_PATHS = "\"FruitLens/Preview Content\"";
				DEVELOPMENT_TEAM = P8P6AFZH78;
				ENABLE_PREVIEWS = YES;
				INFOPLIST_FILE = FruitLens/Info.plist;
				LD_RUNPATH_SEARCH_PATHS = (
					"$(inherited)",
					"@executable_path/Frameworks",
				);
				PRODUCT_BUNDLE_IDENTIFIER = piose.eleven.FruitLens;
				PRODUCT_NAME = "$(TARGET_NAME)";
				SWIFT_VERSION = 5.0;
				TARGETED_DEVICE_FAMILY = "1,2";
			};
			name = Debug;
		};
		844FC1A22472C23700D32668 /* Release */ = {
			isa = XCBuildConfiguration;
			baseConfigurationReference = 528F438BEE73F838AD887103 /* Pods-FruitLens.release.xcconfig */;
			buildSettings = {
				ASSETCATALOG_COMPILER_APPICON_NAME = AppIcon;
				CODE_SIGN_STYLE = Automatic;
				DEVELOPMENT_ASSET_PATHS = "\"FruitLens/Preview Content\"";
				DEVELOPMENT_TEAM = P8P6AFZH78;
				ENABLE_PREVIEWS = YES;
				INFOPLIST_FILE = FruitLens/Info.plist;
				LD_RUNPATH_SEARCH_PATHS = (
					"$(inherited)",
					"@executable_path/Frameworks",
				);
				PRODUCT_BUNDLE_IDENTIFIER = piose.eleven.FruitLens;
				PRODUCT_NAME = "$(TARGET_NAME)";
				SWIFT_VERSION = 5.0;
				TARGETED_DEVICE_FAMILY = "1,2";
			};
			name = Release;
		};
		844FC1A42472C23700D32668 /* Debug */ = {
			isa = XCBuildConfiguration;
			buildSettings = {
				ALWAYS_EMBED_SWIFT_STANDARD_LIBRARIES = YES;
				BUNDLE_LOADER = "$(TEST_HOST)";
				CODE_SIGN_STYLE = Automatic;
				DEVELOPMENT_TEAM = XG9N63BT3R;
				INFOPLIST_FILE = FruitLensTests/Info.plist;
				IPHONEOS_DEPLOYMENT_TARGET = 13.4;
				LD_RUNPATH_SEARCH_PATHS = (
					"$(inherited)",
					"@executable_path/Frameworks",
					"@loader_path/Frameworks",
				);
				PRODUCT_BUNDLE_IDENTIFIER = piose.eleven.FruitLensTests;
				PRODUCT_NAME = "$(TARGET_NAME)";
				SWIFT_VERSION = 5.0;
				TARGETED_DEVICE_FAMILY = "1,2";
				TEST_HOST = "$(BUILT_PRODUCTS_DIR)/FruitLens.app/FruitLens";
			};
			name = Debug;
		};
		844FC1A52472C23700D32668 /* Release */ = {
			isa = XCBuildConfiguration;
			buildSettings = {
				ALWAYS_EMBED_SWIFT_STANDARD_LIBRARIES = YES;
				BUNDLE_LOADER = "$(TEST_HOST)";
				CODE_SIGN_STYLE = Automatic;
				DEVELOPMENT_TEAM = XG9N63BT3R;
				INFOPLIST_FILE = FruitLensTests/Info.plist;
				IPHONEOS_DEPLOYMENT_TARGET = 13.4;
				LD_RUNPATH_SEARCH_PATHS = (
					"$(inherited)",
					"@executable_path/Frameworks",
					"@loader_path/Frameworks",
				);
				PRODUCT_BUNDLE_IDENTIFIER = piose.eleven.FruitLensTests;
				PRODUCT_NAME = "$(TARGET_NAME)";
				SWIFT_VERSION = 5.0;
				TARGETED_DEVICE_FAMILY = "1,2";
				TEST_HOST = "$(BUILT_PRODUCTS_DIR)/FruitLens.app/FruitLens";
			};
			name = Release;
		};
		844FC1A72472C23700D32668 /* Debug */ = {
			isa = XCBuildConfiguration;
			buildSettings = {
				ALWAYS_EMBED_SWIFT_STANDARD_LIBRARIES = YES;
				CODE_SIGN_STYLE = Automatic;
				DEVELOPMENT_TEAM = XG9N63BT3R;
				INFOPLIST_FILE = FruitLensUITests/Info.plist;
				LD_RUNPATH_SEARCH_PATHS = (
					"$(inherited)",
					"@executable_path/Frameworks",
					"@loader_path/Frameworks",
				);
				PRODUCT_BUNDLE_IDENTIFIER = piose.eleven.FruitLensUITests;
				PRODUCT_NAME = "$(TARGET_NAME)";
				SWIFT_VERSION = 5.0;
				TARGETED_DEVICE_FAMILY = "1,2";
				TEST_TARGET_NAME = FruitLens;
			};
			name = Debug;
		};
		844FC1A82472C23700D32668 /* Release */ = {
			isa = XCBuildConfiguration;
			buildSettings = {
				ALWAYS_EMBED_SWIFT_STANDARD_LIBRARIES = YES;
				CODE_SIGN_STYLE = Automatic;
				DEVELOPMENT_TEAM = XG9N63BT3R;
				INFOPLIST_FILE = FruitLensUITests/Info.plist;
				LD_RUNPATH_SEARCH_PATHS = (
					"$(inherited)",
					"@executable_path/Frameworks",
					"@loader_path/Frameworks",
				);
				PRODUCT_BUNDLE_IDENTIFIER = piose.eleven.FruitLensUITests;
				PRODUCT_NAME = "$(TARGET_NAME)";
				SWIFT_VERSION = 5.0;
				TARGETED_DEVICE_FAMILY = "1,2";
				TEST_TARGET_NAME = FruitLens;
			};
			name = Release;
		};
/* End XCBuildConfiguration section */

/* Begin XCConfigurationList section */
		844FC16E2472C23600D32668 /* Build configuration list for PBXProject "FruitLens" */ = {
			isa = XCConfigurationList;
			buildConfigurations = (
				844FC19E2472C23700D32668 /* Debug */,
				844FC19F2472C23700D32668 /* Release */,
			);
			defaultConfigurationIsVisible = 0;
			defaultConfigurationName = Release;
		};
		844FC1A02472C23700D32668 /* Build configuration list for PBXNativeTarget "FruitLens" */ = {
			isa = XCConfigurationList;
			buildConfigurations = (
				844FC1A12472C23700D32668 /* Debug */,
				844FC1A22472C23700D32668 /* Release */,
			);
			defaultConfigurationIsVisible = 0;
			defaultConfigurationName = Release;
		};
		844FC1A32472C23700D32668 /* Build configuration list for PBXNativeTarget "FruitLensTests" */ = {
			isa = XCConfigurationList;
			buildConfigurations = (
				844FC1A42472C23700D32668 /* Debug */,
				844FC1A52472C23700D32668 /* Release */,
			);
			defaultConfigurationIsVisible = 0;
			defaultConfigurationName = Release;
		};
		844FC1A62472C23700D32668 /* Build configuration list for PBXNativeTarget "FruitLensUITests" */ = {
			isa = XCConfigurationList;
			buildConfigurations = (
				844FC1A72472C23700D32668 /* Debug */,
				844FC1A82472C23700D32668 /* Release */,
			);
			defaultConfigurationIsVisible = 0;
			defaultConfigurationName = Release;
		};
/* End XCConfigurationList section */

/* Begin XCVersionGroup section */
		84CE057C2495377400FE12BB /* Model.xcdatamodeld */ = {
			isa = XCVersionGroup;
			children = (
				84CE057D2495377400FE12BB /* Model.xcdatamodel */,
			);
			currentVersion = 84CE057D2495377400FE12BB /* Model.xcdatamodel */;
			path = Model.xcdatamodeld;
			sourceTree = "<group>";
			versionGroupType = wrapper.xcdatamodel;
		};
/* End XCVersionGroup section */
	};
	rootObject = 844FC16B2472C23600D32668 /* Project object */;
}
