// !$*UTF8*$!
{
	archiveVersion = 1;
	classes = {
	};
	objectVersion = 50;
	objects = {

/* Begin PBXBuildFile section */
		84CE0504249532A400FE12BB /* AppDelegate.swift in Sources */ = {isa = PBXBuildFile; fileRef = 84CE0503249532A400FE12BB /* AppDelegate.swift */; };
		84CE0507249532A400FE12BB /* Test.xcdatamodeld in Sources */ = {isa = PBXBuildFile; fileRef = 84CE0505249532A400FE12BB /* Test.xcdatamodeld */; };
		84CE0509249532A400FE12BB /* SceneDelegate.swift in Sources */ = {isa = PBXBuildFile; fileRef = 84CE0508249532A400FE12BB /* SceneDelegate.swift */; };
		84CE050B249532A400FE12BB /* Event.swift in Sources */ = {isa = PBXBuildFile; fileRef = 84CE050A249532A400FE12BB /* Event.swift */; };
		84CE050D249532A400FE12BB /* ContentView.swift in Sources */ = {isa = PBXBuildFile; fileRef = 84CE050C249532A400FE12BB /* ContentView.swift */; };
		84CE050F249532A500FE12BB /* Assets.xcassets in Resources */ = {isa = PBXBuildFile; fileRef = 84CE050E249532A500FE12BB /* Assets.xcassets */; };
		84CE0512249532A500FE12BB /* Preview Assets.xcassets in Resources */ = {isa = PBXBuildFile; fileRef = 84CE0511249532A500FE12BB /* Preview Assets.xcassets */; };
		84CE0515249532A500FE12BB /* LaunchScreen.storyboard in Resources */ = {isa = PBXBuildFile; fileRef = 84CE0513249532A500FE12BB /* LaunchScreen.storyboard */; };
		84CE0520249532A500FE12BB /* TestTests.swift in Sources */ = {isa = PBXBuildFile; fileRef = 84CE051F249532A500FE12BB /* TestTests.swift */; };
		84CE052B249532A500FE12BB /* TestUITests.swift in Sources */ = {isa = PBXBuildFile; fileRef = 84CE052A249532A500FE12BB /* TestUITests.swift */; };
/* End PBXBuildFile section */

/* Begin PBXContainerItemProxy section */
		84CE051C249532A500FE12BB /* PBXContainerItemProxy */ = {
			isa = PBXContainerItemProxy;
			containerPortal = 84CE04F8249532A400FE12BB /* Project object */;
			proxyType = 1;
			remoteGlobalIDString = 84CE04FF249532A400FE12BB;
			remoteInfo = Test;
		};
		84CE0527249532A500FE12BB /* PBXContainerItemProxy */ = {
			isa = PBXContainerItemProxy;
			containerPortal = 84CE04F8249532A400FE12BB /* Project object */;
			proxyType = 1;
			remoteGlobalIDString = 84CE04FF249532A400FE12BB;
			remoteInfo = Test;
		};
/* End PBXContainerItemProxy section */

/* Begin PBXFileReference section */
		84CE0500249532A400FE12BB /* Test.app */ = {isa = PBXFileReference; explicitFileType = wrapper.application; includeInIndex = 0; path = Test.app; sourceTree = BUILT_PRODUCTS_DIR; };
		84CE0503249532A400FE12BB /* AppDelegate.swift */ = {isa = PBXFileReference; lastKnownFileType = sourcecode.swift; path = AppDelegate.swift; sourceTree = "<group>"; };
		84CE0506249532A400FE12BB /* Test.xcdatamodel */ = {isa = PBXFileReference; lastKnownFileType = wrapper.xcdatamodel; path = Test.xcdatamodel; sourceTree = "<group>"; };
		84CE0508249532A400FE12BB /* SceneDelegate.swift */ = {isa = PBXFileReference; lastKnownFileType = sourcecode.swift; path = SceneDelegate.swift; sourceTree = "<group>"; };
		84CE050A249532A400FE12BB /* Event.swift */ = {isa = PBXFileReference; lastKnownFileType = sourcecode.swift; path = Event.swift; sourceTree = "<group>"; };
		84CE050C249532A400FE12BB /* ContentView.swift */ = {isa = PBXFileReference; lastKnownFileType = sourcecode.swift; path = ContentView.swift; sourceTree = "<group>"; };
		84CE050E249532A500FE12BB /* Assets.xcassets */ = {isa = PBXFileReference; lastKnownFileType = folder.assetcatalog; path = Assets.xcassets; sourceTree = "<group>"; };
		84CE0511249532A500FE12BB /* Preview Assets.xcassets */ = {isa = PBXFileReference; lastKnownFileType = folder.assetcatalog; path = "Preview Assets.xcassets"; sourceTree = "<group>"; };
		84CE0514249532A500FE12BB /* Base */ = {isa = PBXFileReference; lastKnownFileType = file.storyboard; name = Base; path = Base.lproj/LaunchScreen.storyboard; sourceTree = "<group>"; };
		84CE0516249532A500FE12BB /* Info.plist */ = {isa = PBXFileReference; lastKnownFileType = text.plist.xml; path = Info.plist; sourceTree = "<group>"; };
		84CE051B249532A500FE12BB /* TestTests.xctest */ = {isa = PBXFileReference; explicitFileType = wrapper.cfbundle; includeInIndex = 0; path = TestTests.xctest; sourceTree = BUILT_PRODUCTS_DIR; };
		84CE051F249532A500FE12BB /* TestTests.swift */ = {isa = PBXFileReference; lastKnownFileType = sourcecode.swift; path = TestTests.swift; sourceTree = "<group>"; };
		84CE0521249532A500FE12BB /* Info.plist */ = {isa = PBXFileReference; lastKnownFileType = text.plist.xml; path = Info.plist; sourceTree = "<group>"; };
		84CE0526249532A500FE12BB /* TestUITests.xctest */ = {isa = PBXFileReference; explicitFileType = wrapper.cfbundle; includeInIndex = 0; path = TestUITests.xctest; sourceTree = BUILT_PRODUCTS_DIR; };
		84CE052A249532A500FE12BB /* TestUITests.swift */ = {isa = PBXFileReference; lastKnownFileType = sourcecode.swift; path = TestUITests.swift; sourceTree = "<group>"; };
		84CE052C249532A500FE12BB /* Info.plist */ = {isa = PBXFileReference; lastKnownFileType = text.plist.xml; path = Info.plist; sourceTree = "<group>"; };
/* End PBXFileReference section */

/* Begin PBXFrameworksBuildPhase section */
		84CE04FD249532A400FE12BB /* Frameworks */ = {
			isa = PBXFrameworksBuildPhase;
			buildActionMask = 2147483647;
			files = (
			);
			runOnlyForDeploymentPostprocessing = 0;
		};
		84CE0518249532A500FE12BB /* Frameworks */ = {
			isa = PBXFrameworksBuildPhase;
			buildActionMask = 2147483647;
			files = (
			);
			runOnlyForDeploymentPostprocessing = 0;
		};
		84CE0523249532A500FE12BB /* Frameworks */ = {
			isa = PBXFrameworksBuildPhase;
			buildActionMask = 2147483647;
			files = (
			);
			runOnlyForDeploymentPostprocessing = 0;
		};
/* End PBXFrameworksBuildPhase section */

/* Begin PBXGroup section */
		84CE04F7249532A400FE12BB = {
			isa = PBXGroup;
			children = (
				84CE0502249532A400FE12BB /* Test */,
				84CE051E249532A500FE12BB /* TestTests */,
				84CE0529249532A500FE12BB /* TestUITests */,
				84CE0501249532A400FE12BB /* Products */,
			);
			sourceTree = "<group>";
		};
		84CE0501249532A400FE12BB /* Products */ = {
			isa = PBXGroup;
			children = (
				84CE0500249532A400FE12BB /* Test.app */,
				84CE051B249532A500FE12BB /* TestTests.xctest */,
				84CE0526249532A500FE12BB /* TestUITests.xctest */,
			);
			name = Products;
			sourceTree = "<group>";
		};
		84CE0502249532A400FE12BB /* Test */ = {
			isa = PBXGroup;
			children = (
				84CE0503249532A400FE12BB /* AppDelegate.swift */,
				84CE0508249532A400FE12BB /* SceneDelegate.swift */,
				84CE050A249532A400FE12BB /* Event.swift */,
				84CE050C249532A400FE12BB /* ContentView.swift */,
				84CE050E249532A500FE12BB /* Assets.xcassets */,
				84CE0513249532A500FE12BB /* LaunchScreen.storyboard */,
				84CE0516249532A500FE12BB /* Info.plist */,
				84CE0505249532A400FE12BB /* Test.xcdatamodeld */,
				84CE0510249532A500FE12BB /* Preview Content */,
			);
			path = Test;
			sourceTree = "<group>";
		};
		84CE0510249532A500FE12BB /* Preview Content */ = {
			isa = PBXGroup;
			children = (
				84CE0511249532A500FE12BB /* Preview Assets.xcassets */,
			);
			path = "Preview Content";
			sourceTree = "<group>";
		};
		84CE051E249532A500FE12BB /* TestTests */ = {
			isa = PBXGroup;
			children = (
				84CE051F249532A500FE12BB /* TestTests.swift */,
				84CE0521249532A500FE12BB /* Info.plist */,
			);
			path = TestTests;
			sourceTree = "<group>";
		};
		84CE0529249532A500FE12BB /* TestUITests */ = {
			isa = PBXGroup;
			children = (
				84CE052A249532A500FE12BB /* TestUITests.swift */,
				84CE052C249532A500FE12BB /* Info.plist */,
			);
			path = TestUITests;
			sourceTree = "<group>";
		};
/* End PBXGroup section */

/* Begin PBXNativeTarget section */
		84CE04FF249532A400FE12BB /* Test */ = {
			isa = PBXNativeTarget;
			buildConfigurationList = 84CE052F249532A500FE12BB /* Build configuration list for PBXNativeTarget "Test" */;
			buildPhases = (
				84CE04FC249532A400FE12BB /* Sources */,
				84CE04FD249532A400FE12BB /* Frameworks */,
				84CE04FE249532A400FE12BB /* Resources */,
			);
			buildRules = (
			);
			dependencies = (
			);
			name = Test;
			productName = Test;
			productReference = 84CE0500249532A400FE12BB /* Test.app */;
			productType = "com.apple.product-type.application";
		};
		84CE051A249532A500FE12BB /* TestTests */ = {
			isa = PBXNativeTarget;
			buildConfigurationList = 84CE0532249532A500FE12BB /* Build configuration list for PBXNativeTarget "TestTests" */;
			buildPhases = (
				84CE0517249532A500FE12BB /* Sources */,
				84CE0518249532A500FE12BB /* Frameworks */,
				84CE0519249532A500FE12BB /* Resources */,
			);
			buildRules = (
			);
			dependencies = (
				84CE051D249532A500FE12BB /* PBXTargetDependency */,
			);
			name = TestTests;
			productName = TestTests;
			productReference = 84CE051B249532A500FE12BB /* TestTests.xctest */;
			productType = "com.apple.product-type.bundle.unit-test";
		};
		84CE0525249532A500FE12BB /* TestUITests */ = {
			isa = PBXNativeTarget;
			buildConfigurationList = 84CE0535249532A500FE12BB /* Build configuration list for PBXNativeTarget "TestUITests" */;
			buildPhases = (
				84CE0522249532A500FE12BB /* Sources */,
				84CE0523249532A500FE12BB /* Frameworks */,
				84CE0524249532A500FE12BB /* Resources */,
			);
			buildRules = (
			);
			dependencies = (
				84CE0528249532A500FE12BB /* PBXTargetDependency */,
			);
			name = TestUITests;
			productName = TestUITests;
			productReference = 84CE0526249532A500FE12BB /* TestUITests.xctest */;
			productType = "com.apple.product-type.bundle.ui-testing";
		};
/* End PBXNativeTarget section */

/* Begin PBXProject section */
		84CE04F8249532A400FE12BB /* Project object */ = {
			isa = PBXProject;
			attributes = {
				LastSwiftUpdateCheck = 1150;
				LastUpgradeCheck = 1150;
				ORGANIZATIONNAME = ChristophWeber;
				TargetAttributes = {
					84CE04FF249532A400FE12BB = {
						CreatedOnToolsVersion = 11.5;
					};
					84CE051A249532A500FE12BB = {
						CreatedOnToolsVersion = 11.5;
						TestTargetID = 84CE04FF249532A400FE12BB;
					};
					84CE0525249532A500FE12BB = {
						CreatedOnToolsVersion = 11.5;
						TestTargetID = 84CE04FF249532A400FE12BB;
					};
				};
			};
			buildConfigurationList = 84CE04FB249532A400FE12BB /* Build configuration list for PBXProject "Test" */;
			compatibilityVersion = "Xcode 9.3";
			developmentRegion = en;
			hasScannedForEncodings = 0;
			knownRegions = (
				en,
				Base,
			);
			mainGroup = 84CE04F7249532A400FE12BB;
			productRefGroup = 84CE0501249532A400FE12BB /* Products */;
			projectDirPath = "";
			projectRoot = "";
			targets = (
				84CE04FF249532A400FE12BB /* Test */,
				84CE051A249532A500FE12BB /* TestTests */,
				84CE0525249532A500FE12BB /* TestUITests */,
			);
		};
/* End PBXProject section */

/* Begin PBXResourcesBuildPhase section */
		84CE04FE249532A400FE12BB /* Resources */ = {
			isa = PBXResourcesBuildPhase;
			buildActionMask = 2147483647;
			files = (
				84CE0515249532A500FE12BB /* LaunchScreen.storyboard in Resources */,
				84CE0512249532A500FE12BB /* Preview Assets.xcassets in Resources */,
				84CE050F249532A500FE12BB /* Assets.xcassets in Resources */,
			);
			runOnlyForDeploymentPostprocessing = 0;
		};
		84CE0519249532A500FE12BB /* Resources */ = {
			isa = PBXResourcesBuildPhase;
			buildActionMask = 2147483647;
			files = (
			);
			runOnlyForDeploymentPostprocessing = 0;
		};
		84CE0524249532A500FE12BB /* Resources */ = {
			isa = PBXResourcesBuildPhase;
			buildActionMask = 2147483647;
			files = (
			);
			runOnlyForDeploymentPostprocessing = 0;
		};
/* End PBXResourcesBuildPhase section */

/* Begin PBXSourcesBuildPhase section */
		84CE04FC249532A400FE12BB /* Sources */ = {
			isa = PBXSourcesBuildPhase;
			buildActionMask = 2147483647;
			files = (
				84CE050B249532A400FE12BB /* Event.swift in Sources */,
				84CE050D249532A400FE12BB /* ContentView.swift in Sources */,
				84CE0504249532A400FE12BB /* AppDelegate.swift in Sources */,
				84CE0507249532A400FE12BB /* Test.xcdatamodeld in Sources */,
				84CE0509249532A400FE12BB /* SceneDelegate.swift in Sources */,
			);
			runOnlyForDeploymentPostprocessing = 0;
		};
		84CE0517249532A500FE12BB /* Sources */ = {
			isa = PBXSourcesBuildPhase;
			buildActionMask = 2147483647;
			files = (
				84CE0520249532A500FE12BB /* TestTests.swift in Sources */,
			);
			runOnlyForDeploymentPostprocessing = 0;
		};
		84CE0522249532A500FE12BB /* Sources */ = {
			isa = PBXSourcesBuildPhase;
			buildActionMask = 2147483647;
			files = (
				84CE052B249532A500FE12BB /* TestUITests.swift in Sources */,
			);
			runOnlyForDeploymentPostprocessing = 0;
		};
/* End PBXSourcesBuildPhase section */

/* Begin PBXTargetDependency section */
		84CE051D249532A500FE12BB /* PBXTargetDependency */ = {
			isa = PBXTargetDependency;
			target = 84CE04FF249532A400FE12BB /* Test */;
			targetProxy = 84CE051C249532A500FE12BB /* PBXContainerItemProxy */;
		};
		84CE0528249532A500FE12BB /* PBXTargetDependency */ = {
			isa = PBXTargetDependency;
			target = 84CE04FF249532A400FE12BB /* Test */;
			targetProxy = 84CE0527249532A500FE12BB /* PBXContainerItemProxy */;
		};
/* End PBXTargetDependency section */

/* Begin PBXVariantGroup section */
		84CE0513249532A500FE12BB /* LaunchScreen.storyboard */ = {
			isa = PBXVariantGroup;
			children = (
				84CE0514249532A500FE12BB /* Base */,
			);
			name = LaunchScreen.storyboard;
			sourceTree = "<group>";
		};
/* End PBXVariantGroup section */

/* Begin XCBuildConfiguration section */
		84CE052D249532A500FE12BB /* Debug */ = {
			isa = XCBuildConfiguration;
			buildSettings = {
				ALWAYS_SEARCH_USER_PATHS = NO;
				CLANG_ANALYZER_NONNULL = YES;
				CLANG_ANALYZER_NUMBER_OBJECT_CONVERSION = YES_AGGRESSIVE;
				CLANG_CXX_LANGUAGE_STANDARD = "gnu++14";
				CLANG_CXX_LIBRARY = "libc++";
				CLANG_ENABLE_MODULES = YES;
				CLANG_ENABLE_OBJC_ARC = YES;
				CLANG_ENABLE_OBJC_WEAK = YES;
				CLANG_WARN_BLOCK_CAPTURE_AUTORELEASING = YES;
				CLANG_WARN_BOOL_CONVERSION = YES;
				CLANG_WARN_COMMA = YES;
				CLANG_WARN_CONSTANT_CONVERSION = YES;
				CLANG_WARN_DEPRECATED_OBJC_IMPLEMENTATIONS = YES;
				CLANG_WARN_DIRECT_OBJC_ISA_USAGE = YES_ERROR;
				CLANG_WARN_DOCUMENTATION_COMMENTS = YES;
				CLANG_WARN_EMPTY_BODY = YES;
				CLANG_WARN_ENUM_CONVERSION = YES;
				CLANG_WARN_INFINITE_RECURSION = YES;
				CLANG_WARN_INT_CONVERSION = YES;
				CLANG_WARN_NON_LITERAL_NULL_CONVERSION = YES;
				CLANG_WARN_OBJC_IMPLICIT_RETAIN_SELF = YES;
				CLANG_WARN_OBJC_LITERAL_CONVERSION = YES;
				CLANG_WARN_OBJC_ROOT_CLASS = YES_ERROR;
				CLANG_WARN_RANGE_LOOP_ANALYSIS = YES;
				CLANG_WARN_STRICT_PROTOTYPES = YES;
				CLANG_WARN_SUSPICIOUS_MOVE = YES;
				CLANG_WARN_UNGUARDED_AVAILABILITY = YES_AGGRESSIVE;
				CLANG_WARN_UNREACHABLE_CODE = YES;
				CLANG_WARN__DUPLICATE_METHOD_MATCH = YES;
				COPY_PHASE_STRIP = NO;
				DEBUG_INFORMATION_FORMAT = dwarf;
				ENABLE_STRICT_OBJC_MSGSEND = YES;
				ENABLE_TESTABILITY = YES;
				GCC_C_LANGUAGE_STANDARD = gnu11;
				GCC_DYNAMIC_NO_PIC = NO;
				GCC_NO_COMMON_BLOCKS = YES;
				GCC_OPTIMIZATION_LEVEL = 0;
				GCC_PREPROCESSOR_DEFINITIONS = (
					"DEBUG=1",
					"$(inherited)",
				);
				GCC_WARN_64_TO_32_BIT_CONVERSION = YES;
				GCC_WARN_ABOUT_RETURN_TYPE = YES_ERROR;
				GCC_WARN_UNDECLARED_SELECTOR = YES;
				GCC_WARN_UNINITIALIZED_AUTOS = YES_AGGRESSIVE;
				GCC_WARN_UNUSED_FUNCTION = YES;
				GCC_WARN_UNUSED_VARIABLE = YES;
				IPHONEOS_DEPLOYMENT_TARGET = 13.5;
				MTL_ENABLE_DEBUG_INFO = INCLUDE_SOURCE;
				MTL_FAST_MATH = YES;
				ONLY_ACTIVE_ARCH = YES;
				SDKROOT = iphoneos;
				SWIFT_ACTIVE_COMPILATION_CONDITIONS = DEBUG;
				SWIFT_OPTIMIZATION_LEVEL = "-Onone";
			};
			name = Debug;
		};
		84CE052E249532A500FE12BB /* Release */ = {
			isa = XCBuildConfiguration;
			buildSettings = {
				ALWAYS_SEARCH_USER_PATHS = NO;
				CLANG_ANALYZER_NONNULL = YES;
				CLANG_ANALYZER_NUMBER_OBJECT_CONVERSION = YES_AGGRESSIVE;
				CLANG_CXX_LANGUAGE_STANDARD = "gnu++14";
				CLANG_CXX_LIBRARY = "libc++";
				CLANG_ENABLE_MODULES = YES;
				CLANG_ENABLE_OBJC_ARC = YES;
				CLANG_ENABLE_OBJC_WEAK = YES;
				CLANG_WARN_BLOCK_CAPTURE_AUTORELEASING = YES;
				CLANG_WARN_BOOL_CONVERSION = YES;
				CLANG_WARN_COMMA = YES;
				CLANG_WARN_CONSTANT_CONVERSION = YES;
				CLANG_WARN_DEPRECATED_OBJC_IMPLEMENTATIONS = YES;
				CLANG_WARN_DIRECT_OBJC_ISA_USAGE = YES_ERROR;
				CLANG_WARN_DOCUMENTATION_COMMENTS = YES;
				CLANG_WARN_EMPTY_BODY = YES;
				CLANG_WARN_ENUM_CONVERSION = YES;
				CLANG_WARN_INFINITE_RECURSION = YES;
				CLANG_WARN_INT_CONVERSION = YES;
				CLANG_WARN_NON_LITERAL_NULL_CONVERSION = YES;
				CLANG_WARN_OBJC_IMPLICIT_RETAIN_SELF = YES;
				CLANG_WARN_OBJC_LITERAL_CONVERSION = YES;
				CLANG_WARN_OBJC_ROOT_CLASS = YES_ERROR;
				CLANG_WARN_RANGE_LOOP_ANALYSIS = YES;
				CLANG_WARN_STRICT_PROTOTYPES = YES;
				CLANG_WARN_SUSPICIOUS_MOVE = YES;
				CLANG_WARN_UNGUARDED_AVAILABILITY = YES_AGGRESSIVE;
				CLANG_WARN_UNREACHABLE_CODE = YES;
				CLANG_WARN__DUPLICATE_METHOD_MATCH = YES;
				COPY_PHASE_STRIP = NO;
				DEBUG_INFORMATION_FORMAT = "dwarf-with-dsym";
				ENABLE_NS_ASSERTIONS = NO;
				ENABLE_STRICT_OBJC_MSGSEND = YES;
				GCC_C_LANGUAGE_STANDARD = gnu11;
				GCC_NO_COMMON_BLOCKS = YES;
				GCC_WARN_64_TO_32_BIT_CONVERSION = YES;
				GCC_WARN_ABOUT_RETURN_TYPE = YES_ERROR;
				GCC_WARN_UNDECLARED_SELECTOR = YES;
				GCC_WARN_UNINITIALIZED_AUTOS = YES_AGGRESSIVE;
				GCC_WARN_UNUSED_FUNCTION = YES;
				GCC_WARN_UNUSED_VARIABLE = YES;
				IPHONEOS_DEPLOYMENT_TARGET = 13.5;
				MTL_ENABLE_DEBUG_INFO = NO;
				MTL_FAST_MATH = YES;
				SDKROOT = iphoneos;
				SWIFT_COMPILATION_MODE = wholemodule;
				SWIFT_OPTIMIZATION_LEVEL = "-O";
				VALIDATE_PRODUCT = YES;
			};
			name = Release;
		};
		84CE0530249532A500FE12BB /* Debug */ = {
			isa = XCBuildConfiguration;
			buildSettings = {
				ASSETCATALOG_COMPILER_APPICON_NAME = AppIcon;
				CODE_SIGN_STYLE = Automatic;
				DEVELOPMENT_ASSET_PATHS = "\"Test/Preview Content\"";
				DEVELOPMENT_TEAM = XG9N63BT3R;
				ENABLE_PREVIEWS = YES;
				INFOPLIST_FILE = Test/Info.plist;
				LD_RUNPATH_SEARCH_PATHS = (
					"$(inherited)",
					"@executable_path/Frameworks",
				);
				PRODUCT_BUNDLE_IDENTIFIER = piose.eleven.Test;
				PRODUCT_NAME = "$(TARGET_NAME)";
				SWIFT_VERSION = 5.0;
				TARGETED_DEVICE_FAMILY = "1,2";
			};
			name = Debug;
		};
		84CE0531249532A500FE12BB /* Release */ = {
			isa = XCBuildConfiguration;
			buildSettings = {
				ASSETCATALOG_COMPILER_APPICON_NAME = AppIcon;
				CODE_SIGN_STYLE = Automatic;
				DEVELOPMENT_ASSET_PATHS = "\"Test/Preview Content\"";
				DEVELOPMENT_TEAM = XG9N63BT3R;
				ENABLE_PREVIEWS = YES;
				INFOPLIST_FILE = Test/Info.plist;
				LD_RUNPATH_SEARCH_PATHS = (
					"$(inherited)",
					"@executable_path/Frameworks",
				);
				PRODUCT_BUNDLE_IDENTIFIER = piose.eleven.Test;
				PRODUCT_NAME = "$(TARGET_NAME)";
				SWIFT_VERSION = 5.0;
				TARGETED_DEVICE_FAMILY = "1,2";
			};
			name = Release;
		};
		84CE0533249532A500FE12BB /* Debug */ = {
			isa = XCBuildConfiguration;
			buildSettings = {
				ALWAYS_EMBED_SWIFT_STANDARD_LIBRARIES = YES;
				BUNDLE_LOADER = "$(TEST_HOST)";
				CODE_SIGN_STYLE = Automatic;
				DEVELOPMENT_TEAM = XG9N63BT3R;
				INFOPLIST_FILE = TestTests/Info.plist;
				IPHONEOS_DEPLOYMENT_TARGET = 13.5;
				LD_RUNPATH_SEARCH_PATHS = (
					"$(inherited)",
					"@executable_path/Frameworks",
					"@loader_path/Frameworks",
				);
				PRODUCT_BUNDLE_IDENTIFIER = piose.eleven.TestTests;
				PRODUCT_NAME = "$(TARGET_NAME)";
				SWIFT_VERSION = 5.0;
				TARGETED_DEVICE_FAMILY = "1,2";
				TEST_HOST = "$(BUILT_PRODUCTS_DIR)/Test.app/Test";
			};
			name = Debug;
		};
		84CE0534249532A500FE12BB /* Release */ = {
			isa = XCBuildConfiguration;
			buildSettings = {
				ALWAYS_EMBED_SWIFT_STANDARD_LIBRARIES = YES;
				BUNDLE_LOADER = "$(TEST_HOST)";
				CODE_SIGN_STYLE = Automatic;
				DEVELOPMENT_TEAM = XG9N63BT3R;
				INFOPLIST_FILE = TestTests/Info.plist;
				IPHONEOS_DEPLOYMENT_TARGET = 13.5;
				LD_RUNPATH_SEARCH_PATHS = (
					"$(inherited)",
					"@executable_path/Frameworks",
					"@loader_path/Frameworks",
				);
				PRODUCT_BUNDLE_IDENTIFIER = piose.eleven.TestTests;
				PRODUCT_NAME = "$(TARGET_NAME)";
				SWIFT_VERSION = 5.0;
				TARGETED_DEVICE_FAMILY = "1,2";
				TEST_HOST = "$(BUILT_PRODUCTS_DIR)/Test.app/Test";
			};
			name = Release;
		};
		84CE0536249532A500FE12BB /* Debug */ = {
			isa = XCBuildConfiguration;
			buildSettings = {
				ALWAYS_EMBED_SWIFT_STANDARD_LIBRARIES = YES;
				CODE_SIGN_STYLE = Automatic;
				DEVELOPMENT_TEAM = XG9N63BT3R;
				INFOPLIST_FILE = TestUITests/Info.plist;
				LD_RUNPATH_SEARCH_PATHS = (
					"$(inherited)",
					"@executable_path/Frameworks",
					"@loader_path/Frameworks",
				);
				PRODUCT_BUNDLE_IDENTIFIER = piose.eleven.TestUITests;
				PRODUCT_NAME = "$(TARGET_NAME)";
				SWIFT_VERSION = 5.0;
				TARGETED_DEVICE_FAMILY = "1,2";
				TEST_TARGET_NAME = Test;
			};
			name = Debug;
		};
		84CE0537249532A500FE12BB /* Release */ = {
			isa = XCBuildConfiguration;
			buildSettings = {
				ALWAYS_EMBED_SWIFT_STANDARD_LIBRARIES = YES;
				CODE_SIGN_STYLE = Automatic;
				DEVELOPMENT_TEAM = XG9N63BT3R;
				INFOPLIST_FILE = TestUITests/Info.plist;
				LD_RUNPATH_SEARCH_PATHS = (
					"$(inherited)",
					"@executable_path/Frameworks",
					"@loader_path/Frameworks",
				);
				PRODUCT_BUNDLE_IDENTIFIER = piose.eleven.TestUITests;
				PRODUCT_NAME = "$(TARGET_NAME)";
				SWIFT_VERSION = 5.0;
				TARGETED_DEVICE_FAMILY = "1,2";
				TEST_TARGET_NAME = Test;
			};
			name = Release;
		};
/* End XCBuildConfiguration section */

/* Begin XCConfigurationList section */
		84CE04FB249532A400FE12BB /* Build configuration list for PBXProject "Test" */ = {
			isa = XCConfigurationList;
			buildConfigurations = (
				84CE052D249532A500FE12BB /* Debug */,
				84CE052E249532A500FE12BB /* Release */,
			);
			defaultConfigurationIsVisible = 0;
			defaultConfigurationName = Release;
		};
		84CE052F249532A500FE12BB /* Build configuration list for PBXNativeTarget "Test" */ = {
			isa = XCConfigurationList;
			buildConfigurations = (
				84CE0530249532A500FE12BB /* Debug */,
				84CE0531249532A500FE12BB /* Release */,
			);
			defaultConfigurationIsVisible = 0;
			defaultConfigurationName = Release;
		};
		84CE0532249532A500FE12BB /* Build configuration list for PBXNativeTarget "TestTests" */ = {
			isa = XCConfigurationList;
			buildConfigurations = (
				84CE0533249532A500FE12BB /* Debug */,
				84CE0534249532A500FE12BB /* Release */,
			);
			defaultConfigurationIsVisible = 0;
			defaultConfigurationName = Release;
		};
		84CE0535249532A500FE12BB /* Build configuration list for PBXNativeTarget "TestUITests" */ = {
			isa = XCConfigurationList;
			buildConfigurations = (
				84CE0536249532A500FE12BB /* Debug */,
				84CE0537249532A500FE12BB /* Release */,
			);
			defaultConfigurationIsVisible = 0;
			defaultConfigurationName = Release;
		};
/* End XCConfigurationList section */

/* Begin XCVersionGroup section */
		84CE0505249532A400FE12BB /* Test.xcdatamodeld */ = {
			isa = XCVersionGroup;
			children = (
				84CE0506249532A400FE12BB /* Test.xcdatamodel */,
			);
			currentVersion = 84CE0506249532A400FE12BB /* Test.xcdatamodel */;
			path = Test.xcdatamodeld;
			sourceTree = "<group>";
			versionGroupType = wrapper.xcdatamodel;
		};
/* End XCVersionGroup section */
	};
	rootObject = 84CE04F8249532A400FE12BB /* Project object */;
}
