// !$*UTF8*$!
{
	archiveVersion = 1;
	classes = {
	};
	objectVersion = 50;
	objects = {

/* Begin PBXBuildFile section */
		84CE04B02495059B00FE12BB /* AppDelegate.swift in Sources */ = {isa = PBXBuildFile; fileRef = 84CE04AF2495059B00FE12BB /* AppDelegate.swift */; };
		84CE04B32495059B00FE12BB /* Template.xcdatamodeld in Sources */ = {isa = PBXBuildFile; fileRef = 84CE04B12495059B00FE12BB /* Template.xcdatamodeld */; };
		84CE04B52495059B00FE12BB /* SceneDelegate.swift in Sources */ = {isa = PBXBuildFile; fileRef = 84CE04B42495059B00FE12BB /* SceneDelegate.swift */; };
		84CE04B72495059B00FE12BB /* Event.swift in Sources */ = {isa = PBXBuildFile; fileRef = 84CE04B62495059B00FE12BB /* Event.swift */; };
		84CE04B92495059B00FE12BB /* ContentView.swift in Sources */ = {isa = PBXBuildFile; fileRef = 84CE04B82495059B00FE12BB /* ContentView.swift */; };
		84CE04BB2495059C00FE12BB /* Assets.xcassets in Resources */ = {isa = PBXBuildFile; fileRef = 84CE04BA2495059C00FE12BB /* Assets.xcassets */; };
		84CE04BE2495059C00FE12BB /* Preview Assets.xcassets in Resources */ = {isa = PBXBuildFile; fileRef = 84CE04BD2495059C00FE12BB /* Preview Assets.xcassets */; };
		84CE04C12495059C00FE12BB /* LaunchScreen.storyboard in Resources */ = {isa = PBXBuildFile; fileRef = 84CE04BF2495059C00FE12BB /* LaunchScreen.storyboard */; };
		84CE04CC2495059D00FE12BB /* TemplateTests.swift in Sources */ = {isa = PBXBuildFile; fileRef = 84CE04CB2495059D00FE12BB /* TemplateTests.swift */; };
		84CE04D72495059D00FE12BB /* TemplateUITests.swift in Sources */ = {isa = PBXBuildFile; fileRef = 84CE04D62495059D00FE12BB /* TemplateUITests.swift */; };
/* End PBXBuildFile section */

/* Begin PBXContainerItemProxy section */
		84CE04C82495059D00FE12BB /* PBXContainerItemProxy */ = {
			isa = PBXContainerItemProxy;
			containerPortal = 84CE04A42495059B00FE12BB /* Project object */;
			proxyType = 1;
			remoteGlobalIDString = 84CE04AB2495059B00FE12BB;
			remoteInfo = Template;
		};
		84CE04D32495059D00FE12BB /* PBXContainerItemProxy */ = {
			isa = PBXContainerItemProxy;
			containerPortal = 84CE04A42495059B00FE12BB /* Project object */;
			proxyType = 1;
			remoteGlobalIDString = 84CE04AB2495059B00FE12BB;
			remoteInfo = Template;
		};
/* End PBXContainerItemProxy section */

/* Begin PBXFileReference section */
		84CE04AC2495059B00FE12BB /* Template.app */ = {isa = PBXFileReference; explicitFileType = wrapper.application; includeInIndex = 0; path = Template.app; sourceTree = BUILT_PRODUCTS_DIR; };
		84CE04AF2495059B00FE12BB /* AppDelegate.swift */ = {isa = PBXFileReference; lastKnownFileType = sourcecode.swift; path = AppDelegate.swift; sourceTree = "<group>"; };
		84CE04B22495059B00FE12BB /* Template.xcdatamodel */ = {isa = PBXFileReference; lastKnownFileType = wrapper.xcdatamodel; path = Template.xcdatamodel; sourceTree = "<group>"; };
		84CE04B42495059B00FE12BB /* SceneDelegate.swift */ = {isa = PBXFileReference; lastKnownFileType = sourcecode.swift; path = SceneDelegate.swift; sourceTree = "<group>"; };
		84CE04B62495059B00FE12BB /* Event.swift */ = {isa = PBXFileReference; lastKnownFileType = sourcecode.swift; path = Event.swift; sourceTree = "<group>"; };
		84CE04B82495059B00FE12BB /* ContentView.swift */ = {isa = PBXFileReference; lastKnownFileType = sourcecode.swift; path = ContentView.swift; sourceTree = "<group>"; };
		84CE04BA2495059C00FE12BB /* Assets.xcassets */ = {isa = PBXFileReference; lastKnownFileType = folder.assetcatalog; path = Assets.xcassets; sourceTree = "<group>"; };
		84CE04BD2495059C00FE12BB /* Preview Assets.xcassets */ = {isa = PBXFileReference; lastKnownFileType = folder.assetcatalog; path = "Preview Assets.xcassets"; sourceTree = "<group>"; };
		84CE04C02495059C00FE12BB /* Base */ = {isa = PBXFileReference; lastKnownFileType = file.storyboard; name = Base; path = Base.lproj/LaunchScreen.storyboard; sourceTree = "<group>"; };
		84CE04C22495059C00FE12BB /* Info.plist */ = {isa = PBXFileReference; lastKnownFileType = text.plist.xml; path = Info.plist; sourceTree = "<group>"; };
		84CE04C72495059D00FE12BB /* TemplateTests.xctest */ = {isa = PBXFileReference; explicitFileType = wrapper.cfbundle; includeInIndex = 0; path = TemplateTests.xctest; sourceTree = BUILT_PRODUCTS_DIR; };
		84CE04CB2495059D00FE12BB /* TemplateTests.swift */ = {isa = PBXFileReference; lastKnownFileType = sourcecode.swift; path = TemplateTests.swift; sourceTree = "<group>"; };
		84CE04CD2495059D00FE12BB /* Info.plist */ = {isa = PBXFileReference; lastKnownFileType = text.plist.xml; path = Info.plist; sourceTree = "<group>"; };
		84CE04D22495059D00FE12BB /* TemplateUITests.xctest */ = {isa = PBXFileReference; explicitFileType = wrapper.cfbundle; includeInIndex = 0; path = TemplateUITests.xctest; sourceTree = BUILT_PRODUCTS_DIR; };
		84CE04D62495059D00FE12BB /* TemplateUITests.swift */ = {isa = PBXFileReference; lastKnownFileType = sourcecode.swift; path = TemplateUITests.swift; sourceTree = "<group>"; };
		84CE04D82495059D00FE12BB /* Info.plist */ = {isa = PBXFileReference; lastKnownFileType = text.plist.xml; path = Info.plist; sourceTree = "<group>"; };
/* End PBXFileReference section */

/* Begin PBXFrameworksBuildPhase section */
		84CE04A92495059B00FE12BB /* Frameworks */ = {
			isa = PBXFrameworksBuildPhase;
			buildActionMask = 2147483647;
			files = (
			);
			runOnlyForDeploymentPostprocessing = 0;
		};
		84CE04C42495059D00FE12BB /* Frameworks */ = {
			isa = PBXFrameworksBuildPhase;
			buildActionMask = 2147483647;
			files = (
			);
			runOnlyForDeploymentPostprocessing = 0;
		};
		84CE04CF2495059D00FE12BB /* Frameworks */ = {
			isa = PBXFrameworksBuildPhase;
			buildActionMask = 2147483647;
			files = (
			);
			runOnlyForDeploymentPostprocessing = 0;
		};
/* End PBXFrameworksBuildPhase section */

/* Begin PBXGroup section */
		84CE04A32495059B00FE12BB = {
			isa = PBXGroup;
			children = (
				84CE04AE2495059B00FE12BB /* Template */,
				84CE04CA2495059D00FE12BB /* TemplateTests */,
				84CE04D52495059D00FE12BB /* TemplateUITests */,
				84CE04AD2495059B00FE12BB /* Products */,
			);
			sourceTree = "<group>";
		};
		84CE04AD2495059B00FE12BB /* Products */ = {
			isa = PBXGroup;
			children = (
				84CE04AC2495059B00FE12BB /* Template.app */,
				84CE04C72495059D00FE12BB /* TemplateTests.xctest */,
				84CE04D22495059D00FE12BB /* TemplateUITests.xctest */,
			);
			name = Products;
			sourceTree = "<group>";
		};
		84CE04AE2495059B00FE12BB /* Template */ = {
			isa = PBXGroup;
			children = (
				84CE04AF2495059B00FE12BB /* AppDelegate.swift */,
				84CE04B42495059B00FE12BB /* SceneDelegate.swift */,
				84CE04B62495059B00FE12BB /* Event.swift */,
				84CE04B82495059B00FE12BB /* ContentView.swift */,
				84CE04BA2495059C00FE12BB /* Assets.xcassets */,
				84CE04BF2495059C00FE12BB /* LaunchScreen.storyboard */,
				84CE04C22495059C00FE12BB /* Info.plist */,
				84CE04B12495059B00FE12BB /* Template.xcdatamodeld */,
				84CE04BC2495059C00FE12BB /* Preview Content */,
			);
			path = Template;
			sourceTree = "<group>";
		};
		84CE04BC2495059C00FE12BB /* Preview Content */ = {
			isa = PBXGroup;
			children = (
				84CE04BD2495059C00FE12BB /* Preview Assets.xcassets */,
			);
			path = "Preview Content";
			sourceTree = "<group>";
		};
		84CE04CA2495059D00FE12BB /* TemplateTests */ = {
			isa = PBXGroup;
			children = (
				84CE04CB2495059D00FE12BB /* TemplateTests.swift */,
				84CE04CD2495059D00FE12BB /* Info.plist */,
			);
			path = TemplateTests;
			sourceTree = "<group>";
		};
		84CE04D52495059D00FE12BB /* TemplateUITests */ = {
			isa = PBXGroup;
			children = (
				84CE04D62495059D00FE12BB /* TemplateUITests.swift */,
				84CE04D82495059D00FE12BB /* Info.plist */,
			);
			path = TemplateUITests;
			sourceTree = "<group>";
		};
/* End PBXGroup section */

/* Begin PBXNativeTarget section */
		84CE04AB2495059B00FE12BB /* Template */ = {
			isa = PBXNativeTarget;
			buildConfigurationList = 84CE04DB2495059D00FE12BB /* Build configuration list for PBXNativeTarget "Template" */;
			buildPhases = (
				84CE04A82495059B00FE12BB /* Sources */,
				84CE04A92495059B00FE12BB /* Frameworks */,
				84CE04AA2495059B00FE12BB /* Resources */,
			);
			buildRules = (
			);
			dependencies = (
			);
			name = Template;
			productName = Template;
			productReference = 84CE04AC2495059B00FE12BB /* Template.app */;
			productType = "com.apple.product-type.application";
		};
		84CE04C62495059D00FE12BB /* TemplateTests */ = {
			isa = PBXNativeTarget;
			buildConfigurationList = 84CE04DE2495059D00FE12BB /* Build configuration list for PBXNativeTarget "TemplateTests" */;
			buildPhases = (
				84CE04C32495059D00FE12BB /* Sources */,
				84CE04C42495059D00FE12BB /* Frameworks */,
				84CE04C52495059D00FE12BB /* Resources */,
			);
			buildRules = (
			);
			dependencies = (
				84CE04C92495059D00FE12BB /* PBXTargetDependency */,
			);
			name = TemplateTests;
			productName = TemplateTests;
			productReference = 84CE04C72495059D00FE12BB /* TemplateTests.xctest */;
			productType = "com.apple.product-type.bundle.unit-test";
		};
		84CE04D12495059D00FE12BB /* TemplateUITests */ = {
			isa = PBXNativeTarget;
			buildConfigurationList = 84CE04E12495059D00FE12BB /* Build configuration list for PBXNativeTarget "TemplateUITests" */;
			buildPhases = (
				84CE04CE2495059D00FE12BB /* Sources */,
				84CE04CF2495059D00FE12BB /* Frameworks */,
				84CE04D02495059D00FE12BB /* Resources */,
			);
			buildRules = (
			);
			dependencies = (
				84CE04D42495059D00FE12BB /* PBXTargetDependency */,
			);
			name = TemplateUITests;
			productName = TemplateUITests;
			productReference = 84CE04D22495059D00FE12BB /* TemplateUITests.xctest */;
			productType = "com.apple.product-type.bundle.ui-testing";
		};
/* End PBXNativeTarget section */

/* Begin PBXProject section */
		84CE04A42495059B00FE12BB /* Project object */ = {
			isa = PBXProject;
			attributes = {
				LastSwiftUpdateCheck = 1150;
				LastUpgradeCheck = 1150;
				ORGANIZATIONNAME = ChristophWeber;
				TargetAttributes = {
					84CE04AB2495059B00FE12BB = {
						CreatedOnToolsVersion = 11.5;
					};
					84CE04C62495059D00FE12BB = {
						CreatedOnToolsVersion = 11.5;
						TestTargetID = 84CE04AB2495059B00FE12BB;
					};
					84CE04D12495059D00FE12BB = {
						CreatedOnToolsVersion = 11.5;
						TestTargetID = 84CE04AB2495059B00FE12BB;
					};
				};
			};
			buildConfigurationList = 84CE04A72495059B00FE12BB /* Build configuration list for PBXProject "Template" */;
			compatibilityVersion = "Xcode 9.3";
			developmentRegion = en;
			hasScannedForEncodings = 0;
			knownRegions = (
				en,
				Base,
			);
			mainGroup = 84CE04A32495059B00FE12BB;
			productRefGroup = 84CE04AD2495059B00FE12BB /* Products */;
			projectDirPath = "";
			projectRoot = "";
			targets = (
				84CE04AB2495059B00FE12BB /* Template */,
				84CE04C62495059D00FE12BB /* TemplateTests */,
				84CE04D12495059D00FE12BB /* TemplateUITests */,
			);
		};
/* End PBXProject section */

/* Begin PBXResourcesBuildPhase section */
		84CE04AA2495059B00FE12BB /* Resources */ = {
			isa = PBXResourcesBuildPhase;
			buildActionMask = 2147483647;
			files = (
				84CE04C12495059C00FE12BB /* LaunchScreen.storyboard in Resources */,
				84CE04BE2495059C00FE12BB /* Preview Assets.xcassets in Resources */,
				84CE04BB2495059C00FE12BB /* Assets.xcassets in Resources */,
			);
			runOnlyForDeploymentPostprocessing = 0;
		};
		84CE04C52495059D00FE12BB /* Resources */ = {
			isa = PBXResourcesBuildPhase;
			buildActionMask = 2147483647;
			files = (
			);
			runOnlyForDeploymentPostprocessing = 0;
		};
		84CE04D02495059D00FE12BB /* Resources */ = {
			isa = PBXResourcesBuildPhase;
			buildActionMask = 2147483647;
			files = (
			);
			runOnlyForDeploymentPostprocessing = 0;
		};
/* End PBXResourcesBuildPhase section */

/* Begin PBXSourcesBuildPhase section */
		84CE04A82495059B00FE12BB /* Sources */ = {
			isa = PBXSourcesBuildPhase;
			buildActionMask = 2147483647;
			files = (
				84CE04B72495059B00FE12BB /* Event.swift in Sources */,
				84CE04B92495059B00FE12BB /* ContentView.swift in Sources */,
				84CE04B02495059B00FE12BB /* AppDelegate.swift in Sources */,
				84CE04B32495059B00FE12BB /* Template.xcdatamodeld in Sources */,
				84CE04B52495059B00FE12BB /* SceneDelegate.swift in Sources */,
			);
			runOnlyForDeploymentPostprocessing = 0;
		};
		84CE04C32495059D00FE12BB /* Sources */ = {
			isa = PBXSourcesBuildPhase;
			buildActionMask = 2147483647;
			files = (
				84CE04CC2495059D00FE12BB /* TemplateTests.swift in Sources */,
			);
			runOnlyForDeploymentPostprocessing = 0;
		};
		84CE04CE2495059D00FE12BB /* Sources */ = {
			isa = PBXSourcesBuildPhase;
			buildActionMask = 2147483647;
			files = (
				84CE04D72495059D00FE12BB /* TemplateUITests.swift in Sources */,
			);
			runOnlyForDeploymentPostprocessing = 0;
		};
/* End PBXSourcesBuildPhase section */

/* Begin PBXTargetDependency section */
		84CE04C92495059D00FE12BB /* PBXTargetDependency */ = {
			isa = PBXTargetDependency;
			target = 84CE04AB2495059B00FE12BB /* Template */;
			targetProxy = 84CE04C82495059D00FE12BB /* PBXContainerItemProxy */;
		};
		84CE04D42495059D00FE12BB /* PBXTargetDependency */ = {
			isa = PBXTargetDependency;
			target = 84CE04AB2495059B00FE12BB /* Template */;
			targetProxy = 84CE04D32495059D00FE12BB /* PBXContainerItemProxy */;
		};
/* End PBXTargetDependency section */

/* Begin PBXVariantGroup section */
		84CE04BF2495059C00FE12BB /* LaunchScreen.storyboard */ = {
			isa = PBXVariantGroup;
			children = (
				84CE04C02495059C00FE12BB /* Base */,
			);
			name = LaunchScreen.storyboard;
			sourceTree = "<group>";
		};
/* End PBXVariantGroup section */

/* Begin XCBuildConfiguration section */
		84CE04D92495059D00FE12BB /* Debug */ = {
			isa = XCBuildConfiguration;
			buildSettings = {
				ALWAYS_SEARCH_USER_PATHS = NO;
				CLANG_ANALYZER_NONNULL = YES;
				CLANG_ANALYZER_NUMBER_OBJECT_CONVERSION = YES_AGGRESSIVE;
				CLANG_CXX_LANGUAGE_STANDARD = "gnu++14";
				CLANG_CXX_LIBRARY = "libc++";
				CLANG_ENABLE_MODULES = YES;
				CLANG_ENABLE_OBJC_ARC = YES;
				CLANG_ENABLE_OBJC_WEAK = YES;
				CLANG_WARN_BLOCK_CAPTURE_AUTORELEASING = YES;
				CLANG_WARN_BOOL_CONVERSION = YES;
				CLANG_WARN_COMMA = YES;
				CLANG_WARN_CONSTANT_CONVERSION = YES;
				CLANG_WARN_DEPRECATED_OBJC_IMPLEMENTATIONS = YES;
				CLANG_WARN_DIRECT_OBJC_ISA_USAGE = YES_ERROR;
				CLANG_WARN_DOCUMENTATION_COMMENTS = YES;
				CLANG_WARN_EMPTY_BODY = YES;
				CLANG_WARN_ENUM_CONVERSION = YES;
				CLANG_WARN_INFINITE_RECURSION = YES;
				CLANG_WARN_INT_CONVERSION = YES;
				CLANG_WARN_NON_LITERAL_NULL_CONVERSION = YES;
				CLANG_WARN_OBJC_IMPLICIT_RETAIN_SELF = YES;
				CLANG_WARN_OBJC_LITERAL_CONVERSION = YES;
				CLANG_WARN_OBJC_ROOT_CLASS = YES_ERROR;
				CLANG_WARN_RANGE_LOOP_ANALYSIS = YES;
				CLANG_WARN_STRICT_PROTOTYPES = YES;
				CLANG_WARN_SUSPICIOUS_MOVE = YES;
				CLANG_WARN_UNGUARDED_AVAILABILITY = YES_AGGRESSIVE;
				CLANG_WARN_UNREACHABLE_CODE = YES;
				CLANG_WARN__DUPLICATE_METHOD_MATCH = YES;
				COPY_PHASE_STRIP = NO;
				DEBUG_INFORMATION_FORMAT = dwarf;
				ENABLE_STRICT_OBJC_MSGSEND = YES;
				ENABLE_TESTABILITY = YES;
				GCC_C_LANGUAGE_STANDARD = gnu11;
				GCC_DYNAMIC_NO_PIC = NO;
				GCC_NO_COMMON_BLOCKS = YES;
				GCC_OPTIMIZATION_LEVEL = 0;
				GCC_PREPROCESSOR_DEFINITIONS = (
					"DEBUG=1",
					"$(inherited)",
				);
				GCC_WARN_64_TO_32_BIT_CONVERSION = YES;
				GCC_WARN_ABOUT_RETURN_TYPE = YES_ERROR;
				GCC_WARN_UNDECLARED_SELECTOR = YES;
				GCC_WARN_UNINITIALIZED_AUTOS = YES_AGGRESSIVE;
				GCC_WARN_UNUSED_FUNCTION = YES;
				GCC_WARN_UNUSED_VARIABLE = YES;
				IPHONEOS_DEPLOYMENT_TARGET = 13.5;
				MTL_ENABLE_DEBUG_INFO = INCLUDE_SOURCE;
				MTL_FAST_MATH = YES;
				ONLY_ACTIVE_ARCH = YES;
				SDKROOT = iphoneos;
				SWIFT_ACTIVE_COMPILATION_CONDITIONS = DEBUG;
				SWIFT_OPTIMIZATION_LEVEL = "-Onone";
			};
			name = Debug;
		};
		84CE04DA2495059D00FE12BB /* Release */ = {
			isa = XCBuildConfiguration;
			buildSettings = {
				ALWAYS_SEARCH_USER_PATHS = NO;
				CLANG_ANALYZER_NONNULL = YES;
				CLANG_ANALYZER_NUMBER_OBJECT_CONVERSION = YES_AGGRESSIVE;
				CLANG_CXX_LANGUAGE_STANDARD = "gnu++14";
				CLANG_CXX_LIBRARY = "libc++";
				CLANG_ENABLE_MODULES = YES;
				CLANG_ENABLE_OBJC_ARC = YES;
				CLANG_ENABLE_OBJC_WEAK = YES;
				CLANG_WARN_BLOCK_CAPTURE_AUTORELEASING = YES;
				CLANG_WARN_BOOL_CONVERSION = YES;
				CLANG_WARN_COMMA = YES;
				CLANG_WARN_CONSTANT_CONVERSION = YES;
				CLANG_WARN_DEPRECATED_OBJC_IMPLEMENTATIONS = YES;
				CLANG_WARN_DIRECT_OBJC_ISA_USAGE = YES_ERROR;
				CLANG_WARN_DOCUMENTATION_COMMENTS = YES;
				CLANG_WARN_EMPTY_BODY = YES;
				CLANG_WARN_ENUM_CONVERSION = YES;
				CLANG_WARN_INFINITE_RECURSION = YES;
				CLANG_WARN_INT_CONVERSION = YES;
				CLANG_WARN_NON_LITERAL_NULL_CONVERSION = YES;
				CLANG_WARN_OBJC_IMPLICIT_RETAIN_SELF = YES;
				CLANG_WARN_OBJC_LITERAL_CONVERSION = YES;
				CLANG_WARN_OBJC_ROOT_CLASS = YES_ERROR;
				CLANG_WARN_RANGE_LOOP_ANALYSIS = YES;
				CLANG_WARN_STRICT_PROTOTYPES = YES;
				CLANG_WARN_SUSPICIOUS_MOVE = YES;
				CLANG_WARN_UNGUARDED_AVAILABILITY = YES_AGGRESSIVE;
				CLANG_WARN_UNREACHABLE_CODE = YES;
				CLANG_WARN__DUPLICATE_METHOD_MATCH = YES;
				COPY_PHASE_STRIP = NO;
				DEBUG_INFORMATION_FORMAT = "dwarf-with-dsym";
				ENABLE_NS_ASSERTIONS = NO;
				ENABLE_STRICT_OBJC_MSGSEND = YES;
				GCC_C_LANGUAGE_STANDARD = gnu11;
				GCC_NO_COMMON_BLOCKS = YES;
				GCC_WARN_64_TO_32_BIT_CONVERSION = YES;
				GCC_WARN_ABOUT_RETURN_TYPE = YES_ERROR;
				GCC_WARN_UNDECLARED_SELECTOR = YES;
				GCC_WARN_UNINITIALIZED_AUTOS = YES_AGGRESSIVE;
				GCC_WARN_UNUSED_FUNCTION = YES;
				GCC_WARN_UNUSED_VARIABLE = YES;
				IPHONEOS_DEPLOYMENT_TARGET = 13.5;
				MTL_ENABLE_DEBUG_INFO = NO;
				MTL_FAST_MATH = YES;
				SDKROOT = iphoneos;
				SWIFT_COMPILATION_MODE = wholemodule;
				SWIFT_OPTIMIZATION_LEVEL = "-O";
				VALIDATE_PRODUCT = YES;
			};
			name = Release;
		};
		84CE04DC2495059D00FE12BB /* Debug */ = {
			isa = XCBuildConfiguration;
			buildSettings = {
				ASSETCATALOG_COMPILER_APPICON_NAME = AppIcon;
				CODE_SIGN_STYLE = Automatic;
				DEVELOPMENT_ASSET_PATHS = "\"Template/Preview Content\"";
				DEVELOPMENT_TEAM = XG9N63BT3R;
				ENABLE_PREVIEWS = YES;
				INFOPLIST_FILE = Template/Info.plist;
				LD_RUNPATH_SEARCH_PATHS = (
					"$(inherited)",
					"@executable_path/Frameworks",
				);
				PRODUCT_BUNDLE_IDENTIFIER = piose.eleven.Template;
				PRODUCT_NAME = "$(TARGET_NAME)";
				SWIFT_VERSION = 5.0;
				TARGETED_DEVICE_FAMILY = "1,2";
			};
			name = Debug;
		};
		84CE04DD2495059D00FE12BB /* Release */ = {
			isa = XCBuildConfiguration;
			buildSettings = {
				ASSETCATALOG_COMPILER_APPICON_NAME = AppIcon;
				CODE_SIGN_STYLE = Automatic;
				DEVELOPMENT_ASSET_PATHS = "\"Template/Preview Content\"";
				DEVELOPMENT_TEAM = XG9N63BT3R;
				ENABLE_PREVIEWS = YES;
				INFOPLIST_FILE = Template/Info.plist;
				LD_RUNPATH_SEARCH_PATHS = (
					"$(inherited)",
					"@executable_path/Frameworks",
				);
				PRODUCT_BUNDLE_IDENTIFIER = piose.eleven.Template;
				PRODUCT_NAME = "$(TARGET_NAME)";
				SWIFT_VERSION = 5.0;
				TARGETED_DEVICE_FAMILY = "1,2";
			};
			name = Release;
		};
		84CE04DF2495059D00FE12BB /* Debug */ = {
			isa = XCBuildConfiguration;
			buildSettings = {
				ALWAYS_EMBED_SWIFT_STANDARD_LIBRARIES = YES;
				BUNDLE_LOADER = "$(TEST_HOST)";
				CODE_SIGN_STYLE = Automatic;
				DEVELOPMENT_TEAM = XG9N63BT3R;
				INFOPLIST_FILE = TemplateTests/Info.plist;
				IPHONEOS_DEPLOYMENT_TARGET = 13.5;
				LD_RUNPATH_SEARCH_PATHS = (
					"$(inherited)",
					"@executable_path/Frameworks",
					"@loader_path/Frameworks",
				);
				PRODUCT_BUNDLE_IDENTIFIER = piose.eleven.TemplateTests;
				PRODUCT_NAME = "$(TARGET_NAME)";
				SWIFT_VERSION = 5.0;
				TARGETED_DEVICE_FAMILY = "1,2";
				TEST_HOST = "$(BUILT_PRODUCTS_DIR)/Template.app/Template";
			};
			name = Debug;
		};
		84CE04E02495059D00FE12BB /* Release */ = {
			isa = XCBuildConfiguration;
			buildSettings = {
				ALWAYS_EMBED_SWIFT_STANDARD_LIBRARIES = YES;
				BUNDLE_LOADER = "$(TEST_HOST)";
				CODE_SIGN_STYLE = Automatic;
				DEVELOPMENT_TEAM = XG9N63BT3R;
				INFOPLIST_FILE = TemplateTests/Info.plist;
				IPHONEOS_DEPLOYMENT_TARGET = 13.5;
				LD_RUNPATH_SEARCH_PATHS = (
					"$(inherited)",
					"@executable_path/Frameworks",
					"@loader_path/Frameworks",
				);
				PRODUCT_BUNDLE_IDENTIFIER = piose.eleven.TemplateTests;
				PRODUCT_NAME = "$(TARGET_NAME)";
				SWIFT_VERSION = 5.0;
				TARGETED_DEVICE_FAMILY = "1,2";
				TEST_HOST = "$(BUILT_PRODUCTS_DIR)/Template.app/Template";
			};
			name = Release;
		};
		84CE04E22495059D00FE12BB /* Debug */ = {
			isa = XCBuildConfiguration;
			buildSettings = {
				ALWAYS_EMBED_SWIFT_STANDARD_LIBRARIES = YES;
				CODE_SIGN_STYLE = Automatic;
				DEVELOPMENT_TEAM = XG9N63BT3R;
				INFOPLIST_FILE = TemplateUITests/Info.plist;
				LD_RUNPATH_SEARCH_PATHS = (
					"$(inherited)",
					"@executable_path/Frameworks",
					"@loader_path/Frameworks",
				);
				PRODUCT_BUNDLE_IDENTIFIER = piose.eleven.TemplateUITests;
				PRODUCT_NAME = "$(TARGET_NAME)";
				SWIFT_VERSION = 5.0;
				TARGETED_DEVICE_FAMILY = "1,2";
				TEST_TARGET_NAME = Template;
			};
			name = Debug;
		};
		84CE04E32495059D00FE12BB /* Release */ = {
			isa = XCBuildConfiguration;
			buildSettings = {
				ALWAYS_EMBED_SWIFT_STANDARD_LIBRARIES = YES;
				CODE_SIGN_STYLE = Automatic;
				DEVELOPMENT_TEAM = XG9N63BT3R;
				INFOPLIST_FILE = TemplateUITests/Info.plist;
				LD_RUNPATH_SEARCH_PATHS = (
					"$(inherited)",
					"@executable_path/Frameworks",
					"@loader_path/Frameworks",
				);
				PRODUCT_BUNDLE_IDENTIFIER = piose.eleven.TemplateUITests;
				PRODUCT_NAME = "$(TARGET_NAME)";
				SWIFT_VERSION = 5.0;
				TARGETED_DEVICE_FAMILY = "1,2";
				TEST_TARGET_NAME = Template;
			};
			name = Release;
		};
/* End XCBuildConfiguration section */

/* Begin XCConfigurationList section */
		84CE04A72495059B00FE12BB /* Build configuration list for PBXProject "Template" */ = {
			isa = XCConfigurationList;
			buildConfigurations = (
				84CE04D92495059D00FE12BB /* Debug */,
				84CE04DA2495059D00FE12BB /* Release */,
			);
			defaultConfigurationIsVisible = 0;
			defaultConfigurationName = Release;
		};
		84CE04DB2495059D00FE12BB /* Build configuration list for PBXNativeTarget "Template" */ = {
			isa = XCConfigurationList;
			buildConfigurations = (
				84CE04DC2495059D00FE12BB /* Debug */,
				84CE04DD2495059D00FE12BB /* Release */,
			);
			defaultConfigurationIsVisible = 0;
			defaultConfigurationName = Release;
		};
		84CE04DE2495059D00FE12BB /* Build configuration list for PBXNativeTarget "TemplateTests" */ = {
			isa = XCConfigurationList;
			buildConfigurations = (
				84CE04DF2495059D00FE12BB /* Debug */,
				84CE04E02495059D00FE12BB /* Release */,
			);
			defaultConfigurationIsVisible = 0;
			defaultConfigurationName = Release;
		};
		84CE04E12495059D00FE12BB /* Build configuration list for PBXNativeTarget "TemplateUITests" */ = {
			isa = XCConfigurationList;
			buildConfigurations = (
				84CE04E22495059D00FE12BB /* Debug */,
				84CE04E32495059D00FE12BB /* Release */,
			);
			defaultConfigurationIsVisible = 0;
			defaultConfigurationName = Release;
		};
/* End XCConfigurationList section */

/* Begin XCVersionGroup section */
		84CE04B12495059B00FE12BB /* Template.xcdatamodeld */ = {
			isa = XCVersionGroup;
			children = (
				84CE04B22495059B00FE12BB /* Template.xcdatamodel */,
			);
			currentVersion = 84CE04B22495059B00FE12BB /* Template.xcdatamodel */;
			path = Template.xcdatamodeld;
			sourceTree = "<group>";
			versionGroupType = wrapper.xcdatamodel;
		};
/* End XCVersionGroup section */
	};
	rootObject = 84CE04A42495059B00FE12BB /* Project object */;
}
