// !$*UTF8*$!
{
	archiveVersion = 1;
	classes = {
	};
	objectVersion = 50;
	objects = {

/* Begin PBXBuildFile section */
		84CE0545249533EF00FE12BB /* AppDelegate.swift in Sources */ = {isa = PBXBuildFile; fileRef = 84CE0544249533EF00FE12BB /* AppDelegate.swift */; };
		84CE0548249533EF00FE12BB /* Test2.xcdatamodeld in Sources */ = {isa = PBXBuildFile; fileRef = 84CE0546249533EF00FE12BB /* Test2.xcdatamodeld */; };
		84CE054A249533EF00FE12BB /* SceneDelegate.swift in Sources */ = {isa = PBXBuildFile; fileRef = 84CE0549249533EF00FE12BB /* SceneDelegate.swift */; };
		84CE054C249533EF00FE12BB /* Event.swift in Sources */ = {isa = PBXBuildFile; fileRef = 84CE054B249533EF00FE12BB /* Event.swift */; };
		84CE054E249533EF00FE12BB /* ContentView.swift in Sources */ = {isa = PBXBuildFile; fileRef = 84CE054D249533EF00FE12BB /* ContentView.swift */; };
		84CE0550249533EF00FE12BB /* Assets.xcassets in Resources */ = {isa = PBXBuildFile; fileRef = 84CE054F249533EF00FE12BB /* Assets.xcassets */; };
		84CE0553249533EF00FE12BB /* Preview Assets.xcassets in Resources */ = {isa = PBXBuildFile; fileRef = 84CE0552249533EF00FE12BB /* Preview Assets.xcassets */; };
		84CE0556249533EF00FE12BB /* LaunchScreen.storyboard in Resources */ = {isa = PBXBuildFile; fileRef = 84CE0554249533EF00FE12BB /* LaunchScreen.storyboard */; };
		84CE0561249533F000FE12BB /* Test2Tests.swift in Sources */ = {isa = PBXBuildFile; fileRef = 84CE0560249533F000FE12BB /* Test2Tests.swift */; };
		84CE056C249533F000FE12BB /* Test2UITests.swift in Sources */ = {isa = PBXBuildFile; fileRef = 84CE056B249533F000FE12BB /* Test2UITests.swift */; };
/* End PBXBuildFile section */

/* Begin PBXContainerItemProxy section */
		84CE055D249533F000FE12BB /* PBXContainerItemProxy */ = {
			isa = PBXContainerItemProxy;
			containerPortal = 84CE0539249533EF00FE12BB /* Project object */;
			proxyType = 1;
			remoteGlobalIDString = 84CE0540249533EF00FE12BB;
			remoteInfo = Test2;
		};
		84CE0568249533F000FE12BB /* PBXContainerItemProxy */ = {
			isa = PBXContainerItemProxy;
			containerPortal = 84CE0539249533EF00FE12BB /* Project object */;
			proxyType = 1;
			remoteGlobalIDString = 84CE0540249533EF00FE12BB;
			remoteInfo = Test2;
		};
/* End PBXContainerItemProxy section */

/* Begin PBXFileReference section */
		84CE0541249533EF00FE12BB /* Test2.app */ = {isa = PBXFileReference; explicitFileType = wrapper.application; includeInIndex = 0; path = Test2.app; sourceTree = BUILT_PRODUCTS_DIR; };
		84CE0544249533EF00FE12BB /* AppDelegate.swift */ = {isa = PBXFileReference; lastKnownFileType = sourcecode.swift; path = AppDelegate.swift; sourceTree = "<group>"; };
		84CE0547249533EF00FE12BB /* Test2.xcdatamodel */ = {isa = PBXFileReference; lastKnownFileType = wrapper.xcdatamodel; path = Test2.xcdatamodel; sourceTree = "<group>"; };
		84CE0549249533EF00FE12BB /* SceneDelegate.swift */ = {isa = PBXFileReference; lastKnownFileType = sourcecode.swift; path = SceneDelegate.swift; sourceTree = "<group>"; };
		84CE054B249533EF00FE12BB /* Event.swift */ = {isa = PBXFileReference; lastKnownFileType = sourcecode.swift; path = Event.swift; sourceTree = "<group>"; };
		84CE054D249533EF00FE12BB /* ContentView.swift */ = {isa = PBXFileReference; lastKnownFileType = sourcecode.swift; path = ContentView.swift; sourceTree = "<group>"; };
		84CE054F249533EF00FE12BB /* Assets.xcassets */ = {isa = PBXFileReference; lastKnownFileType = folder.assetcatalog; path = Assets.xcassets; sourceTree = "<group>"; };
		84CE0552249533EF00FE12BB /* Preview Assets.xcassets */ = {isa = PBXFileReference; lastKnownFileType = folder.assetcatalog; path = "Preview Assets.xcassets"; sourceTree = "<group>"; };
		84CE0555249533EF00FE12BB /* Base */ = {isa = PBXFileReference; lastKnownFileType = file.storyboard; name = Base; path = Base.lproj/LaunchScreen.storyboard; sourceTree = "<group>"; };
		84CE0557249533EF00FE12BB /* Info.plist */ = {isa = PBXFileReference; lastKnownFileType = text.plist.xml; path = Info.plist; sourceTree = "<group>"; };
		84CE055C249533F000FE12BB /* Test2Tests.xctest */ = {isa = PBXFileReference; explicitFileType = wrapper.cfbundle; includeInIndex = 0; path = Test2Tests.xctest; sourceTree = BUILT_PRODUCTS_DIR; };
		84CE0560249533F000FE12BB /* Test2Tests.swift */ = {isa = PBXFileReference; lastKnownFileType = sourcecode.swift; path = Test2Tests.swift; sourceTree = "<group>"; };
		84CE0562249533F000FE12BB /* Info.plist */ = {isa = PBXFileReference; lastKnownFileType = text.plist.xml; path = Info.plist; sourceTree = "<group>"; };
		84CE0567249533F000FE12BB /* Test2UITests.xctest */ = {isa = PBXFileReference; explicitFileType = wrapper.cfbundle; includeInIndex = 0; path = Test2UITests.xctest; sourceTree = BUILT_PRODUCTS_DIR; };
		84CE056B249533F000FE12BB /* Test2UITests.swift */ = {isa = PBXFileReference; lastKnownFileType = sourcecode.swift; path = Test2UITests.swift; sourceTree = "<group>"; };
		84CE056D249533F000FE12BB /* Info.plist */ = {isa = PBXFileReference; lastKnownFileType = text.plist.xml; path = Info.plist; sourceTree = "<group>"; };
/* End PBXFileReference section */

/* Begin PBXFrameworksBuildPhase section */
		84CE053E249533EF00FE12BB /* Frameworks */ = {
			isa = PBXFrameworksBuildPhase;
			buildActionMask = 2147483647;
			files = (
			);
			runOnlyForDeploymentPostprocessing = 0;
		};
		84CE0559249533F000FE12BB /* Frameworks */ = {
			isa = PBXFrameworksBuildPhase;
			buildActionMask = 2147483647;
			files = (
			);
			runOnlyForDeploymentPostprocessing = 0;
		};
		84CE0564249533F000FE12BB /* Frameworks */ = {
			isa = PBXFrameworksBuildPhase;
			buildActionMask = 2147483647;
			files = (
			);
			runOnlyForDeploymentPostprocessing = 0;
		};
/* End PBXFrameworksBuildPhase section */

/* Begin PBXGroup section */
		84CE0538249533EF00FE12BB = {
			isa = PBXGroup;
			children = (
				84CE0543249533EF00FE12BB /* Test2 */,
				84CE055F249533F000FE12BB /* Test2Tests */,
				84CE056A249533F000FE12BB /* Test2UITests */,
				84CE0542249533EF00FE12BB /* Products */,
			);
			sourceTree = "<group>";
		};
		84CE0542249533EF00FE12BB /* Products */ = {
			isa = PBXGroup;
			children = (
				84CE0541249533EF00FE12BB /* Test2.app */,
				84CE055C249533F000FE12BB /* Test2Tests.xctest */,
				84CE0567249533F000FE12BB /* Test2UITests.xctest */,
			);
			name = Products;
			sourceTree = "<group>";
		};
		84CE0543249533EF00FE12BB /* Test2 */ = {
			isa = PBXGroup;
			children = (
				84CE0544249533EF00FE12BB /* AppDelegate.swift */,
				84CE0549249533EF00FE12BB /* SceneDelegate.swift */,
				84CE054B249533EF00FE12BB /* Event.swift */,
				84CE054D249533EF00FE12BB /* ContentView.swift */,
				84CE054F249533EF00FE12BB /* Assets.xcassets */,
				84CE0554249533EF00FE12BB /* LaunchScreen.storyboard */,
				84CE0557249533EF00FE12BB /* Info.plist */,
				84CE0546249533EF00FE12BB /* Test2.xcdatamodeld */,
				84CE0551249533EF00FE12BB /* Preview Content */,
			);
			path = Test2;
			sourceTree = "<group>";
		};
		84CE0551249533EF00FE12BB /* Preview Content */ = {
			isa = PBXGroup;
			children = (
				84CE0552249533EF00FE12BB /* Preview Assets.xcassets */,
			);
			path = "Preview Content";
			sourceTree = "<group>";
		};
		84CE055F249533F000FE12BB /* Test2Tests */ = {
			isa = PBXGroup;
			children = (
				84CE0560249533F000FE12BB /* Test2Tests.swift */,
				84CE0562249533F000FE12BB /* Info.plist */,
			);
			path = Test2Tests;
			sourceTree = "<group>";
		};
		84CE056A249533F000FE12BB /* Test2UITests */ = {
			isa = PBXGroup;
			children = (
				84CE056B249533F000FE12BB /* Test2UITests.swift */,
				84CE056D249533F000FE12BB /* Info.plist */,
			);
			path = Test2UITests;
			sourceTree = "<group>";
		};
/* End PBXGroup section */

/* Begin PBXNativeTarget section */
		84CE0540249533EF00FE12BB /* Test2 */ = {
			isa = PBXNativeTarget;
			buildConfigurationList = 84CE0570249533F000FE12BB /* Build configuration list for PBXNativeTarget "Test2" */;
			buildPhases = (
				84CE053D249533EF00FE12BB /* Sources */,
				84CE053E249533EF00FE12BB /* Frameworks */,
				84CE053F249533EF00FE12BB /* Resources */,
			);
			buildRules = (
			);
			dependencies = (
			);
			name = Test2;
			productName = Test2;
			productReference = 84CE0541249533EF00FE12BB /* Test2.app */;
			productType = "com.apple.product-type.application";
		};
		84CE055B249533F000FE12BB /* Test2Tests */ = {
			isa = PBXNativeTarget;
			buildConfigurationList = 84CE0573249533F000FE12BB /* Build configuration list for PBXNativeTarget "Test2Tests" */;
			buildPhases = (
				84CE0558249533F000FE12BB /* Sources */,
				84CE0559249533F000FE12BB /* Frameworks */,
				84CE055A249533F000FE12BB /* Resources */,
			);
			buildRules = (
			);
			dependencies = (
				84CE055E249533F000FE12BB /* PBXTargetDependency */,
			);
			name = Test2Tests;
			productName = Test2Tests;
			productReference = 84CE055C249533F000FE12BB /* Test2Tests.xctest */;
			productType = "com.apple.product-type.bundle.unit-test";
		};
		84CE0566249533F000FE12BB /* Test2UITests */ = {
			isa = PBXNativeTarget;
			buildConfigurationList = 84CE0576249533F000FE12BB /* Build configuration list for PBXNativeTarget "Test2UITests" */;
			buildPhases = (
				84CE0563249533F000FE12BB /* Sources */,
				84CE0564249533F000FE12BB /* Frameworks */,
				84CE0565249533F000FE12BB /* Resources */,
			);
			buildRules = (
			);
			dependencies = (
				84CE0569249533F000FE12BB /* PBXTargetDependency */,
			);
			name = Test2UITests;
			productName = Test2UITests;
			productReference = 84CE0567249533F000FE12BB /* Test2UITests.xctest */;
			productType = "com.apple.product-type.bundle.ui-testing";
		};
/* End PBXNativeTarget section */

/* Begin PBXProject section */
		84CE0539249533EF00FE12BB /* Project object */ = {
			isa = PBXProject;
			attributes = {
				LastSwiftUpdateCheck = 1150;
				LastUpgradeCheck = 1150;
				ORGANIZATIONNAME = ChristophWeber;
				TargetAttributes = {
					84CE0540249533EF00FE12BB = {
						CreatedOnToolsVersion = 11.5;
					};
					84CE055B249533F000FE12BB = {
						CreatedOnToolsVersion = 11.5;
						TestTargetID = 84CE0540249533EF00FE12BB;
					};
					84CE0566249533F000FE12BB = {
						CreatedOnToolsVersion = 11.5;
						TestTargetID = 84CE0540249533EF00FE12BB;
					};
				};
			};
			buildConfigurationList = 84CE053C249533EF00FE12BB /* Build configuration list for PBXProject "Test2" */;
			compatibilityVersion = "Xcode 9.3";
			developmentRegion = en;
			hasScannedForEncodings = 0;
			knownRegions = (
				en,
				Base,
			);
			mainGroup = 84CE0538249533EF00FE12BB;
			productRefGroup = 84CE0542249533EF00FE12BB /* Products */;
			projectDirPath = "";
			projectRoot = "";
			targets = (
				84CE0540249533EF00FE12BB /* Test2 */,
				84CE055B249533F000FE12BB /* Test2Tests */,
				84CE0566249533F000FE12BB /* Test2UITests */,
			);
		};
/* End PBXProject section */

/* Begin PBXResourcesBuildPhase section */
		84CE053F249533EF00FE12BB /* Resources */ = {
			isa = PBXResourcesBuildPhase;
			buildActionMask = 2147483647;
			files = (
				84CE0556249533EF00FE12BB /* LaunchScreen.storyboard in Resources */,
				84CE0553249533EF00FE12BB /* Preview Assets.xcassets in Resources */,
				84CE0550249533EF00FE12BB /* Assets.xcassets in Resources */,
			);
			runOnlyForDeploymentPostprocessing = 0;
		};
		84CE055A249533F000FE12BB /* Resources */ = {
			isa = PBXResourcesBuildPhase;
			buildActionMask = 2147483647;
			files = (
			);
			runOnlyForDeploymentPostprocessing = 0;
		};
		84CE0565249533F000FE12BB /* Resources */ = {
			isa = PBXResourcesBuildPhase;
			buildActionMask = 2147483647;
			files = (
			);
			runOnlyForDeploymentPostprocessing = 0;
		};
/* End PBXResourcesBuildPhase section */

/* Begin PBXSourcesBuildPhase section */
		84CE053D249533EF00FE12BB /* Sources */ = {
			isa = PBXSourcesBuildPhase;
			buildActionMask = 2147483647;
			files = (
				84CE054C249533EF00FE12BB /* Event.swift in Sources */,
				84CE054E249533EF00FE12BB /* ContentView.swift in Sources */,
				84CE0548249533EF00FE12BB /* Test2.xcdatamodeld in Sources */,
				84CE0545249533EF00FE12BB /* AppDelegate.swift in Sources */,
				84CE054A249533EF00FE12BB /* SceneDelegate.swift in Sources */,
			);
			runOnlyForDeploymentPostprocessing = 0;
		};
		84CE0558249533F000FE12BB /* Sources */ = {
			isa = PBXSourcesBuildPhase;
			buildActionMask = 2147483647;
			files = (
				84CE0561249533F000FE12BB /* Test2Tests.swift in Sources */,
			);
			runOnlyForDeploymentPostprocessing = 0;
		};
		84CE0563249533F000FE12BB /* Sources */ = {
			isa = PBXSourcesBuildPhase;
			buildActionMask = 2147483647;
			files = (
				84CE056C249533F000FE12BB /* Test2UITests.swift in Sources */,
			);
			runOnlyForDeploymentPostprocessing = 0;
		};
/* End PBXSourcesBuildPhase section */

/* Begin PBXTargetDependency section */
		84CE055E249533F000FE12BB /* PBXTargetDependency */ = {
			isa = PBXTargetDependency;
			target = 84CE0540249533EF00FE12BB /* Test2 */;
			targetProxy = 84CE055D249533F000FE12BB /* PBXContainerItemProxy */;
		};
		84CE0569249533F000FE12BB /* PBXTargetDependency */ = {
			isa = PBXTargetDependency;
			target = 84CE0540249533EF00FE12BB /* Test2 */;
			targetProxy = 84CE0568249533F000FE12BB /* PBXContainerItemProxy */;
		};
/* End PBXTargetDependency section */

/* Begin PBXVariantGroup section */
		84CE0554249533EF00FE12BB /* LaunchScreen.storyboard */ = {
			isa = PBXVariantGroup;
			children = (
				84CE0555249533EF00FE12BB /* Base */,
			);
			name = LaunchScreen.storyboard;
			sourceTree = "<group>";
		};
/* End PBXVariantGroup section */

/* Begin XCBuildConfiguration section */
		84CE056E249533F000FE12BB /* Debug */ = {
			isa = XCBuildConfiguration;
			buildSettings = {
				ALWAYS_SEARCH_USER_PATHS = NO;
				CLANG_ANALYZER_NONNULL = YES;
				CLANG_ANALYZER_NUMBER_OBJECT_CONVERSION = YES_AGGRESSIVE;
				CLANG_CXX_LANGUAGE_STANDARD = "gnu++14";
				CLANG_CXX_LIBRARY = "libc++";
				CLANG_ENABLE_MODULES = YES;
				CLANG_ENABLE_OBJC_ARC = YES;
				CLANG_ENABLE_OBJC_WEAK = YES;
				CLANG_WARN_BLOCK_CAPTURE_AUTORELEASING = YES;
				CLANG_WARN_BOOL_CONVERSION = YES;
				CLANG_WARN_COMMA = YES;
				CLANG_WARN_CONSTANT_CONVERSION = YES;
				CLANG_WARN_DEPRECATED_OBJC_IMPLEMENTATIONS = YES;
				CLANG_WARN_DIRECT_OBJC_ISA_USAGE = YES_ERROR;
				CLANG_WARN_DOCUMENTATION_COMMENTS = YES;
				CLANG_WARN_EMPTY_BODY = YES;
				CLANG_WARN_ENUM_CONVERSION = YES;
				CLANG_WARN_INFINITE_RECURSION = YES;
				CLANG_WARN_INT_CONVERSION = YES;
				CLANG_WARN_NON_LITERAL_NULL_CONVERSION = YES;
				CLANG_WARN_OBJC_IMPLICIT_RETAIN_SELF = YES;
				CLANG_WARN_OBJC_LITERAL_CONVERSION = YES;
				CLANG_WARN_OBJC_ROOT_CLASS = YES_ERROR;
				CLANG_WARN_RANGE_LOOP_ANALYSIS = YES;
				CLANG_WARN_STRICT_PROTOTYPES = YES;
				CLANG_WARN_SUSPICIOUS_MOVE = YES;
				CLANG_WARN_UNGUARDED_AVAILABILITY = YES_AGGRESSIVE;
				CLANG_WARN_UNREACHABLE_CODE = YES;
				CLANG_WARN__DUPLICATE_METHOD_MATCH = YES;
				COPY_PHASE_STRIP = NO;
				DEBUG_INFORMATION_FORMAT = dwarf;
				ENABLE_STRICT_OBJC_MSGSEND = YES;
				ENABLE_TESTABILITY = YES;
				GCC_C_LANGUAGE_STANDARD = gnu11;
				GCC_DYNAMIC_NO_PIC = NO;
				GCC_NO_COMMON_BLOCKS = YES;
				GCC_OPTIMIZATION_LEVEL = 0;
				GCC_PREPROCESSOR_DEFINITIONS = (
					"DEBUG=1",
					"$(inherited)",
				);
				GCC_WARN_64_TO_32_BIT_CONVERSION = YES;
				GCC_WARN_ABOUT_RETURN_TYPE = YES_ERROR;
				GCC_WARN_UNDECLARED_SELECTOR = YES;
				GCC_WARN_UNINITIALIZED_AUTOS = YES_AGGRESSIVE;
				GCC_WARN_UNUSED_FUNCTION = YES;
				GCC_WARN_UNUSED_VARIABLE = YES;
				IPHONEOS_DEPLOYMENT_TARGET = 13.5;
				MTL_ENABLE_DEBUG_INFO = INCLUDE_SOURCE;
				MTL_FAST_MATH = YES;
				ONLY_ACTIVE_ARCH = YES;
				SDKROOT = iphoneos;
				SWIFT_ACTIVE_COMPILATION_CONDITIONS = DEBUG;
				SWIFT_OPTIMIZATION_LEVEL = "-Onone";
			};
			name = Debug;
		};
		84CE056F249533F000FE12BB /* Release */ = {
			isa = XCBuildConfiguration;
			buildSettings = {
				ALWAYS_SEARCH_USER_PATHS = NO;
				CLANG_ANALYZER_NONNULL = YES;
				CLANG_ANALYZER_NUMBER_OBJECT_CONVERSION = YES_AGGRESSIVE;
				CLANG_CXX_LANGUAGE_STANDARD = "gnu++14";
				CLANG_CXX_LIBRARY = "libc++";
				CLANG_ENABLE_MODULES = YES;
				CLANG_ENABLE_OBJC_ARC = YES;
				CLANG_ENABLE_OBJC_WEAK = YES;
				CLANG_WARN_BLOCK_CAPTURE_AUTORELEASING = YES;
				CLANG_WARN_BOOL_CONVERSION = YES;
				CLANG_WARN_COMMA = YES;
				CLANG_WARN_CONSTANT_CONVERSION = YES;
				CLANG_WARN_DEPRECATED_OBJC_IMPLEMENTATIONS = YES;
				CLANG_WARN_DIRECT_OBJC_ISA_USAGE = YES_ERROR;
				CLANG_WARN_DOCUMENTATION_COMMENTS = YES;
				CLANG_WARN_EMPTY_BODY = YES;
				CLANG_WARN_ENUM_CONVERSION = YES;
				CLANG_WARN_INFINITE_RECURSION = YES;
				CLANG_WARN_INT_CONVERSION = YES;
				CLANG_WARN_NON_LITERAL_NULL_CONVERSION = YES;
				CLANG_WARN_OBJC_IMPLICIT_RETAIN_SELF = YES;
				CLANG_WARN_OBJC_LITERAL_CONVERSION = YES;
				CLANG_WARN_OBJC_ROOT_CLASS = YES_ERROR;
				CLANG_WARN_RANGE_LOOP_ANALYSIS = YES;
				CLANG_WARN_STRICT_PROTOTYPES = YES;
				CLANG_WARN_SUSPICIOUS_MOVE = YES;
				CLANG_WARN_UNGUARDED_AVAILABILITY = YES_AGGRESSIVE;
				CLANG_WARN_UNREACHABLE_CODE = YES;
				CLANG_WARN__DUPLICATE_METHOD_MATCH = YES;
				COPY_PHASE_STRIP = NO;
				DEBUG_INFORMATION_FORMAT = "dwarf-with-dsym";
				ENABLE_NS_ASSERTIONS = NO;
				ENABLE_STRICT_OBJC_MSGSEND = YES;
				GCC_C_LANGUAGE_STANDARD = gnu11;
				GCC_NO_COMMON_BLOCKS = YES;
				GCC_WARN_64_TO_32_BIT_CONVERSION = YES;
				GCC_WARN_ABOUT_RETURN_TYPE = YES_ERROR;
				GCC_WARN_UNDECLARED_SELECTOR = YES;
				GCC_WARN_UNINITIALIZED_AUTOS = YES_AGGRESSIVE;
				GCC_WARN_UNUSED_FUNCTION = YES;
				GCC_WARN_UNUSED_VARIABLE = YES;
				IPHONEOS_DEPLOYMENT_TARGET = 13.5;
				MTL_ENABLE_DEBUG_INFO = NO;
				MTL_FAST_MATH = YES;
				SDKROOT = iphoneos;
				SWIFT_COMPILATION_MODE = wholemodule;
				SWIFT_OPTIMIZATION_LEVEL = "-O";
				VALIDATE_PRODUCT = YES;
			};
			name = Release;
		};
		84CE0571249533F000FE12BB /* Debug */ = {
			isa = XCBuildConfiguration;
			buildSettings = {
				ASSETCATALOG_COMPILER_APPICON_NAME = AppIcon;
				CODE_SIGN_STYLE = Automatic;
				DEVELOPMENT_ASSET_PATHS = "\"Test2/Preview Content\"";
				DEVELOPMENT_TEAM = XG9N63BT3R;
				ENABLE_PREVIEWS = YES;
				INFOPLIST_FILE = Test2/Info.plist;
				LD_RUNPATH_SEARCH_PATHS = (
					"$(inherited)",
					"@executable_path/Frameworks",
				);
				PRODUCT_BUNDLE_IDENTIFIER = piose.eleven.Test2;
				PRODUCT_NAME = "$(TARGET_NAME)";
				SWIFT_VERSION = 5.0;
				TARGETED_DEVICE_FAMILY = "1,2";
			};
			name = Debug;
		};
		84CE0572249533F000FE12BB /* Release */ = {
			isa = XCBuildConfiguration;
			buildSettings = {
				ASSETCATALOG_COMPILER_APPICON_NAME = AppIcon;
				CODE_SIGN_STYLE = Automatic;
				DEVELOPMENT_ASSET_PATHS = "\"Test2/Preview Content\"";
				DEVELOPMENT_TEAM = XG9N63BT3R;
				ENABLE_PREVIEWS = YES;
				INFOPLIST_FILE = Test2/Info.plist;
				LD_RUNPATH_SEARCH_PATHS = (
					"$(inherited)",
					"@executable_path/Frameworks",
				);
				PRODUCT_BUNDLE_IDENTIFIER = piose.eleven.Test2;
				PRODUCT_NAME = "$(TARGET_NAME)";
				SWIFT_VERSION = 5.0;
				TARGETED_DEVICE_FAMILY = "1,2";
			};
			name = Release;
		};
		84CE0574249533F000FE12BB /* Debug */ = {
			isa = XCBuildConfiguration;
			buildSettings = {
				ALWAYS_EMBED_SWIFT_STANDARD_LIBRARIES = YES;
				BUNDLE_LOADER = "$(TEST_HOST)";
				CODE_SIGN_STYLE = Automatic;
				DEVELOPMENT_TEAM = XG9N63BT3R;
				INFOPLIST_FILE = Test2Tests/Info.plist;
				IPHONEOS_DEPLOYMENT_TARGET = 13.5;
				LD_RUNPATH_SEARCH_PATHS = (
					"$(inherited)",
					"@executable_path/Frameworks",
					"@loader_path/Frameworks",
				);
				PRODUCT_BUNDLE_IDENTIFIER = piose.eleven.Test2Tests;
				PRODUCT_NAME = "$(TARGET_NAME)";
				SWIFT_VERSION = 5.0;
				TARGETED_DEVICE_FAMILY = "1,2";
				TEST_HOST = "$(BUILT_PRODUCTS_DIR)/Test2.app/Test2";
			};
			name = Debug;
		};
		84CE0575249533F000FE12BB /* Release */ = {
			isa = XCBuildConfiguration;
			buildSettings = {
				ALWAYS_EMBED_SWIFT_STANDARD_LIBRARIES = YES;
				BUNDLE_LOADER = "$(TEST_HOST)";
				CODE_SIGN_STYLE = Automatic;
				DEVELOPMENT_TEAM = XG9N63BT3R;
				INFOPLIST_FILE = Test2Tests/Info.plist;
				IPHONEOS_DEPLOYMENT_TARGET = 13.5;
				LD_RUNPATH_SEARCH_PATHS = (
					"$(inherited)",
					"@executable_path/Frameworks",
					"@loader_path/Frameworks",
				);
				PRODUCT_BUNDLE_IDENTIFIER = piose.eleven.Test2Tests;
				PRODUCT_NAME = "$(TARGET_NAME)";
				SWIFT_VERSION = 5.0;
				TARGETED_DEVICE_FAMILY = "1,2";
				TEST_HOST = "$(BUILT_PRODUCTS_DIR)/Test2.app/Test2";
			};
			name = Release;
		};
		84CE0577249533F000FE12BB /* Debug */ = {
			isa = XCBuildConfiguration;
			buildSettings = {
				ALWAYS_EMBED_SWIFT_STANDARD_LIBRARIES = YES;
				CODE_SIGN_STYLE = Automatic;
				DEVELOPMENT_TEAM = XG9N63BT3R;
				INFOPLIST_FILE = Test2UITests/Info.plist;
				LD_RUNPATH_SEARCH_PATHS = (
					"$(inherited)",
					"@executable_path/Frameworks",
					"@loader_path/Frameworks",
				);
				PRODUCT_BUNDLE_IDENTIFIER = piose.eleven.Test2UITests;
				PRODUCT_NAME = "$(TARGET_NAME)";
				SWIFT_VERSION = 5.0;
				TARGETED_DEVICE_FAMILY = "1,2";
				TEST_TARGET_NAME = Test2;
			};
			name = Debug;
		};
		84CE0578249533F000FE12BB /* Release */ = {
			isa = XCBuildConfiguration;
			buildSettings = {
				ALWAYS_EMBED_SWIFT_STANDARD_LIBRARIES = YES;
				CODE_SIGN_STYLE = Automatic;
				DEVELOPMENT_TEAM = XG9N63BT3R;
				INFOPLIST_FILE = Test2UITests/Info.plist;
				LD_RUNPATH_SEARCH_PATHS = (
					"$(inherited)",
					"@executable_path/Frameworks",
					"@loader_path/Frameworks",
				);
				PRODUCT_BUNDLE_IDENTIFIER = piose.eleven.Test2UITests;
				PRODUCT_NAME = "$(TARGET_NAME)";
				SWIFT_VERSION = 5.0;
				TARGETED_DEVICE_FAMILY = "1,2";
				TEST_TARGET_NAME = Test2;
			};
			name = Release;
		};
/* End XCBuildConfiguration section */

/* Begin XCConfigurationList section */
		84CE053C249533EF00FE12BB /* Build configuration list for PBXProject "Test2" */ = {
			isa = XCConfigurationList;
			buildConfigurations = (
				84CE056E249533F000FE12BB /* Debug */,
				84CE056F249533F000FE12BB /* Release */,
			);
			defaultConfigurationIsVisible = 0;
			defaultConfigurationName = Release;
		};
		84CE0570249533F000FE12BB /* Build configuration list for PBXNativeTarget "Test2" */ = {
			isa = XCConfigurationList;
			buildConfigurations = (
				84CE0571249533F000FE12BB /* Debug */,
				84CE0572249533F000FE12BB /* Release */,
			);
			defaultConfigurationIsVisible = 0;
			defaultConfigurationName = Release;
		};
		84CE0573249533F000FE12BB /* Build configuration list for PBXNativeTarget "Test2Tests" */ = {
			isa = XCConfigurationList;
			buildConfigurations = (
				84CE0574249533F000FE12BB /* Debug */,
				84CE0575249533F000FE12BB /* Release */,
			);
			defaultConfigurationIsVisible = 0;
			defaultConfigurationName = Release;
		};
		84CE0576249533F000FE12BB /* Build configuration list for PBXNativeTarget "Test2UITests" */ = {
			isa = XCConfigurationList;
			buildConfigurations = (
				84CE0577249533F000FE12BB /* Debug */,
				84CE0578249533F000FE12BB /* Release */,
			);
			defaultConfigurationIsVisible = 0;
			defaultConfigurationName = Release;
		};
/* End XCConfigurationList section */

/* Begin XCVersionGroup section */
		84CE0546249533EF00FE12BB /* Test2.xcdatamodeld */ = {
			isa = XCVersionGroup;
			children = (
				84CE0547249533EF00FE12BB /* Test2.xcdatamodel */,
			);
			currentVersion = 84CE0547249533EF00FE12BB /* Test2.xcdatamodel */;
			path = Test2.xcdatamodeld;
			sourceTree = "<group>";
			versionGroupType = wrapper.xcdatamodel;
		};
/* End XCVersionGroup section */
	};
	rootObject = 84CE0539249533EF00FE12BB /* Project object */;
}
